
Microsoft Visual Studio Solution File, Format Version 12.00
# Visual Studio 15
VisualStudioVersion = 15.0.27703.2042
MinimumVisualStudioVersion = 10.0.40219.1
Project("{2150E333-8FDC-42A3-9474-1A3956D46DE8}") = "Implementation", "Implementation", "{FD531B3D-9779-4DAF-BCE8-FF3D45FEAF3C}"
EndProject
Project("{2150E333-8FDC-42A3-9474-1A3956D46DE8}") = "Tests", "Tests", "{0AE48BF2-B10C-4535-9AAC-C400698CA662}"
EndProject
Project("{2150E333-8FDC-42A3-9474-1A3956D46DE8}") = "Solution Items", "Solution Items", "{5103E9CD-6A2A-4AD0-B4D1-B57504261FCF}"
	ProjectSection(SolutionItems) = preProject
		License.txt = License.txt
		SharedAssemblyInfo.cs = SharedAssemblyInfo.cs
		TestSettings1.testsettings = TestSettings1.testsettings
	EndProjectSection
EndProject
Project("{2150E333-8FDC-42A3-9474-1A3956D46DE8}") = "References", "References", "{34D6B17C-7F83-4BD1-AC31-6E04660C876E}"
EndProject
Project("{2150E333-8FDC-42A3-9474-1A3956D46DE8}") = "NuGet", "NuGet", "{23A2FAA9-E51F-4479-BF2A-77E930A6A5BD}"
EndProject
Project("{FAE04EC0-301F-11D3-BF4B-00C04F79EFBC}") = "DataAccess.SqlServer", "DataAccess.SqlServer\DataAccess.SqlServer.csproj", "{A31F417E-791C-4374-B6D3-785B6C24A133}"
EndProject
Project("{FAE04EC0-301F-11D3-BF4B-00C04F79EFBC}") = "DataAccess.Core", "DataAccess.Core\DataAccess.Core.csproj", "{816B0F31-AC67-4646-A26B-C0D519D65ED6}"
EndProject
Project("{FAE04EC0-301F-11D3-BF4B-00C04F79EFBC}") = "DataAccess.MySql", "DataAccess.MySql\DataAccess.MySql.csproj", "{BC486641-E761-48CE-B9A4-F4DBB9E3C6CD}"
EndProject
Project("{FAE04EC0-301F-11D3-BF4B-00C04F79EFBC}") = "DataAccess.SQLite", "DataAccess.SQLite\DataAccess.SQLite.csproj", "{B78C7FC2-857C-4049-9A08-E1FFC8E44E2F}"
EndProject
Project("{FAE04EC0-301F-11D3-BF4B-00C04F79EFBC}") = "DataAccess.PostgreSQL", "DataAccess.PostgreSQL\DataAccess.PostgreSQL.csproj", "{F39DD494-29EF-4F9C-BA62-8DBC5BF25A36}"
EndProject
Project("{FAE04EC0-301F-11D3-BF4B-00C04F79EFBC}") = "DataAccess.DatabaseTests", "DataAccess.DatabaseTests\DataAccess.DatabaseTests.csproj", "{563BA308-B3A8-43C7-BEE7-1914A12ACB44}"
EndProject
Project("{FAE04EC0-301F-11D3-BF4B-00C04F79EFBC}") = "PerformanceHarness", "PerformanceHarness\PerformanceHarness.csproj", "{521672C1-D9CB-40C3-A773-353DF371C13B}"
EndProject
Project("{FAE04EC0-301F-11D3-BF4B-00C04F79EFBC}") = "NuGetPackages", "NuGetPackages\NuGetPackages.csproj", "{82DFA36E-87D4-4FFB-955F-E3E82D0F3A60}"
EndProject
Project("{FAE04EC0-301F-11D3-BF4B-00C04F79EFBC}") = "DataAccess.Advantage", "DataAccess.Advantage\DataAccess.Advantage.csproj", "{FEE1249B-7A44-4728-AF81-A27D82B480B3}"
EndProject
Project("{FAE04EC0-301F-11D3-BF4B-00C04F79EFBC}") = "DataAccess.Migrations", "DataAccess.Migrations\DataAccess.Migrations.csproj", "{6E738CC6-5B6F-4D8A-988A-4A66A2D74BF2}"
EndProject
Project("{FAE04EC0-301F-11D3-BF4B-00C04F79EFBC}") = "Migrations", "Migrations\Migrations.csproj", "{E8458408-1810-46AF-81AF-2717C7BBB688}"
EndProject
Project("{FAE04EC0-301F-11D3-BF4B-00C04F79EFBC}") = "DataAccess.SqlAzure", "DataAccess.SqlAzure\DataAccess.SqlAzure.csproj", "{57139405-3A84-4D2A-B540-89FDCC61EA9F}"
EndProject
Global
	GlobalSection(SolutionConfigurationPlatforms) = preSolution
		Debug|Any CPU = Debug|Any CPU
		Debug|iPhone = Debug|iPhone
		Debug|iPhoneSimulator = Debug|iPhoneSimulator
		Debug|Mixed Platforms = Debug|Mixed Platforms
		Debug|x86 = Debug|x86
		MONO|Any CPU = MONO|Any CPU
		MONO|iPhone = MONO|iPhone
		MONO|iPhoneSimulator = MONO|iPhoneSimulator
		MONO|Mixed Platforms = MONO|Mixed Platforms
		MONO|x86 = MONO|x86
		PlublishWithSymbolsNoTestsNoAddin|Any CPU = PlublishWithSymbolsNoTestsNoAddin|Any CPU
		PlublishWithSymbolsNoTestsNoAddin|iPhone = PlublishWithSymbolsNoTestsNoAddin|iPhone
		PlublishWithSymbolsNoTestsNoAddin|iPhoneSimulator = PlublishWithSymbolsNoTestsNoAddin|iPhoneSimulator
		PlublishWithSymbolsNoTestsNoAddin|Mixed Platforms = PlublishWithSymbolsNoTestsNoAddin|Mixed Platforms
		PlublishWithSymbolsNoTestsNoAddin|x86 = PlublishWithSymbolsNoTestsNoAddin|x86
		PublishWithSymbols|Any CPU = PublishWithSymbols|Any CPU
		PublishWithSymbols|iPhone = PublishWithSymbols|iPhone
		PublishWithSymbols|iPhoneSimulator = PublishWithSymbols|iPhoneSimulator
		PublishWithSymbols|Mixed Platforms = PublishWithSymbols|Mixed Platforms
		PublishWithSymbols|x86 = PublishWithSymbols|x86
		PublishWithSymbolsNoTests|Any CPU = PublishWithSymbolsNoTests|Any CPU
		PublishWithSymbolsNoTests|iPhone = PublishWithSymbolsNoTests|iPhone
		PublishWithSymbolsNoTests|iPhoneSimulator = PublishWithSymbolsNoTests|iPhoneSimulator
		PublishWithSymbolsNoTests|Mixed Platforms = PublishWithSymbolsNoTests|Mixed Platforms
		PublishWithSymbolsNoTests|x86 = PublishWithSymbolsNoTests|x86
		PublishWithSymbolsWithoutTests|Any CPU = PublishWithSymbolsWithoutTests|Any CPU
		PublishWithSymbolsWithoutTests|iPhone = PublishWithSymbolsWithoutTests|iPhone
		PublishWithSymbolsWithoutTests|iPhoneSimulator = PublishWithSymbolsWithoutTests|iPhoneSimulator
		PublishWithSymbolsWithoutTests|Mixed Platforms = PublishWithSymbolsWithoutTests|Mixed Platforms
		PublishWithSymbolsWithoutTests|x86 = PublishWithSymbolsWithoutTests|x86
		Release|Any CPU = Release|Any CPU
		Release|iPhone = Release|iPhone
		Release|iPhoneSimulator = Release|iPhoneSimulator
		Release|Mixed Platforms = Release|Mixed Platforms
		Release|x86 = Release|x86
	EndGlobalSection
	GlobalSection(ProjectConfigurationPlatforms) = postSolution
		{A31F417E-791C-4374-B6D3-785B6C24A133}.Debug|Any CPU.ActiveCfg = Debug|Any CPU
		{A31F417E-791C-4374-B6D3-785B6C24A133}.Debug|Any CPU.Build.0 = Debug|Any CPU
		{A31F417E-791C-4374-B6D3-785B6C24A133}.Debug|iPhone.ActiveCfg = Debug|Any CPU
		{A31F417E-791C-4374-B6D3-785B6C24A133}.Debug|iPhoneSimulator.ActiveCfg = Debug|Any CPU
		{A31F417E-791C-4374-B6D3-785B6C24A133}.Debug|Mixed Platforms.ActiveCfg = Debug|Any CPU
		{A31F417E-791C-4374-B6D3-785B6C24A133}.Debug|Mixed Platforms.Build.0 = Debug|Any CPU
		{A31F417E-791C-4374-B6D3-785B6C24A133}.Debug|x86.ActiveCfg = Debug|Any CPU
		{A31F417E-791C-4374-B6D3-785B6C24A133}.MONO|Any CPU.ActiveCfg = MONO|Any CPU
		{A31F417E-791C-4374-B6D3-785B6C24A133}.MONO|iPhone.ActiveCfg = MONO|Any CPU
		{A31F417E-791C-4374-B6D3-785B6C24A133}.MONO|iPhoneSimulator.ActiveCfg = MONO|Any CPU
		{A31F417E-791C-4374-B6D3-785B6C24A133}.MONO|Mixed Platforms.ActiveCfg = MONO|Any CPU
		{A31F417E-791C-4374-B6D3-785B6C24A133}.MONO|Mixed Platforms.Build.0 = MONO|Any CPU
		{A31F417E-791C-4374-B6D3-785B6C24A133}.MONO|x86.ActiveCfg = MONO|Any CPU
		{A31F417E-791C-4374-B6D3-785B6C24A133}.PlublishWithSymbolsNoTestsNoAddin|Any CPU.ActiveCfg = PlublishWithSymbolsNoTestsNoAddin|Any CPU
		{A31F417E-791C-4374-B6D3-785B6C24A133}.PlublishWithSymbolsNoTestsNoAddin|Any CPU.Build.0 = PlublishWithSymbolsNoTestsNoAddin|Any CPU
		{A31F417E-791C-4374-B6D3-785B6C24A133}.PlublishWithSymbolsNoTestsNoAddin|iPhone.ActiveCfg = PlublishWithSymbolsNoTestsNoAddin|Any CPU
		{A31F417E-791C-4374-B6D3-785B6C24A133}.PlublishWithSymbolsNoTestsNoAddin|iPhoneSimulator.ActiveCfg = PlublishWithSymbolsNoTestsNoAddin|Any CPU
		{A31F417E-791C-4374-B6D3-785B6C24A133}.PlublishWithSymbolsNoTestsNoAddin|Mixed Platforms.ActiveCfg = PlublishWithSymbolsNoTestsNoAddin|Any CPU
		{A31F417E-791C-4374-B6D3-785B6C24A133}.PlublishWithSymbolsNoTestsNoAddin|Mixed Platforms.Build.0 = PlublishWithSymbolsNoTestsNoAddin|Any CPU
		{A31F417E-791C-4374-B6D3-785B6C24A133}.PlublishWithSymbolsNoTestsNoAddin|x86.ActiveCfg = PlublishWithSymbolsNoTestsNoAddin|Any CPU
		{A31F417E-791C-4374-B6D3-785B6C24A133}.PublishWithSymbols|Any CPU.ActiveCfg = PublishWithSymbols|Any CPU
		{A31F417E-791C-4374-B6D3-785B6C24A133}.PublishWithSymbols|Any CPU.Build.0 = PublishWithSymbols|Any CPU
		{A31F417E-791C-4374-B6D3-785B6C24A133}.PublishWithSymbols|iPhone.ActiveCfg = PublishWithSymbols|Any CPU
		{A31F417E-791C-4374-B6D3-785B6C24A133}.PublishWithSymbols|iPhoneSimulator.ActiveCfg = PublishWithSymbols|Any CPU
		{A31F417E-791C-4374-B6D3-785B6C24A133}.PublishWithSymbols|Mixed Platforms.ActiveCfg = PublishWithSymbols|Any CPU
		{A31F417E-791C-4374-B6D3-785B6C24A133}.PublishWithSymbols|Mixed Platforms.Build.0 = PublishWithSymbols|Any CPU
		{A31F417E-791C-4374-B6D3-785B6C24A133}.PublishWithSymbols|x86.ActiveCfg = PublishWithSymbols|Any CPU
		{A31F417E-791C-4374-B6D3-785B6C24A133}.PublishWithSymbolsNoTests|Any CPU.ActiveCfg = PublishWithSymbolsNoTests|Any CPU
		{A31F417E-791C-4374-B6D3-785B6C24A133}.PublishWithSymbolsNoTests|Any CPU.Build.0 = PublishWithSymbolsNoTests|Any CPU
		{A31F417E-791C-4374-B6D3-785B6C24A133}.PublishWithSymbolsNoTests|iPhone.ActiveCfg = PublishWithSymbolsNoTests|Any CPU
		{A31F417E-791C-4374-B6D3-785B6C24A133}.PublishWithSymbolsNoTests|iPhone.Build.0 = PublishWithSymbolsNoTests|Any CPU
		{A31F417E-791C-4374-B6D3-785B6C24A133}.PublishWithSymbolsNoTests|iPhoneSimulator.ActiveCfg = PublishWithSymbolsNoTests|Any CPU
		{A31F417E-791C-4374-B6D3-785B6C24A133}.PublishWithSymbolsNoTests|iPhoneSimulator.Build.0 = PublishWithSymbolsNoTests|Any CPU
		{A31F417E-791C-4374-B6D3-785B6C24A133}.PublishWithSymbolsNoTests|Mixed Platforms.ActiveCfg = PublishWithSymbolsNoTests|Any CPU
		{A31F417E-791C-4374-B6D3-785B6C24A133}.PublishWithSymbolsNoTests|Mixed Platforms.Build.0 = PublishWithSymbolsNoTests|Any CPU
		{A31F417E-791C-4374-B6D3-785B6C24A133}.PublishWithSymbolsNoTests|x86.ActiveCfg = PublishWithSymbolsNoTests|Any CPU
		{A31F417E-791C-4374-B6D3-785B6C24A133}.PublishWithSymbolsNoTests|x86.Build.0 = PublishWithSymbolsNoTests|Any CPU
		{A31F417E-791C-4374-B6D3-785B6C24A133}.PublishWithSymbolsWithoutTests|Any CPU.ActiveCfg = PublishWithSymbolsWithoutTests|Any CPU
		{A31F417E-791C-4374-B6D3-785B6C24A133}.PublishWithSymbolsWithoutTests|Any CPU.Build.0 = PublishWithSymbolsWithoutTests|Any CPU
		{A31F417E-791C-4374-B6D3-785B6C24A133}.PublishWithSymbolsWithoutTests|iPhone.ActiveCfg = PublishWithSymbolsWithoutTests|Any CPU
		{A31F417E-791C-4374-B6D3-785B6C24A133}.PublishWithSymbolsWithoutTests|iPhone.Build.0 = PublishWithSymbolsWithoutTests|Any CPU
		{A31F417E-791C-4374-B6D3-785B6C24A133}.PublishWithSymbolsWithoutTests|iPhoneSimulator.ActiveCfg = PublishWithSymbolsWithoutTests|Any CPU
		{A31F417E-791C-4374-B6D3-785B6C24A133}.PublishWithSymbolsWithoutTests|iPhoneSimulator.Build.0 = PublishWithSymbolsWithoutTests|Any CPU
		{A31F417E-791C-4374-B6D3-785B6C24A133}.PublishWithSymbolsWithoutTests|Mixed Platforms.ActiveCfg = PublishWithSymbolsWithoutTests|Any CPU
		{A31F417E-791C-4374-B6D3-785B6C24A133}.PublishWithSymbolsWithoutTests|Mixed Platforms.Build.0 = PublishWithSymbolsWithoutTests|Any CPU
		{A31F417E-791C-4374-B6D3-785B6C24A133}.PublishWithSymbolsWithoutTests|x86.ActiveCfg = PublishWithSymbolsWithoutTests|Any CPU
		{A31F417E-791C-4374-B6D3-785B6C24A133}.PublishWithSymbolsWithoutTests|x86.Build.0 = PublishWithSymbolsWithoutTests|Any CPU
		{A31F417E-791C-4374-B6D3-785B6C24A133}.Release|Any CPU.ActiveCfg = Release|Any CPU
		{A31F417E-791C-4374-B6D3-785B6C24A133}.Release|Any CPU.Build.0 = Release|Any CPU
		{A31F417E-791C-4374-B6D3-785B6C24A133}.Release|iPhone.ActiveCfg = Release|Any CPU
		{A31F417E-791C-4374-B6D3-785B6C24A133}.Release|iPhoneSimulator.ActiveCfg = Release|Any CPU
		{A31F417E-791C-4374-B6D3-785B6C24A133}.Release|Mixed Platforms.ActiveCfg = Release|Any CPU
		{A31F417E-791C-4374-B6D3-785B6C24A133}.Release|Mixed Platforms.Build.0 = Release|Any CPU
		{A31F417E-791C-4374-B6D3-785B6C24A133}.Release|x86.ActiveCfg = Release|Any CPU
		{816B0F31-AC67-4646-A26B-C0D519D65ED6}.Debug|Any CPU.ActiveCfg = Debug|Any CPU
		{816B0F31-AC67-4646-A26B-C0D519D65ED6}.Debug|Any CPU.Build.0 = Debug|Any CPU
		{816B0F31-AC67-4646-A26B-C0D519D65ED6}.Debug|iPhone.ActiveCfg = Debug|Any CPU
		{816B0F31-AC67-4646-A26B-C0D519D65ED6}.Debug|iPhoneSimulator.ActiveCfg = Debug|Any CPU
		{816B0F31-AC67-4646-A26B-C0D519D65ED6}.Debug|Mixed Platforms.ActiveCfg = Debug|Any CPU
		{816B0F31-AC67-4646-A26B-C0D519D65ED6}.Debug|Mixed Platforms.Build.0 = Debug|Any CPU
		{816B0F31-AC67-4646-A26B-C0D519D65ED6}.Debug|x86.ActiveCfg = Debug|Any CPU
		{816B0F31-AC67-4646-A26B-C0D519D65ED6}.MONO|Any CPU.ActiveCfg = MONO|Any CPU
		{816B0F31-AC67-4646-A26B-C0D519D65ED6}.MONO|Any CPU.Build.0 = MONO|Any CPU
		{816B0F31-AC67-4646-A26B-C0D519D65ED6}.MONO|iPhone.ActiveCfg = MONO|Any CPU
		{816B0F31-AC67-4646-A26B-C0D519D65ED6}.MONO|iPhoneSimulator.ActiveCfg = MONO|Any CPU
		{816B0F31-AC67-4646-A26B-C0D519D65ED6}.MONO|Mixed Platforms.ActiveCfg = MONO|Any CPU
		{816B0F31-AC67-4646-A26B-C0D519D65ED6}.MONO|Mixed Platforms.Build.0 = MONO|Any CPU
		{816B0F31-AC67-4646-A26B-C0D519D65ED6}.MONO|x86.ActiveCfg = MONO|Any CPU
		{816B0F31-AC67-4646-A26B-C0D519D65ED6}.PlublishWithSymbolsNoTestsNoAddin|Any CPU.ActiveCfg = PlublishWithSymbolsNoTestsNoAddin|Any CPU
		{816B0F31-AC67-4646-A26B-C0D519D65ED6}.PlublishWithSymbolsNoTestsNoAddin|Any CPU.Build.0 = PlublishWithSymbolsNoTestsNoAddin|Any CPU
		{816B0F31-AC67-4646-A26B-C0D519D65ED6}.PlublishWithSymbolsNoTestsNoAddin|iPhone.ActiveCfg = PlublishWithSymbolsNoTestsNoAddin|Any CPU
		{816B0F31-AC67-4646-A26B-C0D519D65ED6}.PlublishWithSymbolsNoTestsNoAddin|iPhoneSimulator.ActiveCfg = PlublishWithSymbolsNoTestsNoAddin|Any CPU
		{816B0F31-AC67-4646-A26B-C0D519D65ED6}.PlublishWithSymbolsNoTestsNoAddin|Mixed Platforms.ActiveCfg = PlublishWithSymbolsNoTestsNoAddin|Any CPU
		{816B0F31-AC67-4646-A26B-C0D519D65ED6}.PlublishWithSymbolsNoTestsNoAddin|Mixed Platforms.Build.0 = PlublishWithSymbolsNoTestsNoAddin|Any CPU
		{816B0F31-AC67-4646-A26B-C0D519D65ED6}.PlublishWithSymbolsNoTestsNoAddin|x86.ActiveCfg = PlublishWithSymbolsNoTestsNoAddin|Any CPU
		{816B0F31-AC67-4646-A26B-C0D519D65ED6}.PublishWithSymbols|Any CPU.ActiveCfg = PublishWithSymbols|Any CPU
		{816B0F31-AC67-4646-A26B-C0D519D65ED6}.PublishWithSymbols|Any CPU.Build.0 = PublishWithSymbols|Any CPU
		{816B0F31-AC67-4646-A26B-C0D519D65ED6}.PublishWithSymbols|iPhone.ActiveCfg = PublishWithSymbols|Any CPU
		{816B0F31-AC67-4646-A26B-C0D519D65ED6}.PublishWithSymbols|iPhoneSimulator.ActiveCfg = PublishWithSymbols|Any CPU
		{816B0F31-AC67-4646-A26B-C0D519D65ED6}.PublishWithSymbols|Mixed Platforms.ActiveCfg = PublishWithSymbols|Any CPU
		{816B0F31-AC67-4646-A26B-C0D519D65ED6}.PublishWithSymbols|Mixed Platforms.Build.0 = PublishWithSymbols|Any CPU
		{816B0F31-AC67-4646-A26B-C0D519D65ED6}.PublishWithSymbols|x86.ActiveCfg = PublishWithSymbols|Any CPU
		{816B0F31-AC67-4646-A26B-C0D519D65ED6}.PublishWithSymbolsNoTests|Any CPU.ActiveCfg = PublishWithSymbolsNoTests|Any CPU
		{816B0F31-AC67-4646-A26B-C0D519D65ED6}.PublishWithSymbolsNoTests|Any CPU.Build.0 = PublishWithSymbolsNoTests|Any CPU
		{816B0F31-AC67-4646-A26B-C0D519D65ED6}.PublishWithSymbolsNoTests|iPhone.ActiveCfg = PublishWithSymbolsNoTests|Any CPU
		{816B0F31-AC67-4646-A26B-C0D519D65ED6}.PublishWithSymbolsNoTests|iPhone.Build.0 = PublishWithSymbolsNoTests|Any CPU
		{816B0F31-AC67-4646-A26B-C0D519D65ED6}.PublishWithSymbolsNoTests|iPhoneSimulator.ActiveCfg = PublishWithSymbolsNoTests|Any CPU
		{816B0F31-AC67-4646-A26B-C0D519D65ED6}.PublishWithSymbolsNoTests|iPhoneSimulator.Build.0 = PublishWithSymbolsNoTests|Any CPU
		{816B0F31-AC67-4646-A26B-C0D519D65ED6}.PublishWithSymbolsNoTests|Mixed Platforms.ActiveCfg = PublishWithSymbolsNoTests|Any CPU
		{816B0F31-AC67-4646-A26B-C0D519D65ED6}.PublishWithSymbolsNoTests|Mixed Platforms.Build.0 = PublishWithSymbolsNoTests|Any CPU
		{816B0F31-AC67-4646-A26B-C0D519D65ED6}.PublishWithSymbolsNoTests|x86.ActiveCfg = PublishWithSymbolsNoTests|Any CPU
		{816B0F31-AC67-4646-A26B-C0D519D65ED6}.PublishWithSymbolsNoTests|x86.Build.0 = PublishWithSymbolsNoTests|Any CPU
		{816B0F31-AC67-4646-A26B-C0D519D65ED6}.PublishWithSymbolsWithoutTests|Any CPU.ActiveCfg = PublishWithSymbolsWithoutTests|Any CPU
		{816B0F31-AC67-4646-A26B-C0D519D65ED6}.PublishWithSymbolsWithoutTests|Any CPU.Build.0 = PublishWithSymbolsWithoutTests|Any CPU
		{816B0F31-AC67-4646-A26B-C0D519D65ED6}.PublishWithSymbolsWithoutTests|iPhone.ActiveCfg = PublishWithSymbolsWithoutTests|Any CPU
		{816B0F31-AC67-4646-A26B-C0D519D65ED6}.PublishWithSymbolsWithoutTests|iPhone.Build.0 = PublishWithSymbolsWithoutTests|Any CPU
		{816B0F31-AC67-4646-A26B-C0D519D65ED6}.PublishWithSymbolsWithoutTests|iPhoneSimulator.ActiveCfg = PublishWithSymbolsWithoutTests|Any CPU
		{816B0F31-AC67-4646-A26B-C0D519D65ED6}.PublishWithSymbolsWithoutTests|iPhoneSimulator.Build.0 = PublishWithSymbolsWithoutTests|Any CPU
		{816B0F31-AC67-4646-A26B-C0D519D65ED6}.PublishWithSymbolsWithoutTests|Mixed Platforms.ActiveCfg = PublishWithSymbolsWithoutTests|Any CPU
		{816B0F31-AC67-4646-A26B-C0D519D65ED6}.PublishWithSymbolsWithoutTests|Mixed Platforms.Build.0 = PublishWithSymbolsWithoutTests|Any CPU
		{816B0F31-AC67-4646-A26B-C0D519D65ED6}.PublishWithSymbolsWithoutTests|x86.ActiveCfg = PublishWithSymbolsWithoutTests|Any CPU
		{816B0F31-AC67-4646-A26B-C0D519D65ED6}.PublishWithSymbolsWithoutTests|x86.Build.0 = PublishWithSymbolsWithoutTests|Any CPU
		{816B0F31-AC67-4646-A26B-C0D519D65ED6}.Release|Any CPU.ActiveCfg = Release|Any CPU
		{816B0F31-AC67-4646-A26B-C0D519D65ED6}.Release|Any CPU.Build.0 = Release|Any CPU
		{816B0F31-AC67-4646-A26B-C0D519D65ED6}.Release|iPhone.ActiveCfg = Release|Any CPU
		{816B0F31-AC67-4646-A26B-C0D519D65ED6}.Release|iPhoneSimulator.ActiveCfg = Release|Any CPU
		{816B0F31-AC67-4646-A26B-C0D519D65ED6}.Release|Mixed Platforms.ActiveCfg = Release|Any CPU
		{816B0F31-AC67-4646-A26B-C0D519D65ED6}.Release|Mixed Platforms.Build.0 = Release|Any CPU
		{816B0F31-AC67-4646-A26B-C0D519D65ED6}.Release|x86.ActiveCfg = Release|Any CPU
		{BC486641-E761-48CE-B9A4-F4DBB9E3C6CD}.Debug|Any CPU.ActiveCfg = Debug|Any CPU
		{BC486641-E761-48CE-B9A4-F4DBB9E3C6CD}.Debug|Any CPU.Build.0 = Debug|Any CPU
		{BC486641-E761-48CE-B9A4-F4DBB9E3C6CD}.Debug|iPhone.ActiveCfg = Debug|Any CPU
		{BC486641-E761-48CE-B9A4-F4DBB9E3C6CD}.Debug|iPhoneSimulator.ActiveCfg = Debug|Any CPU
		{BC486641-E761-48CE-B9A4-F4DBB9E3C6CD}.Debug|Mixed Platforms.ActiveCfg = Debug|Any CPU
		{BC486641-E761-48CE-B9A4-F4DBB9E3C6CD}.Debug|Mixed Platforms.Build.0 = Debug|Any CPU
		{BC486641-E761-48CE-B9A4-F4DBB9E3C6CD}.Debug|x86.ActiveCfg = Debug|Any CPU
		{BC486641-E761-48CE-B9A4-F4DBB9E3C6CD}.MONO|Any CPU.ActiveCfg = PublishWithSymbols|Any CPU
		{BC486641-E761-48CE-B9A4-F4DBB9E3C6CD}.MONO|iPhone.ActiveCfg = Release|Any CPU
		{BC486641-E761-48CE-B9A4-F4DBB9E3C6CD}.MONO|iPhoneSimulator.ActiveCfg = Release|Any CPU
		{BC486641-E761-48CE-B9A4-F4DBB9E3C6CD}.MONO|Mixed Platforms.ActiveCfg = PublishWithSymbolsNoTests|Any CPU
		{BC486641-E761-48CE-B9A4-F4DBB9E3C6CD}.MONO|Mixed Platforms.Build.0 = PublishWithSymbolsNoTests|Any CPU
		{BC486641-E761-48CE-B9A4-F4DBB9E3C6CD}.MONO|x86.ActiveCfg = PublishWithSymbolsNoTests|Any CPU
		{BC486641-E761-48CE-B9A4-F4DBB9E3C6CD}.PlublishWithSymbolsNoTestsNoAddin|Any CPU.ActiveCfg = PlublishWithSymbolsNoTestsNoAddin|Any CPU
		{BC486641-E761-48CE-B9A4-F4DBB9E3C6CD}.PlublishWithSymbolsNoTestsNoAddin|Any CPU.Build.0 = PlublishWithSymbolsNoTestsNoAddin|Any CPU
		{BC486641-E761-48CE-B9A4-F4DBB9E3C6CD}.PlublishWithSymbolsNoTestsNoAddin|iPhone.ActiveCfg = PlublishWithSymbolsNoTestsNoAddin|Any CPU
		{BC486641-E761-48CE-B9A4-F4DBB9E3C6CD}.PlublishWithSymbolsNoTestsNoAddin|iPhoneSimulator.ActiveCfg = PlublishWithSymbolsNoTestsNoAddin|Any CPU
		{BC486641-E761-48CE-B9A4-F4DBB9E3C6CD}.PlublishWithSymbolsNoTestsNoAddin|Mixed Platforms.ActiveCfg = PlublishWithSymbolsNoTestsNoAddin|Any CPU
		{BC486641-E761-48CE-B9A4-F4DBB9E3C6CD}.PlublishWithSymbolsNoTestsNoAddin|Mixed Platforms.Build.0 = PlublishWithSymbolsNoTestsNoAddin|Any CPU
		{BC486641-E761-48CE-B9A4-F4DBB9E3C6CD}.PlublishWithSymbolsNoTestsNoAddin|x86.ActiveCfg = PlublishWithSymbolsNoTestsNoAddin|Any CPU
		{BC486641-E761-48CE-B9A4-F4DBB9E3C6CD}.PublishWithSymbols|Any CPU.ActiveCfg = PublishWithSymbols|Any CPU
		{BC486641-E761-48CE-B9A4-F4DBB9E3C6CD}.PublishWithSymbols|Any CPU.Build.0 = PublishWithSymbols|Any CPU
		{BC486641-E761-48CE-B9A4-F4DBB9E3C6CD}.PublishWithSymbols|iPhone.ActiveCfg = PublishWithSymbols|Any CPU
		{BC486641-E761-48CE-B9A4-F4DBB9E3C6CD}.PublishWithSymbols|iPhoneSimulator.ActiveCfg = PublishWithSymbols|Any CPU
		{BC486641-E761-48CE-B9A4-F4DBB9E3C6CD}.PublishWithSymbols|Mixed Platforms.ActiveCfg = PublishWithSymbols|Any CPU
		{BC486641-E761-48CE-B9A4-F4DBB9E3C6CD}.PublishWithSymbols|Mixed Platforms.Build.0 = PublishWithSymbols|Any CPU
		{BC486641-E761-48CE-B9A4-F4DBB9E3C6CD}.PublishWithSymbols|x86.ActiveCfg = PublishWithSymbols|Any CPU
		{BC486641-E761-48CE-B9A4-F4DBB9E3C6CD}.PublishWithSymbolsNoTests|Any CPU.ActiveCfg = PublishWithSymbolsNoTests|Any CPU
		{BC486641-E761-48CE-B9A4-F4DBB9E3C6CD}.PublishWithSymbolsNoTests|Any CPU.Build.0 = PublishWithSymbolsNoTests|Any CPU
		{BC486641-E761-48CE-B9A4-F4DBB9E3C6CD}.PublishWithSymbolsNoTests|iPhone.ActiveCfg = PublishWithSymbolsNoTests|Any CPU
		{BC486641-E761-48CE-B9A4-F4DBB9E3C6CD}.PublishWithSymbolsNoTests|iPhone.Build.0 = PublishWithSymbolsNoTests|Any CPU
		{BC486641-E761-48CE-B9A4-F4DBB9E3C6CD}.PublishWithSymbolsNoTests|iPhoneSimulator.ActiveCfg = PublishWithSymbolsNoTests|Any CPU
		{BC486641-E761-48CE-B9A4-F4DBB9E3C6CD}.PublishWithSymbolsNoTests|iPhoneSimulator.Build.0 = PublishWithSymbolsNoTests|Any CPU
		{BC486641-E761-48CE-B9A4-F4DBB9E3C6CD}.PublishWithSymbolsNoTests|Mixed Platforms.ActiveCfg = PublishWithSymbolsNoTests|Any CPU
		{BC486641-E761-48CE-B9A4-F4DBB9E3C6CD}.PublishWithSymbolsNoTests|Mixed Platforms.Build.0 = PublishWithSymbolsNoTests|Any CPU
		{BC486641-E761-48CE-B9A4-F4DBB9E3C6CD}.PublishWithSymbolsNoTests|x86.ActiveCfg = PublishWithSymbolsNoTests|Any CPU
		{BC486641-E761-48CE-B9A4-F4DBB9E3C6CD}.PublishWithSymbolsNoTests|x86.Build.0 = PublishWithSymbolsNoTests|Any CPU
		{BC486641-E761-48CE-B9A4-F4DBB9E3C6CD}.PublishWithSymbolsWithoutTests|Any CPU.ActiveCfg = PublishWithSymbolsNoTests|Any CPU
		{BC486641-E761-48CE-B9A4-F4DBB9E3C6CD}.PublishWithSymbolsWithoutTests|Any CPU.Build.0 = PublishWithSymbolsNoTests|Any CPU
		{BC486641-E761-48CE-B9A4-F4DBB9E3C6CD}.PublishWithSymbolsWithoutTests|iPhone.ActiveCfg = PublishWithSymbolsNoTests|Any CPU
		{BC486641-E761-48CE-B9A4-F4DBB9E3C6CD}.PublishWithSymbolsWithoutTests|iPhone.Build.0 = PublishWithSymbolsNoTests|Any CPU
		{BC486641-E761-48CE-B9A4-F4DBB9E3C6CD}.PublishWithSymbolsWithoutTests|iPhoneSimulator.ActiveCfg = PublishWithSymbolsNoTests|Any CPU
		{BC486641-E761-48CE-B9A4-F4DBB9E3C6CD}.PublishWithSymbolsWithoutTests|iPhoneSimulator.Build.0 = PublishWithSymbolsNoTests|Any CPU
		{BC486641-E761-48CE-B9A4-F4DBB9E3C6CD}.PublishWithSymbolsWithoutTests|Mixed Platforms.ActiveCfg = PublishWithSymbolsNoTests|Any CPU
		{BC486641-E761-48CE-B9A4-F4DBB9E3C6CD}.PublishWithSymbolsWithoutTests|Mixed Platforms.Build.0 = PublishWithSymbolsNoTests|Any CPU
		{BC486641-E761-48CE-B9A4-F4DBB9E3C6CD}.PublishWithSymbolsWithoutTests|x86.ActiveCfg = PublishWithSymbolsNoTests|Any CPU
		{BC486641-E761-48CE-B9A4-F4DBB9E3C6CD}.PublishWithSymbolsWithoutTests|x86.Build.0 = PublishWithSymbolsNoTests|Any CPU
		{BC486641-E761-48CE-B9A4-F4DBB9E3C6CD}.Release|Any CPU.ActiveCfg = Release|Any CPU
		{BC486641-E761-48CE-B9A4-F4DBB9E3C6CD}.Release|Any CPU.Build.0 = Release|Any CPU
		{BC486641-E761-48CE-B9A4-F4DBB9E3C6CD}.Release|iPhone.ActiveCfg = Release|Any CPU
		{BC486641-E761-48CE-B9A4-F4DBB9E3C6CD}.Release|iPhoneSimulator.ActiveCfg = Release|Any CPU
		{BC486641-E761-48CE-B9A4-F4DBB9E3C6CD}.Release|Mixed Platforms.ActiveCfg = Release|Any CPU
		{BC486641-E761-48CE-B9A4-F4DBB9E3C6CD}.Release|Mixed Platforms.Build.0 = Release|Any CPU
		{BC486641-E761-48CE-B9A4-F4DBB9E3C6CD}.Release|x86.ActiveCfg = Release|Any CPU
		{B78C7FC2-857C-4049-9A08-E1FFC8E44E2F}.Debug|Any CPU.ActiveCfg = Debug|Any CPU
		{B78C7FC2-857C-4049-9A08-E1FFC8E44E2F}.Debug|Any CPU.Build.0 = Debug|Any CPU
		{B78C7FC2-857C-4049-9A08-E1FFC8E44E2F}.Debug|iPhone.ActiveCfg = Debug|Any CPU
		{B78C7FC2-857C-4049-9A08-E1FFC8E44E2F}.Debug|iPhoneSimulator.ActiveCfg = Debug|Any CPU
		{B78C7FC2-857C-4049-9A08-E1FFC8E44E2F}.Debug|Mixed Platforms.ActiveCfg = Debug|Any CPU
		{B78C7FC2-857C-4049-9A08-E1FFC8E44E2F}.Debug|Mixed Platforms.Build.0 = Debug|Any CPU
		{B78C7FC2-857C-4049-9A08-E1FFC8E44E2F}.Debug|x86.ActiveCfg = Debug|Any CPU
		{B78C7FC2-857C-4049-9A08-E1FFC8E44E2F}.MONO|Any CPU.ActiveCfg = MONO|Any CPU
		{B78C7FC2-857C-4049-9A08-E1FFC8E44E2F}.MONO|iPhone.ActiveCfg = MONO|Any CPU
		{B78C7FC2-857C-4049-9A08-E1FFC8E44E2F}.MONO|iPhoneSimulator.ActiveCfg = MONO|Any CPU
		{B78C7FC2-857C-4049-9A08-E1FFC8E44E2F}.MONO|Mixed Platforms.ActiveCfg = MONO|Any CPU
		{B78C7FC2-857C-4049-9A08-E1FFC8E44E2F}.MONO|Mixed Platforms.Build.0 = MONO|Any CPU
		{B78C7FC2-857C-4049-9A08-E1FFC8E44E2F}.MONO|x86.ActiveCfg = MONO|Any CPU
		{B78C7FC2-857C-4049-9A08-E1FFC8E44E2F}.PlublishWithSymbolsNoTestsNoAddin|Any CPU.ActiveCfg = PlublishWithSymbolsNoTestsNoAddin|Any CPU
		{B78C7FC2-857C-4049-9A08-E1FFC8E44E2F}.PlublishWithSymbolsNoTestsNoAddin|Any CPU.Build.0 = PlublishWithSymbolsNoTestsNoAddin|Any CPU
		{B78C7FC2-857C-4049-9A08-E1FFC8E44E2F}.PlublishWithSymbolsNoTestsNoAddin|iPhone.ActiveCfg = PlublishWithSymbolsNoTestsNoAddin|Any CPU
		{B78C7FC2-857C-4049-9A08-E1FFC8E44E2F}.PlublishWithSymbolsNoTestsNoAddin|iPhoneSimulator.ActiveCfg = PlublishWithSymbolsNoTestsNoAddin|Any CPU
		{B78C7FC2-857C-4049-9A08-E1FFC8E44E2F}.PlublishWithSymbolsNoTestsNoAddin|Mixed Platforms.ActiveCfg = PlublishWithSymbolsNoTestsNoAddin|Any CPU
		{B78C7FC2-857C-4049-9A08-E1FFC8E44E2F}.PlublishWithSymbolsNoTestsNoAddin|Mixed Platforms.Build.0 = PlublishWithSymbolsNoTestsNoAddin|Any CPU
		{B78C7FC2-857C-4049-9A08-E1FFC8E44E2F}.PlublishWithSymbolsNoTestsNoAddin|x86.ActiveCfg = PlublishWithSymbolsNoTestsNoAddin|Any CPU
		{B78C7FC2-857C-4049-9A08-E1FFC8E44E2F}.PublishWithSymbols|Any CPU.ActiveCfg = PublishWithSymbols|Any CPU
		{B78C7FC2-857C-4049-9A08-E1FFC8E44E2F}.PublishWithSymbols|Any CPU.Build.0 = PublishWithSymbols|Any CPU
		{B78C7FC2-857C-4049-9A08-E1FFC8E44E2F}.PublishWithSymbols|iPhone.ActiveCfg = PublishWithSymbols|Any CPU
		{B78C7FC2-857C-4049-9A08-E1FFC8E44E2F}.PublishWithSymbols|iPhoneSimulator.ActiveCfg = PublishWithSymbols|Any CPU
		{B78C7FC2-857C-4049-9A08-E1FFC8E44E2F}.PublishWithSymbols|Mixed Platforms.ActiveCfg = PublishWithSymbols|Any CPU
		{B78C7FC2-857C-4049-9A08-E1FFC8E44E2F}.PublishWithSymbols|Mixed Platforms.Build.0 = PublishWithSymbols|Any CPU
		{B78C7FC2-857C-4049-9A08-E1FFC8E44E2F}.PublishWithSymbols|x86.ActiveCfg = PublishWithSymbols|Any CPU
		{B78C7FC2-857C-4049-9A08-E1FFC8E44E2F}.PublishWithSymbolsNoTests|Any CPU.ActiveCfg = PublishWithSymbolsNoTests|Any CPU
		{B78C7FC2-857C-4049-9A08-E1FFC8E44E2F}.PublishWithSymbolsNoTests|Any CPU.Build.0 = PublishWithSymbolsNoTests|Any CPU
		{B78C7FC2-857C-4049-9A08-E1FFC8E44E2F}.PublishWithSymbolsNoTests|iPhone.ActiveCfg = PublishWithSymbolsNoTests|Any CPU
		{B78C7FC2-857C-4049-9A08-E1FFC8E44E2F}.PublishWithSymbolsNoTests|iPhone.Build.0 = PublishWithSymbolsNoTests|Any CPU
		{B78C7FC2-857C-4049-9A08-E1FFC8E44E2F}.PublishWithSymbolsNoTests|iPhoneSimulator.ActiveCfg = PublishWithSymbolsNoTests|Any CPU
		{B78C7FC2-857C-4049-9A08-E1FFC8E44E2F}.PublishWithSymbolsNoTests|iPhoneSimulator.Build.0 = PublishWithSymbolsNoTests|Any CPU
		{B78C7FC2-857C-4049-9A08-E1FFC8E44E2F}.PublishWithSymbolsNoTests|Mixed Platforms.ActiveCfg = PublishWithSymbolsNoTests|Any CPU
		{B78C7FC2-857C-4049-9A08-E1FFC8E44E2F}.PublishWithSymbolsNoTests|Mixed Platforms.Build.0 = PublishWithSymbolsNoTests|Any CPU
		{B78C7FC2-857C-4049-9A08-E1FFC8E44E2F}.PublishWithSymbolsNoTests|x86.ActiveCfg = PublishWithSymbolsNoTests|Any CPU
		{B78C7FC2-857C-4049-9A08-E1FFC8E44E2F}.PublishWithSymbolsNoTests|x86.Build.0 = PublishWithSymbolsNoTests|Any CPU
		{B78C7FC2-857C-4049-9A08-E1FFC8E44E2F}.PublishWithSymbolsWithoutTests|Any CPU.ActiveCfg = PublishWithSymbolsNoTests|Any CPU
		{B78C7FC2-857C-4049-9A08-E1FFC8E44E2F}.PublishWithSymbolsWithoutTests|Any CPU.Build.0 = PublishWithSymbolsNoTests|Any CPU
		{B78C7FC2-857C-4049-9A08-E1FFC8E44E2F}.PublishWithSymbolsWithoutTests|iPhone.ActiveCfg = PublishWithSymbolsNoTests|Any CPU
		{B78C7FC2-857C-4049-9A08-E1FFC8E44E2F}.PublishWithSymbolsWithoutTests|iPhone.Build.0 = PublishWithSymbolsNoTests|Any CPU
		{B78C7FC2-857C-4049-9A08-E1FFC8E44E2F}.PublishWithSymbolsWithoutTests|iPhoneSimulator.ActiveCfg = PublishWithSymbolsNoTests|Any CPU
		{B78C7FC2-857C-4049-9A08-E1FFC8E44E2F}.PublishWithSymbolsWithoutTests|iPhoneSimulator.Build.0 = PublishWithSymbolsNoTests|Any CPU
		{B78C7FC2-857C-4049-9A08-E1FFC8E44E2F}.PublishWithSymbolsWithoutTests|Mixed Platforms.ActiveCfg = PublishWithSymbolsNoTests|Any CPU
		{B78C7FC2-857C-4049-9A08-E1FFC8E44E2F}.PublishWithSymbolsWithoutTests|Mixed Platforms.Build.0 = PublishWithSymbolsNoTests|Any CPU
		{B78C7FC2-857C-4049-9A08-E1FFC8E44E2F}.PublishWithSymbolsWithoutTests|x86.ActiveCfg = PublishWithSymbolsNoTests|Any CPU
		{B78C7FC2-857C-4049-9A08-E1FFC8E44E2F}.PublishWithSymbolsWithoutTests|x86.Build.0 = PublishWithSymbolsNoTests|Any CPU
		{B78C7FC2-857C-4049-9A08-E1FFC8E44E2F}.Release|Any CPU.ActiveCfg = Release|Any CPU
		{B78C7FC2-857C-4049-9A08-E1FFC8E44E2F}.Release|Any CPU.Build.0 = Release|Any CPU
		{B78C7FC2-857C-4049-9A08-E1FFC8E44E2F}.Release|iPhone.ActiveCfg = Release|Any CPU
		{B78C7FC2-857C-4049-9A08-E1FFC8E44E2F}.Release|iPhoneSimulator.ActiveCfg = Release|Any CPU
		{B78C7FC2-857C-4049-9A08-E1FFC8E44E2F}.Release|Mixed Platforms.ActiveCfg = Release|Any CPU
		{B78C7FC2-857C-4049-9A08-E1FFC8E44E2F}.Release|Mixed Platforms.Build.0 = Release|Any CPU
		{B78C7FC2-857C-4049-9A08-E1FFC8E44E2F}.Release|x86.ActiveCfg = Release|Any CPU
		{F39DD494-29EF-4F9C-BA62-8DBC5BF25A36}.Debug|Any CPU.ActiveCfg = Debug|Any CPU
		{F39DD494-29EF-4F9C-BA62-8DBC5BF25A36}.Debug|Any CPU.Build.0 = Debug|Any CPU
		{F39DD494-29EF-4F9C-BA62-8DBC5BF25A36}.Debug|iPhone.ActiveCfg = Debug|Any CPU
		{F39DD494-29EF-4F9C-BA62-8DBC5BF25A36}.Debug|iPhoneSimulator.ActiveCfg = Debug|Any CPU
		{F39DD494-29EF-4F9C-BA62-8DBC5BF25A36}.Debug|Mixed Platforms.ActiveCfg = Debug|Any CPU
		{F39DD494-29EF-4F9C-BA62-8DBC5BF25A36}.Debug|Mixed Platforms.Build.0 = Debug|Any CPU
		{F39DD494-29EF-4F9C-BA62-8DBC5BF25A36}.Debug|x86.ActiveCfg = Debug|Any CPU
		{F39DD494-29EF-4F9C-BA62-8DBC5BF25A36}.MONO|Any CPU.ActiveCfg = Release|Any CPU
		{F39DD494-29EF-4F9C-BA62-8DBC5BF25A36}.MONO|iPhone.ActiveCfg = PublishWithSymbols|Any CPU
		{F39DD494-29EF-4F9C-BA62-8DBC5BF25A36}.MONO|iPhoneSimulator.ActiveCfg = PublishWithSymbols|Any CPU
		{F39DD494-29EF-4F9C-BA62-8DBC5BF25A36}.MONO|Mixed Platforms.ActiveCfg = PublishWithSymbolsNoTests|Any CPU
		{F39DD494-29EF-4F9C-BA62-8DBC5BF25A36}.MONO|Mixed Platforms.Build.0 = PublishWithSymbolsNoTests|Any CPU
		{F39DD494-29EF-4F9C-BA62-8DBC5BF25A36}.MONO|x86.ActiveCfg = PublishWithSymbolsNoTests|Any CPU
		{F39DD494-29EF-4F9C-BA62-8DBC5BF25A36}.PlublishWithSymbolsNoTestsNoAddin|Any CPU.ActiveCfg = PlublishWithSymbolsNoTestsNoAddin|Any CPU
		{F39DD494-29EF-4F9C-BA62-8DBC5BF25A36}.PlublishWithSymbolsNoTestsNoAddin|Any CPU.Build.0 = PlublishWithSymbolsNoTestsNoAddin|Any CPU
		{F39DD494-29EF-4F9C-BA62-8DBC5BF25A36}.PlublishWithSymbolsNoTestsNoAddin|iPhone.ActiveCfg = PlublishWithSymbolsNoTestsNoAddin|Any CPU
		{F39DD494-29EF-4F9C-BA62-8DBC5BF25A36}.PlublishWithSymbolsNoTestsNoAddin|iPhoneSimulator.ActiveCfg = PlublishWithSymbolsNoTestsNoAddin|Any CPU
		{F39DD494-29EF-4F9C-BA62-8DBC5BF25A36}.PlublishWithSymbolsNoTestsNoAddin|Mixed Platforms.ActiveCfg = PlublishWithSymbolsNoTestsNoAddin|Any CPU
		{F39DD494-29EF-4F9C-BA62-8DBC5BF25A36}.PlublishWithSymbolsNoTestsNoAddin|Mixed Platforms.Build.0 = PlublishWithSymbolsNoTestsNoAddin|Any CPU
		{F39DD494-29EF-4F9C-BA62-8DBC5BF25A36}.PlublishWithSymbolsNoTestsNoAddin|x86.ActiveCfg = PlublishWithSymbolsNoTestsNoAddin|Any CPU
		{F39DD494-29EF-4F9C-BA62-8DBC5BF25A36}.PublishWithSymbols|Any CPU.ActiveCfg = PublishWithSymbols|Any CPU
		{F39DD494-29EF-4F9C-BA62-8DBC5BF25A36}.PublishWithSymbols|Any CPU.Build.0 = PublishWithSymbols|Any CPU
		{F39DD494-29EF-4F9C-BA62-8DBC5BF25A36}.PublishWithSymbols|iPhone.ActiveCfg = PublishWithSymbols|Any CPU
		{F39DD494-29EF-4F9C-BA62-8DBC5BF25A36}.PublishWithSymbols|iPhoneSimulator.ActiveCfg = PublishWithSymbols|Any CPU
		{F39DD494-29EF-4F9C-BA62-8DBC5BF25A36}.PublishWithSymbols|Mixed Platforms.ActiveCfg = PublishWithSymbols|Any CPU
		{F39DD494-29EF-4F9C-BA62-8DBC5BF25A36}.PublishWithSymbols|Mixed Platforms.Build.0 = PublishWithSymbols|Any CPU
		{F39DD494-29EF-4F9C-BA62-8DBC5BF25A36}.PublishWithSymbols|x86.ActiveCfg = PublishWithSymbols|Any CPU
		{F39DD494-29EF-4F9C-BA62-8DBC5BF25A36}.PublishWithSymbolsNoTests|Any CPU.ActiveCfg = PublishWithSymbolsNoTests|Any CPU
		{F39DD494-29EF-4F9C-BA62-8DBC5BF25A36}.PublishWithSymbolsNoTests|Any CPU.Build.0 = PublishWithSymbolsNoTests|Any CPU
		{F39DD494-29EF-4F9C-BA62-8DBC5BF25A36}.PublishWithSymbolsNoTests|iPhone.ActiveCfg = PublishWithSymbolsNoTests|Any CPU
		{F39DD494-29EF-4F9C-BA62-8DBC5BF25A36}.PublishWithSymbolsNoTests|iPhone.Build.0 = PublishWithSymbolsNoTests|Any CPU
		{F39DD494-29EF-4F9C-BA62-8DBC5BF25A36}.PublishWithSymbolsNoTests|iPhoneSimulator.ActiveCfg = PublishWithSymbolsNoTests|Any CPU
		{F39DD494-29EF-4F9C-BA62-8DBC5BF25A36}.PublishWithSymbolsNoTests|iPhoneSimulator.Build.0 = PublishWithSymbolsNoTests|Any CPU
		{F39DD494-29EF-4F9C-BA62-8DBC5BF25A36}.PublishWithSymbolsNoTests|Mixed Platforms.ActiveCfg = PublishWithSymbolsNoTests|Any CPU
		{F39DD494-29EF-4F9C-BA62-8DBC5BF25A36}.PublishWithSymbolsNoTests|Mixed Platforms.Build.0 = PublishWithSymbolsNoTests|Any CPU
		{F39DD494-29EF-4F9C-BA62-8DBC5BF25A36}.PublishWithSymbolsNoTests|x86.ActiveCfg = PublishWithSymbolsNoTests|Any CPU
		{F39DD494-29EF-4F9C-BA62-8DBC5BF25A36}.PublishWithSymbolsNoTests|x86.Build.0 = PublishWithSymbolsNoTests|Any CPU
		{F39DD494-29EF-4F9C-BA62-8DBC5BF25A36}.PublishWithSymbolsWithoutTests|Any CPU.ActiveCfg = PublishWithSymbolsNoTests|Any CPU
		{F39DD494-29EF-4F9C-BA62-8DBC5BF25A36}.PublishWithSymbolsWithoutTests|Any CPU.Build.0 = PublishWithSymbolsNoTests|Any CPU
		{F39DD494-29EF-4F9C-BA62-8DBC5BF25A36}.PublishWithSymbolsWithoutTests|iPhone.ActiveCfg = PublishWithSymbolsNoTests|Any CPU
		{F39DD494-29EF-4F9C-BA62-8DBC5BF25A36}.PublishWithSymbolsWithoutTests|iPhone.Build.0 = PublishWithSymbolsNoTests|Any CPU
		{F39DD494-29EF-4F9C-BA62-8DBC5BF25A36}.PublishWithSymbolsWithoutTests|iPhoneSimulator.ActiveCfg = PublishWithSymbolsNoTests|Any CPU
		{F39DD494-29EF-4F9C-BA62-8DBC5BF25A36}.PublishWithSymbolsWithoutTests|iPhoneSimulator.Build.0 = PublishWithSymbolsNoTests|Any CPU
		{F39DD494-29EF-4F9C-BA62-8DBC5BF25A36}.PublishWithSymbolsWithoutTests|Mixed Platforms.ActiveCfg = PublishWithSymbolsNoTests|Any CPU
		{F39DD494-29EF-4F9C-BA62-8DBC5BF25A36}.PublishWithSymbolsWithoutTests|Mixed Platforms.Build.0 = PublishWithSymbolsNoTests|Any CPU
		{F39DD494-29EF-4F9C-BA62-8DBC5BF25A36}.PublishWithSymbolsWithoutTests|x86.ActiveCfg = PublishWithSymbolsNoTests|Any CPU
		{F39DD494-29EF-4F9C-BA62-8DBC5BF25A36}.PublishWithSymbolsWithoutTests|x86.Build.0 = PublishWithSymbolsNoTests|Any CPU
		{F39DD494-29EF-4F9C-BA62-8DBC5BF25A36}.Release|Any CPU.ActiveCfg = Release|Any CPU
		{F39DD494-29EF-4F9C-BA62-8DBC5BF25A36}.Release|Any CPU.Build.0 = Release|Any CPU
		{F39DD494-29EF-4F9C-BA62-8DBC5BF25A36}.Release|iPhone.ActiveCfg = Release|Any CPU
		{F39DD494-29EF-4F9C-BA62-8DBC5BF25A36}.Release|iPhoneSimulator.ActiveCfg = Release|Any CPU
		{F39DD494-29EF-4F9C-BA62-8DBC5BF25A36}.Release|Mixed Platforms.ActiveCfg = Release|Any CPU
		{F39DD494-29EF-4F9C-BA62-8DBC5BF25A36}.Release|Mixed Platforms.Build.0 = Release|Any CPU
		{F39DD494-29EF-4F9C-BA62-8DBC5BF25A36}.Release|x86.ActiveCfg = Release|Any CPU
		{563BA308-B3A8-43C7-BEE7-1914A12ACB44}.Debug|Any CPU.ActiveCfg = Debug|Any CPU
		{563BA308-B3A8-43C7-BEE7-1914A12ACB44}.Debug|Any CPU.Build.0 = Debug|Any CPU
		{563BA308-B3A8-43C7-BEE7-1914A12ACB44}.Debug|iPhone.ActiveCfg = Debug|Any CPU
		{563BA308-B3A8-43C7-BEE7-1914A12ACB44}.Debug|iPhoneSimulator.ActiveCfg = Debug|Any CPU
		{563BA308-B3A8-43C7-BEE7-1914A12ACB44}.Debug|Mixed Platforms.ActiveCfg = Debug|Any CPU
		{563BA308-B3A8-43C7-BEE7-1914A12ACB44}.Debug|Mixed Platforms.Build.0 = Debug|Any CPU
		{563BA308-B3A8-43C7-BEE7-1914A12ACB44}.Debug|x86.ActiveCfg = Debug|Any CPU
		{563BA308-B3A8-43C7-BEE7-1914A12ACB44}.MONO|Any CPU.ActiveCfg = Release|Any CPU
		{563BA308-B3A8-43C7-BEE7-1914A12ACB44}.MONO|Any CPU.Build.0 = Release|Any CPU
		{563BA308-B3A8-43C7-BEE7-1914A12ACB44}.MONO|iPhone.ActiveCfg = PublishWithSymbols|Any CPU
		{563BA308-B3A8-43C7-BEE7-1914A12ACB44}.MONO|iPhoneSimulator.ActiveCfg = PublishWithSymbols|Any CPU
		{563BA308-B3A8-43C7-BEE7-1914A12ACB44}.MONO|Mixed Platforms.ActiveCfg = PublishWithSymbolsNoTests|Any CPU
		{563BA308-B3A8-43C7-BEE7-1914A12ACB44}.MONO|Mixed Platforms.Build.0 = PublishWithSymbolsNoTests|Any CPU
		{563BA308-B3A8-43C7-BEE7-1914A12ACB44}.MONO|x86.ActiveCfg = PublishWithSymbolsNoTests|Any CPU
		{563BA308-B3A8-43C7-BEE7-1914A12ACB44}.PlublishWithSymbolsNoTestsNoAddin|Any CPU.ActiveCfg = PlublishWithSymbolsNoTestsNoAddin|Any CPU
		{563BA308-B3A8-43C7-BEE7-1914A12ACB44}.PlublishWithSymbolsNoTestsNoAddin|Any CPU.Build.0 = PlublishWithSymbolsNoTestsNoAddin|Any CPU
		{563BA308-B3A8-43C7-BEE7-1914A12ACB44}.PlublishWithSymbolsNoTestsNoAddin|iPhone.ActiveCfg = PlublishWithSymbolsNoTestsNoAddin|Any CPU
		{563BA308-B3A8-43C7-BEE7-1914A12ACB44}.PlublishWithSymbolsNoTestsNoAddin|iPhoneSimulator.ActiveCfg = PlublishWithSymbolsNoTestsNoAddin|Any CPU
		{563BA308-B3A8-43C7-BEE7-1914A12ACB44}.PlublishWithSymbolsNoTestsNoAddin|Mixed Platforms.ActiveCfg = PlublishWithSymbolsNoTestsNoAddin|Any CPU
		{563BA308-B3A8-43C7-BEE7-1914A12ACB44}.PlublishWithSymbolsNoTestsNoAddin|Mixed Platforms.Build.0 = PlublishWithSymbolsNoTestsNoAddin|Any CPU
		{563BA308-B3A8-43C7-BEE7-1914A12ACB44}.PlublishWithSymbolsNoTestsNoAddin|x86.ActiveCfg = PlublishWithSymbolsNoTestsNoAddin|Any CPU
		{563BA308-B3A8-43C7-BEE7-1914A12ACB44}.PublishWithSymbols|Any CPU.ActiveCfg = PublishWithSymbols|Any CPU
		{563BA308-B3A8-43C7-BEE7-1914A12ACB44}.PublishWithSymbols|Any CPU.Build.0 = PublishWithSymbols|Any CPU
		{563BA308-B3A8-43C7-BEE7-1914A12ACB44}.PublishWithSymbols|iPhone.ActiveCfg = PublishWithSymbols|Any CPU
		{563BA308-B3A8-43C7-BEE7-1914A12ACB44}.PublishWithSymbols|iPhoneSimulator.ActiveCfg = PublishWithSymbols|Any CPU
		{563BA308-B3A8-43C7-BEE7-1914A12ACB44}.PublishWithSymbols|Mixed Platforms.ActiveCfg = PublishWithSymbols|Any CPU
		{563BA308-B3A8-43C7-BEE7-1914A12ACB44}.PublishWithSymbols|Mixed Platforms.Build.0 = PublishWithSymbols|Any CPU
		{563BA308-B3A8-43C7-BEE7-1914A12ACB44}.PublishWithSymbols|x86.ActiveCfg = PublishWithSymbols|Any CPU
		{563BA308-B3A8-43C7-BEE7-1914A12ACB44}.PublishWithSymbolsNoTests|Any CPU.ActiveCfg = PublishWithSymbolsNoTests|Any CPU
		{563BA308-B3A8-43C7-BEE7-1914A12ACB44}.PublishWithSymbolsNoTests|Any CPU.Build.0 = PublishWithSymbolsNoTests|Any CPU
		{563BA308-B3A8-43C7-BEE7-1914A12ACB44}.PublishWithSymbolsNoTests|iPhone.ActiveCfg = PublishWithSymbolsNoTests|Any CPU
		{563BA308-B3A8-43C7-BEE7-1914A12ACB44}.PublishWithSymbolsNoTests|iPhone.Build.0 = PublishWithSymbolsNoTests|Any CPU
		{563BA308-B3A8-43C7-BEE7-1914A12ACB44}.PublishWithSymbolsNoTests|iPhoneSimulator.ActiveCfg = PublishWithSymbolsNoTests|Any CPU
		{563BA308-B3A8-43C7-BEE7-1914A12ACB44}.PublishWithSymbolsNoTests|iPhoneSimulator.Build.0 = PublishWithSymbolsNoTests|Any CPU
		{563BA308-B3A8-43C7-BEE7-1914A12ACB44}.PublishWithSymbolsNoTests|Mixed Platforms.ActiveCfg = PublishWithSymbolsNoTests|Any CPU
		{563BA308-B3A8-43C7-BEE7-1914A12ACB44}.PublishWithSymbolsNoTests|Mixed Platforms.Build.0 = PublishWithSymbolsNoTests|Any CPU
		{563BA308-B3A8-43C7-BEE7-1914A12ACB44}.PublishWithSymbolsNoTests|x86.ActiveCfg = PublishWithSymbolsNoTests|Any CPU
		{563BA308-B3A8-43C7-BEE7-1914A12ACB44}.PublishWithSymbolsNoTests|x86.Build.0 = PublishWithSymbolsNoTests|Any CPU
		{563BA308-B3A8-43C7-BEE7-1914A12ACB44}.PublishWithSymbolsWithoutTests|Any CPU.ActiveCfg = PublishWithSymbolsWithoutTests|Any CPU
		{563BA308-B3A8-43C7-BEE7-1914A12ACB44}.PublishWithSymbolsWithoutTests|Any CPU.Build.0 = PublishWithSymbolsWithoutTests|Any CPU
		{563BA308-B3A8-43C7-BEE7-1914A12ACB44}.PublishWithSymbolsWithoutTests|iPhone.ActiveCfg = PublishWithSymbolsWithoutTests|Any CPU
		{563BA308-B3A8-43C7-BEE7-1914A12ACB44}.PublishWithSymbolsWithoutTests|iPhone.Build.0 = PublishWithSymbolsWithoutTests|Any CPU
		{563BA308-B3A8-43C7-BEE7-1914A12ACB44}.PublishWithSymbolsWithoutTests|iPhoneSimulator.ActiveCfg = PublishWithSymbolsWithoutTests|Any CPU
		{563BA308-B3A8-43C7-BEE7-1914A12ACB44}.PublishWithSymbolsWithoutTests|iPhoneSimulator.Build.0 = PublishWithSymbolsWithoutTests|Any CPU
		{563BA308-B3A8-43C7-BEE7-1914A12ACB44}.PublishWithSymbolsWithoutTests|Mixed Platforms.ActiveCfg = PublishWithSymbolsWithoutTests|Any CPU
		{563BA308-B3A8-43C7-BEE7-1914A12ACB44}.PublishWithSymbolsWithoutTests|Mixed Platforms.Build.0 = PublishWithSymbolsWithoutTests|Any CPU
		{563BA308-B3A8-43C7-BEE7-1914A12ACB44}.PublishWithSymbolsWithoutTests|x86.ActiveCfg = PublishWithSymbolsWithoutTests|Any CPU
		{563BA308-B3A8-43C7-BEE7-1914A12ACB44}.PublishWithSymbolsWithoutTests|x86.Build.0 = PublishWithSymbolsWithoutTests|Any CPU
		{563BA308-B3A8-43C7-BEE7-1914A12ACB44}.Release|Any CPU.ActiveCfg = Release|Any CPU
		{563BA308-B3A8-43C7-BEE7-1914A12ACB44}.Release|Any CPU.Build.0 = Release|Any CPU
		{563BA308-B3A8-43C7-BEE7-1914A12ACB44}.Release|iPhone.ActiveCfg = Release|Any CPU
		{563BA308-B3A8-43C7-BEE7-1914A12ACB44}.Release|iPhoneSimulator.ActiveCfg = Release|Any CPU
		{563BA308-B3A8-43C7-BEE7-1914A12ACB44}.Release|Mixed Platforms.ActiveCfg = Release|Any CPU
		{563BA308-B3A8-43C7-BEE7-1914A12ACB44}.Release|Mixed Platforms.Build.0 = Release|Any CPU
		{563BA308-B3A8-43C7-BEE7-1914A12ACB44}.Release|x86.ActiveCfg = Release|Any CPU
		{521672C1-D9CB-40C3-A773-353DF371C13B}.Debug|Any CPU.ActiveCfg = Debug|x86
		{521672C1-D9CB-40C3-A773-353DF371C13B}.Debug|iPhone.ActiveCfg = Debug|x86
		{521672C1-D9CB-40C3-A773-353DF371C13B}.Debug|iPhoneSimulator.ActiveCfg = Debug|x86
		{521672C1-D9CB-40C3-A773-353DF371C13B}.Debug|Mixed Platforms.ActiveCfg = Debug|x86
		{521672C1-D9CB-40C3-A773-353DF371C13B}.Debug|Mixed Platforms.Build.0 = Debug|x86
		{521672C1-D9CB-40C3-A773-353DF371C13B}.Debug|x86.ActiveCfg = Debug|x86
		{521672C1-D9CB-40C3-A773-353DF371C13B}.Debug|x86.Build.0 = Debug|x86
		{521672C1-D9CB-40C3-A773-353DF371C13B}.MONO|Any CPU.ActiveCfg = Release|x86
		{521672C1-D9CB-40C3-A773-353DF371C13B}.MONO|iPhone.ActiveCfg = PlublishWithSymbolsNoTestsNoAddin|Any CPU
		{521672C1-D9CB-40C3-A773-353DF371C13B}.MONO|iPhoneSimulator.ActiveCfg = PlublishWithSymbolsNoTestsNoAddin|Any CPU
		{521672C1-D9CB-40C3-A773-353DF371C13B}.MONO|Mixed Platforms.ActiveCfg = Release|x86
		{521672C1-D9CB-40C3-A773-353DF371C13B}.MONO|Mixed Platforms.Build.0 = Release|x86
		{521672C1-D9CB-40C3-A773-353DF371C13B}.MONO|x86.ActiveCfg = Release|x86
		{521672C1-D9CB-40C3-A773-353DF371C13B}.MONO|x86.Build.0 = Release|x86
		{521672C1-D9CB-40C3-A773-353DF371C13B}.PlublishWithSymbolsNoTestsNoAddin|Any CPU.ActiveCfg = PlublishWithSymbolsNoTestsNoAddin|Any CPU
		{521672C1-D9CB-40C3-A773-353DF371C13B}.PlublishWithSymbolsNoTestsNoAddin|Any CPU.Build.0 = PlublishWithSymbolsNoTestsNoAddin|Any CPU
		{521672C1-D9CB-40C3-A773-353DF371C13B}.PlublishWithSymbolsNoTestsNoAddin|iPhone.ActiveCfg = PlublishWithSymbolsNoTestsNoAddin|Any CPU
		{521672C1-D9CB-40C3-A773-353DF371C13B}.PlublishWithSymbolsNoTestsNoAddin|iPhoneSimulator.ActiveCfg = PlublishWithSymbolsNoTestsNoAddin|Any CPU
		{521672C1-D9CB-40C3-A773-353DF371C13B}.PlublishWithSymbolsNoTestsNoAddin|Mixed Platforms.ActiveCfg = PlublishWithSymbolsNoTestsNoAddin|x86
		{521672C1-D9CB-40C3-A773-353DF371C13B}.PlublishWithSymbolsNoTestsNoAddin|Mixed Platforms.Build.0 = PlublishWithSymbolsNoTestsNoAddin|x86
		{521672C1-D9CB-40C3-A773-353DF371C13B}.PlublishWithSymbolsNoTestsNoAddin|x86.ActiveCfg = PlublishWithSymbolsNoTestsNoAddin|x86
		{521672C1-D9CB-40C3-A773-353DF371C13B}.PlublishWithSymbolsNoTestsNoAddin|x86.Build.0 = PlublishWithSymbolsNoTestsNoAddin|x86
		{521672C1-D9CB-40C3-A773-353DF371C13B}.PublishWithSymbols|Any CPU.ActiveCfg = Release|x86
		{521672C1-D9CB-40C3-A773-353DF371C13B}.PublishWithSymbols|iPhone.ActiveCfg = PlublishWithSymbolsNoTestsNoAddin|Any CPU
		{521672C1-D9CB-40C3-A773-353DF371C13B}.PublishWithSymbols|iPhoneSimulator.ActiveCfg = PlublishWithSymbolsNoTestsNoAddin|Any CPU
		{521672C1-D9CB-40C3-A773-353DF371C13B}.PublishWithSymbols|Mixed Platforms.ActiveCfg = Release|x86
		{521672C1-D9CB-40C3-A773-353DF371C13B}.PublishWithSymbols|x86.ActiveCfg = Release|x86
		{521672C1-D9CB-40C3-A773-353DF371C13B}.PublishWithSymbols|x86.Build.0 = Release|x86
		{521672C1-D9CB-40C3-A773-353DF371C13B}.PublishWithSymbolsNoTests|Any CPU.ActiveCfg = PlublishWithSymbolsNoTestsNoAddin|Any CPU
		{521672C1-D9CB-40C3-A773-353DF371C13B}.PublishWithSymbolsNoTests|iPhone.ActiveCfg = PlublishWithSymbolsNoTestsNoAddin|Any CPU
		{521672C1-D9CB-40C3-A773-353DF371C13B}.PublishWithSymbolsNoTests|iPhoneSimulator.ActiveCfg = PlublishWithSymbolsNoTestsNoAddin|Any CPU
		{521672C1-D9CB-40C3-A773-353DF371C13B}.PublishWithSymbolsNoTests|Mixed Platforms.ActiveCfg = PlublishWithSymbolsNoTestsNoAddin|x86
		{521672C1-D9CB-40C3-A773-353DF371C13B}.PublishWithSymbolsNoTests|x86.ActiveCfg = PlublishWithSymbolsNoTestsNoAddin|x86
		{521672C1-D9CB-40C3-A773-353DF371C13B}.PublishWithSymbolsWithoutTests|Any CPU.ActiveCfg = PlublishWithSymbolsNoTestsNoAddin|Any CPU
		{521672C1-D9CB-40C3-A773-353DF371C13B}.PublishWithSymbolsWithoutTests|iPhone.ActiveCfg = PlublishWithSymbolsNoTestsNoAddin|Any CPU
		{521672C1-D9CB-40C3-A773-353DF371C13B}.PublishWithSymbolsWithoutTests|iPhoneSimulator.ActiveCfg = PlublishWithSymbolsNoTestsNoAddin|Any CPU
		{521672C1-D9CB-40C3-A773-353DF371C13B}.PublishWithSymbolsWithoutTests|Mixed Platforms.ActiveCfg = PlublishWithSymbolsNoTestsNoAddin|x86
		{521672C1-D9CB-40C3-A773-353DF371C13B}.PublishWithSymbolsWithoutTests|x86.ActiveCfg = PlublishWithSymbolsNoTestsNoAddin|x86
		{521672C1-D9CB-40C3-A773-353DF371C13B}.Release|Any CPU.ActiveCfg = Release|Any CPU
		{521672C1-D9CB-40C3-A773-353DF371C13B}.Release|Any CPU.Build.0 = Release|Any CPU
		{521672C1-D9CB-40C3-A773-353DF371C13B}.Release|iPhone.ActiveCfg = Release|Any CPU
		{521672C1-D9CB-40C3-A773-353DF371C13B}.Release|iPhoneSimulator.ActiveCfg = Release|Any CPU
		{521672C1-D9CB-40C3-A773-353DF371C13B}.Release|Mixed Platforms.ActiveCfg = Release|x86
		{521672C1-D9CB-40C3-A773-353DF371C13B}.Release|Mixed Platforms.Build.0 = Release|x86
		{521672C1-D9CB-40C3-A773-353DF371C13B}.Release|x86.ActiveCfg = Release|x86
		{521672C1-D9CB-40C3-A773-353DF371C13B}.Release|x86.Build.0 = Release|x86
		{82DFA36E-87D4-4FFB-955F-E3E82D0F3A60}.Debug|Any CPU.ActiveCfg = Debug|x86
		{82DFA36E-87D4-4FFB-955F-E3E82D0F3A60}.Debug|iPhone.ActiveCfg = Debug|x86
		{82DFA36E-87D4-4FFB-955F-E3E82D0F3A60}.Debug|iPhoneSimulator.ActiveCfg = Debug|x86
		{82DFA36E-87D4-4FFB-955F-E3E82D0F3A60}.Debug|Mixed Platforms.ActiveCfg = Debug|x86
		{82DFA36E-87D4-4FFB-955F-E3E82D0F3A60}.Debug|Mixed Platforms.Build.0 = Debug|x86
		{82DFA36E-87D4-4FFB-955F-E3E82D0F3A60}.Debug|x86.ActiveCfg = Debug|x86
		{82DFA36E-87D4-4FFB-955F-E3E82D0F3A60}.Debug|x86.Build.0 = Debug|x86
		{82DFA36E-87D4-4FFB-955F-E3E82D0F3A60}.MONO|Any CPU.ActiveCfg = Release|x86
		{82DFA36E-87D4-4FFB-955F-E3E82D0F3A60}.MONO|iPhone.ActiveCfg = Release|x86
		{82DFA36E-87D4-4FFB-955F-E3E82D0F3A60}.MONO|iPhoneSimulator.ActiveCfg = Release|x86
		{82DFA36E-87D4-4FFB-955F-E3E82D0F3A60}.MONO|Mixed Platforms.ActiveCfg = Release|x86
		{82DFA36E-87D4-4FFB-955F-E3E82D0F3A60}.MONO|Mixed Platforms.Build.0 = Release|x86
		{82DFA36E-87D4-4FFB-955F-E3E82D0F3A60}.MONO|x86.ActiveCfg = Release|x86
		{82DFA36E-87D4-4FFB-955F-E3E82D0F3A60}.MONO|x86.Build.0 = Release|x86
		{82DFA36E-87D4-4FFB-955F-E3E82D0F3A60}.PlublishWithSymbolsNoTestsNoAddin|Any CPU.ActiveCfg = Release|x86
		{82DFA36E-87D4-4FFB-955F-E3E82D0F3A60}.PlublishWithSymbolsNoTestsNoAddin|iPhone.ActiveCfg = Release|x86
		{82DFA36E-87D4-4FFB-955F-E3E82D0F3A60}.PlublishWithSymbolsNoTestsNoAddin|iPhoneSimulator.ActiveCfg = Release|x86
		{82DFA36E-87D4-4FFB-955F-E3E82D0F3A60}.PlublishWithSymbolsNoTestsNoAddin|Mixed Platforms.ActiveCfg = Release|x86
		{82DFA36E-87D4-4FFB-955F-E3E82D0F3A60}.PlublishWithSymbolsNoTestsNoAddin|Mixed Platforms.Build.0 = Release|x86
		{82DFA36E-87D4-4FFB-955F-E3E82D0F3A60}.PlublishWithSymbolsNoTestsNoAddin|x86.ActiveCfg = Release|x86
		{82DFA36E-87D4-4FFB-955F-E3E82D0F3A60}.PlublishWithSymbolsNoTestsNoAddin|x86.Build.0 = Release|x86
		{82DFA36E-87D4-4FFB-955F-E3E82D0F3A60}.PublishWithSymbols|Any CPU.ActiveCfg = Release|x86
		{82DFA36E-87D4-4FFB-955F-E3E82D0F3A60}.PublishWithSymbols|iPhone.ActiveCfg = Release|x86
		{82DFA36E-87D4-4FFB-955F-E3E82D0F3A60}.PublishWithSymbols|iPhoneSimulator.ActiveCfg = Release|x86
		{82DFA36E-87D4-4FFB-955F-E3E82D0F3A60}.PublishWithSymbols|Mixed Platforms.ActiveCfg = Release|x86
		{82DFA36E-87D4-4FFB-955F-E3E82D0F3A60}.PublishWithSymbols|x86.ActiveCfg = Release|x86
		{82DFA36E-87D4-4FFB-955F-E3E82D0F3A60}.PublishWithSymbols|x86.Build.0 = Release|x86
		{82DFA36E-87D4-4FFB-955F-E3E82D0F3A60}.PublishWithSymbolsNoTests|Any CPU.ActiveCfg = Release|x86
		{82DFA36E-87D4-4FFB-955F-E3E82D0F3A60}.PublishWithSymbolsNoTests|Any CPU.Build.0 = Release|x86
		{82DFA36E-87D4-4FFB-955F-E3E82D0F3A60}.PublishWithSymbolsNoTests|iPhone.ActiveCfg = Release|x86
		{82DFA36E-87D4-4FFB-955F-E3E82D0F3A60}.PublishWithSymbolsNoTests|iPhone.Build.0 = Release|x86
		{82DFA36E-87D4-4FFB-955F-E3E82D0F3A60}.PublishWithSymbolsNoTests|iPhoneSimulator.ActiveCfg = Release|x86
		{82DFA36E-87D4-4FFB-955F-E3E82D0F3A60}.PublishWithSymbolsNoTests|iPhoneSimulator.Build.0 = Release|x86
		{82DFA36E-87D4-4FFB-955F-E3E82D0F3A60}.PublishWithSymbolsNoTests|Mixed Platforms.ActiveCfg = Release|x86
		{82DFA36E-87D4-4FFB-955F-E3E82D0F3A60}.PublishWithSymbolsNoTests|Mixed Platforms.Build.0 = Release|x86
		{82DFA36E-87D4-4FFB-955F-E3E82D0F3A60}.PublishWithSymbolsNoTests|x86.ActiveCfg = Release|x86
		{82DFA36E-87D4-4FFB-955F-E3E82D0F3A60}.PublishWithSymbolsNoTests|x86.Build.0 = Release|x86
		{82DFA36E-87D4-4FFB-955F-E3E82D0F3A60}.PublishWithSymbolsWithoutTests|Any CPU.ActiveCfg = Release|x86
		{82DFA36E-87D4-4FFB-955F-E3E82D0F3A60}.PublishWithSymbolsWithoutTests|Any CPU.Build.0 = Release|x86
		{82DFA36E-87D4-4FFB-955F-E3E82D0F3A60}.PublishWithSymbolsWithoutTests|iPhone.ActiveCfg = Release|x86
		{82DFA36E-87D4-4FFB-955F-E3E82D0F3A60}.PublishWithSymbolsWithoutTests|iPhone.Build.0 = Release|x86
		{82DFA36E-87D4-4FFB-955F-E3E82D0F3A60}.PublishWithSymbolsWithoutTests|iPhoneSimulator.ActiveCfg = Release|x86
		{82DFA36E-87D4-4FFB-955F-E3E82D0F3A60}.PublishWithSymbolsWithoutTests|iPhoneSimulator.Build.0 = Release|x86
		{82DFA36E-87D4-4FFB-955F-E3E82D0F3A60}.PublishWithSymbolsWithoutTests|Mixed Platforms.ActiveCfg = Release|x86
		{82DFA36E-87D4-4FFB-955F-E3E82D0F3A60}.PublishWithSymbolsWithoutTests|Mixed Platforms.Build.0 = Release|x86
		{82DFA36E-87D4-4FFB-955F-E3E82D0F3A60}.PublishWithSymbolsWithoutTests|x86.ActiveCfg = Release|x86
		{82DFA36E-87D4-4FFB-955F-E3E82D0F3A60}.PublishWithSymbolsWithoutTests|x86.Build.0 = Release|x86
		{82DFA36E-87D4-4FFB-955F-E3E82D0F3A60}.Release|Any CPU.ActiveCfg = Release|x86
		{82DFA36E-87D4-4FFB-955F-E3E82D0F3A60}.Release|iPhone.ActiveCfg = Release|x86
		{82DFA36E-87D4-4FFB-955F-E3E82D0F3A60}.Release|iPhoneSimulator.ActiveCfg = Release|x86
		{82DFA36E-87D4-4FFB-955F-E3E82D0F3A60}.Release|Mixed Platforms.ActiveCfg = Release|x86
		{82DFA36E-87D4-4FFB-955F-E3E82D0F3A60}.Release|Mixed Platforms.Build.0 = Release|x86
		{82DFA36E-87D4-4FFB-955F-E3E82D0F3A60}.Release|x86.ActiveCfg = Release|x86
		{82DFA36E-87D4-4FFB-955F-E3E82D0F3A60}.Release|x86.Build.0 = Release|x86
		{FEE1249B-7A44-4728-AF81-A27D82B480B3}.Debug|Any CPU.ActiveCfg = Debug|Any CPU
		{FEE1249B-7A44-4728-AF81-A27D82B480B3}.Debug|Any CPU.Build.0 = Debug|Any CPU
		{FEE1249B-7A44-4728-AF81-A27D82B480B3}.Debug|iPhone.ActiveCfg = Debug|Any CPU
		{FEE1249B-7A44-4728-AF81-A27D82B480B3}.Debug|iPhoneSimulator.ActiveCfg = Debug|Any CPU
		{FEE1249B-7A44-4728-AF81-A27D82B480B3}.Debug|Mixed Platforms.ActiveCfg = Debug|Any CPU
		{FEE1249B-7A44-4728-AF81-A27D82B480B3}.Debug|Mixed Platforms.Build.0 = Debug|Any CPU
		{FEE1249B-7A44-4728-AF81-A27D82B480B3}.Debug|x86.ActiveCfg = Debug|Any CPU
		{FEE1249B-7A44-4728-AF81-A27D82B480B3}.MONO|Any CPU.ActiveCfg = Release|Any CPU
		{FEE1249B-7A44-4728-AF81-A27D82B480B3}.MONO|Any CPU.Build.0 = Release|Any CPU
		{FEE1249B-7A44-4728-AF81-A27D82B480B3}.MONO|iPhone.ActiveCfg = Release|Any CPU
		{FEE1249B-7A44-4728-AF81-A27D82B480B3}.MONO|iPhoneSimulator.ActiveCfg = Release|Any CPU
		{FEE1249B-7A44-4728-AF81-A27D82B480B3}.MONO|Mixed Platforms.ActiveCfg = Release|Any CPU
		{FEE1249B-7A44-4728-AF81-A27D82B480B3}.MONO|Mixed Platforms.Build.0 = Release|Any CPU
		{FEE1249B-7A44-4728-AF81-A27D82B480B3}.MONO|x86.ActiveCfg = Release|Any CPU
		{FEE1249B-7A44-4728-AF81-A27D82B480B3}.PlublishWithSymbolsNoTestsNoAddin|Any CPU.ActiveCfg = Release|Any CPU
		{FEE1249B-7A44-4728-AF81-A27D82B480B3}.PlublishWithSymbolsNoTestsNoAddin|Any CPU.Build.0 = Release|Any CPU
		{FEE1249B-7A44-4728-AF81-A27D82B480B3}.PlublishWithSymbolsNoTestsNoAddin|iPhone.ActiveCfg = Release|Any CPU
		{FEE1249B-7A44-4728-AF81-A27D82B480B3}.PlublishWithSymbolsNoTestsNoAddin|iPhoneSimulator.ActiveCfg = Release|Any CPU
		{FEE1249B-7A44-4728-AF81-A27D82B480B3}.PlublishWithSymbolsNoTestsNoAddin|Mixed Platforms.ActiveCfg = Release|Any CPU
		{FEE1249B-7A44-4728-AF81-A27D82B480B3}.PlublishWithSymbolsNoTestsNoAddin|Mixed Platforms.Build.0 = Release|Any CPU
		{FEE1249B-7A44-4728-AF81-A27D82B480B3}.PlublishWithSymbolsNoTestsNoAddin|x86.ActiveCfg = Release|Any CPU
		{FEE1249B-7A44-4728-AF81-A27D82B480B3}.PublishWithSymbols|Any CPU.ActiveCfg = Release|Any CPU
		{FEE1249B-7A44-4728-AF81-A27D82B480B3}.PublishWithSymbols|Any CPU.Build.0 = Release|Any CPU
		{FEE1249B-7A44-4728-AF81-A27D82B480B3}.PublishWithSymbols|iPhone.ActiveCfg = Release|Any CPU
		{FEE1249B-7A44-4728-AF81-A27D82B480B3}.PublishWithSymbols|iPhoneSimulator.ActiveCfg = Release|Any CPU
		{FEE1249B-7A44-4728-AF81-A27D82B480B3}.PublishWithSymbols|Mixed Platforms.ActiveCfg = Release|Any CPU
		{FEE1249B-7A44-4728-AF81-A27D82B480B3}.PublishWithSymbols|Mixed Platforms.Build.0 = Release|Any CPU
		{FEE1249B-7A44-4728-AF81-A27D82B480B3}.PublishWithSymbols|x86.ActiveCfg = Release|Any CPU
		{FEE1249B-7A44-4728-AF81-A27D82B480B3}.PublishWithSymbolsNoTests|Any CPU.ActiveCfg = Release|Any CPU
		{FEE1249B-7A44-4728-AF81-A27D82B480B3}.PublishWithSymbolsNoTests|Any CPU.Build.0 = Release|Any CPU
		{FEE1249B-7A44-4728-AF81-A27D82B480B3}.PublishWithSymbolsNoTests|iPhone.ActiveCfg = Release|Any CPU
		{FEE1249B-7A44-4728-AF81-A27D82B480B3}.PublishWithSymbolsNoTests|iPhone.Build.0 = Release|Any CPU
		{FEE1249B-7A44-4728-AF81-A27D82B480B3}.PublishWithSymbolsNoTests|iPhoneSimulator.ActiveCfg = Release|Any CPU
		{FEE1249B-7A44-4728-AF81-A27D82B480B3}.PublishWithSymbolsNoTests|iPhoneSimulator.Build.0 = Release|Any CPU
		{FEE1249B-7A44-4728-AF81-A27D82B480B3}.PublishWithSymbolsNoTests|Mixed Platforms.ActiveCfg = Release|Any CPU
		{FEE1249B-7A44-4728-AF81-A27D82B480B3}.PublishWithSymbolsNoTests|Mixed Platforms.Build.0 = Release|Any CPU
		{FEE1249B-7A44-4728-AF81-A27D82B480B3}.PublishWithSymbolsNoTests|x86.ActiveCfg = Release|Any CPU
		{FEE1249B-7A44-4728-AF81-A27D82B480B3}.PublishWithSymbolsNoTests|x86.Build.0 = Release|Any CPU
		{FEE1249B-7A44-4728-AF81-A27D82B480B3}.PublishWithSymbolsWithoutTests|Any CPU.ActiveCfg = Release|Any CPU
		{FEE1249B-7A44-4728-AF81-A27D82B480B3}.PublishWithSymbolsWithoutTests|Any CPU.Build.0 = Release|Any CPU
		{FEE1249B-7A44-4728-AF81-A27D82B480B3}.PublishWithSymbolsWithoutTests|iPhone.ActiveCfg = Release|Any CPU
		{FEE1249B-7A44-4728-AF81-A27D82B480B3}.PublishWithSymbolsWithoutTests|iPhone.Build.0 = Release|Any CPU
		{FEE1249B-7A44-4728-AF81-A27D82B480B3}.PublishWithSymbolsWithoutTests|iPhoneSimulator.ActiveCfg = Release|Any CPU
		{FEE1249B-7A44-4728-AF81-A27D82B480B3}.PublishWithSymbolsWithoutTests|iPhoneSimulator.Build.0 = Release|Any CPU
		{FEE1249B-7A44-4728-AF81-A27D82B480B3}.PublishWithSymbolsWithoutTests|Mixed Platforms.ActiveCfg = Release|Any CPU
		{FEE1249B-7A44-4728-AF81-A27D82B480B3}.PublishWithSymbolsWithoutTests|Mixed Platforms.Build.0 = Release|Any CPU
		{FEE1249B-7A44-4728-AF81-A27D82B480B3}.PublishWithSymbolsWithoutTests|x86.ActiveCfg = Release|Any CPU
		{FEE1249B-7A44-4728-AF81-A27D82B480B3}.PublishWithSymbolsWithoutTests|x86.Build.0 = Release|Any CPU
		{FEE1249B-7A44-4728-AF81-A27D82B480B3}.Release|Any CPU.ActiveCfg = Release|Any CPU
		{FEE1249B-7A44-4728-AF81-A27D82B480B3}.Release|Any CPU.Build.0 = Release|Any CPU
		{FEE1249B-7A44-4728-AF81-A27D82B480B3}.Release|iPhone.ActiveCfg = Release|Any CPU
		{FEE1249B-7A44-4728-AF81-A27D82B480B3}.Release|iPhoneSimulator.ActiveCfg = Release|Any CPU
		{FEE1249B-7A44-4728-AF81-A27D82B480B3}.Release|Mixed Platforms.ActiveCfg = Release|Any CPU
		{FEE1249B-7A44-4728-AF81-A27D82B480B3}.Release|Mixed Platforms.Build.0 = Release|Any CPU
		{FEE1249B-7A44-4728-AF81-A27D82B480B3}.Release|x86.ActiveCfg = Release|Any CPU
		{6E738CC6-5B6F-4D8A-988A-4A66A2D74BF2}.Debug|Any CPU.ActiveCfg = Debug|Any CPU
		{6E738CC6-5B6F-4D8A-988A-4A66A2D74BF2}.Debug|Any CPU.Build.0 = Debug|Any CPU
		{6E738CC6-5B6F-4D8A-988A-4A66A2D74BF2}.Debug|iPhone.ActiveCfg = Debug|Any CPU
		{6E738CC6-5B6F-4D8A-988A-4A66A2D74BF2}.Debug|iPhoneSimulator.ActiveCfg = Debug|Any CPU
		{6E738CC6-5B6F-4D8A-988A-4A66A2D74BF2}.Debug|Mixed Platforms.ActiveCfg = Debug|Any CPU
		{6E738CC6-5B6F-4D8A-988A-4A66A2D74BF2}.Debug|Mixed Platforms.Build.0 = Debug|Any CPU
		{6E738CC6-5B6F-4D8A-988A-4A66A2D74BF2}.Debug|x86.ActiveCfg = Debug|Any CPU
		{6E738CC6-5B6F-4D8A-988A-4A66A2D74BF2}.MONO|Any CPU.ActiveCfg = Release|Any CPU
		{6E738CC6-5B6F-4D8A-988A-4A66A2D74BF2}.MONO|Any CPU.Build.0 = Release|Any CPU
		{6E738CC6-5B6F-4D8A-988A-4A66A2D74BF2}.MONO|iPhone.ActiveCfg = Release|Any CPU
		{6E738CC6-5B6F-4D8A-988A-4A66A2D74BF2}.MONO|iPhoneSimulator.ActiveCfg = Release|Any CPU
		{6E738CC6-5B6F-4D8A-988A-4A66A2D74BF2}.MONO|Mixed Platforms.ActiveCfg = Release|Any CPU
		{6E738CC6-5B6F-4D8A-988A-4A66A2D74BF2}.MONO|Mixed Platforms.Build.0 = Release|Any CPU
		{6E738CC6-5B6F-4D8A-988A-4A66A2D74BF2}.MONO|x86.ActiveCfg = Release|Any CPU
		{6E738CC6-5B6F-4D8A-988A-4A66A2D74BF2}.PlublishWithSymbolsNoTestsNoAddin|Any CPU.ActiveCfg = Release|Any CPU
		{6E738CC6-5B6F-4D8A-988A-4A66A2D74BF2}.PlublishWithSymbolsNoTestsNoAddin|Any CPU.Build.0 = Release|Any CPU
		{6E738CC6-5B6F-4D8A-988A-4A66A2D74BF2}.PlublishWithSymbolsNoTestsNoAddin|iPhone.ActiveCfg = Release|Any CPU
		{6E738CC6-5B6F-4D8A-988A-4A66A2D74BF2}.PlublishWithSymbolsNoTestsNoAddin|iPhoneSimulator.ActiveCfg = Release|Any CPU
		{6E738CC6-5B6F-4D8A-988A-4A66A2D74BF2}.PlublishWithSymbolsNoTestsNoAddin|Mixed Platforms.ActiveCfg = Release|Any CPU
		{6E738CC6-5B6F-4D8A-988A-4A66A2D74BF2}.PlublishWithSymbolsNoTestsNoAddin|Mixed Platforms.Build.0 = Release|Any CPU
		{6E738CC6-5B6F-4D8A-988A-4A66A2D74BF2}.PlublishWithSymbolsNoTestsNoAddin|x86.ActiveCfg = Release|Any CPU
		{6E738CC6-5B6F-4D8A-988A-4A66A2D74BF2}.PublishWithSymbols|Any CPU.ActiveCfg = Release|Any CPU
		{6E738CC6-5B6F-4D8A-988A-4A66A2D74BF2}.PublishWithSymbols|Any CPU.Build.0 = Release|Any CPU
		{6E738CC6-5B6F-4D8A-988A-4A66A2D74BF2}.PublishWithSymbols|iPhone.ActiveCfg = Release|Any CPU
		{6E738CC6-5B6F-4D8A-988A-4A66A2D74BF2}.PublishWithSymbols|iPhoneSimulator.ActiveCfg = Release|Any CPU
		{6E738CC6-5B6F-4D8A-988A-4A66A2D74BF2}.PublishWithSymbols|Mixed Platforms.ActiveCfg = Release|Any CPU
		{6E738CC6-5B6F-4D8A-988A-4A66A2D74BF2}.PublishWithSymbols|Mixed Platforms.Build.0 = Release|Any CPU
		{6E738CC6-5B6F-4D8A-988A-4A66A2D74BF2}.PublishWithSymbols|x86.ActiveCfg = Release|Any CPU
		{6E738CC6-5B6F-4D8A-988A-4A66A2D74BF2}.PublishWithSymbolsNoTests|Any CPU.ActiveCfg = Release|Any CPU
		{6E738CC6-5B6F-4D8A-988A-4A66A2D74BF2}.PublishWithSymbolsNoTests|Any CPU.Build.0 = Release|Any CPU
		{6E738CC6-5B6F-4D8A-988A-4A66A2D74BF2}.PublishWithSymbolsNoTests|iPhone.ActiveCfg = Release|Any CPU
		{6E738CC6-5B6F-4D8A-988A-4A66A2D74BF2}.PublishWithSymbolsNoTests|iPhone.Build.0 = Release|Any CPU
		{6E738CC6-5B6F-4D8A-988A-4A66A2D74BF2}.PublishWithSymbolsNoTests|iPhoneSimulator.ActiveCfg = Release|Any CPU
		{6E738CC6-5B6F-4D8A-988A-4A66A2D74BF2}.PublishWithSymbolsNoTests|iPhoneSimulator.Build.0 = Release|Any CPU
		{6E738CC6-5B6F-4D8A-988A-4A66A2D74BF2}.PublishWithSymbolsNoTests|Mixed Platforms.ActiveCfg = Release|Any CPU
		{6E738CC6-5B6F-4D8A-988A-4A66A2D74BF2}.PublishWithSymbolsNoTests|Mixed Platforms.Build.0 = Release|Any CPU
		{6E738CC6-5B6F-4D8A-988A-4A66A2D74BF2}.PublishWithSymbolsNoTests|x86.ActiveCfg = Release|Any CPU
		{6E738CC6-5B6F-4D8A-988A-4A66A2D74BF2}.PublishWithSymbolsNoTests|x86.Build.0 = Release|Any CPU
		{6E738CC6-5B6F-4D8A-988A-4A66A2D74BF2}.PublishWithSymbolsWithoutTests|Any CPU.ActiveCfg = Release|Any CPU
		{6E738CC6-5B6F-4D8A-988A-4A66A2D74BF2}.PublishWithSymbolsWithoutTests|Any CPU.Build.0 = Release|Any CPU
		{6E738CC6-5B6F-4D8A-988A-4A66A2D74BF2}.PublishWithSymbolsWithoutTests|iPhone.ActiveCfg = Release|Any CPU
		{6E738CC6-5B6F-4D8A-988A-4A66A2D74BF2}.PublishWithSymbolsWithoutTests|iPhone.Build.0 = Release|Any CPU
		{6E738CC6-5B6F-4D8A-988A-4A66A2D74BF2}.PublishWithSymbolsWithoutTests|iPhoneSimulator.ActiveCfg = Release|Any CPU
		{6E738CC6-5B6F-4D8A-988A-4A66A2D74BF2}.PublishWithSymbolsWithoutTests|iPhoneSimulator.Build.0 = Release|Any CPU
		{6E738CC6-5B6F-4D8A-988A-4A66A2D74BF2}.PublishWithSymbolsWithoutTests|Mixed Platforms.ActiveCfg = Release|Any CPU
		{6E738CC6-5B6F-4D8A-988A-4A66A2D74BF2}.PublishWithSymbolsWithoutTests|Mixed Platforms.Build.0 = Release|Any CPU
		{6E738CC6-5B6F-4D8A-988A-4A66A2D74BF2}.PublishWithSymbolsWithoutTests|x86.ActiveCfg = Release|Any CPU
		{6E738CC6-5B6F-4D8A-988A-4A66A2D74BF2}.PublishWithSymbolsWithoutTests|x86.Build.0 = Release|Any CPU
		{6E738CC6-5B6F-4D8A-988A-4A66A2D74BF2}.Release|Any CPU.ActiveCfg = Release|Any CPU
		{6E738CC6-5B6F-4D8A-988A-4A66A2D74BF2}.Release|Any CPU.Build.0 = Release|Any CPU
		{6E738CC6-5B6F-4D8A-988A-4A66A2D74BF2}.Release|iPhone.ActiveCfg = Release|Any CPU
		{6E738CC6-5B6F-4D8A-988A-4A66A2D74BF2}.Release|iPhoneSimulator.ActiveCfg = Release|Any CPU
		{6E738CC6-5B6F-4D8A-988A-4A66A2D74BF2}.Release|Mixed Platforms.ActiveCfg = Release|Any CPU
		{6E738CC6-5B6F-4D8A-988A-4A66A2D74BF2}.Release|Mixed Platforms.Build.0 = Release|Any CPU
		{6E738CC6-5B6F-4D8A-988A-4A66A2D74BF2}.Release|x86.ActiveCfg = Release|Any CPU
		{E8458408-1810-46AF-81AF-2717C7BBB688}.Debug|Any CPU.ActiveCfg = Debug|Any CPU
		{E8458408-1810-46AF-81AF-2717C7BBB688}.Debug|Any CPU.Build.0 = Debug|Any CPU
		{E8458408-1810-46AF-81AF-2717C7BBB688}.Debug|iPhone.ActiveCfg = Debug|Any CPU
		{E8458408-1810-46AF-81AF-2717C7BBB688}.Debug|iPhoneSimulator.ActiveCfg = Debug|Any CPU
		{E8458408-1810-46AF-81AF-2717C7BBB688}.Debug|Mixed Platforms.ActiveCfg = Debug|Any CPU
		{E8458408-1810-46AF-81AF-2717C7BBB688}.Debug|Mixed Platforms.Build.0 = Debug|Any CPU
		{E8458408-1810-46AF-81AF-2717C7BBB688}.Debug|x86.ActiveCfg = Debug|Any CPU
		{E8458408-1810-46AF-81AF-2717C7BBB688}.MONO|Any CPU.ActiveCfg = Release|Any CPU
		{E8458408-1810-46AF-81AF-2717C7BBB688}.MONO|Any CPU.Build.0 = Release|Any CPU
		{E8458408-1810-46AF-81AF-2717C7BBB688}.MONO|iPhone.ActiveCfg = Release|Any CPU
		{E8458408-1810-46AF-81AF-2717C7BBB688}.MONO|iPhoneSimulator.ActiveCfg = Release|Any CPU
		{E8458408-1810-46AF-81AF-2717C7BBB688}.MONO|Mixed Platforms.ActiveCfg = Release|Any CPU
		{E8458408-1810-46AF-81AF-2717C7BBB688}.MONO|Mixed Platforms.Build.0 = Release|Any CPU
		{E8458408-1810-46AF-81AF-2717C7BBB688}.MONO|x86.ActiveCfg = Release|Any CPU
		{E8458408-1810-46AF-81AF-2717C7BBB688}.PlublishWithSymbolsNoTestsNoAddin|Any CPU.ActiveCfg = Release|Any CPU
		{E8458408-1810-46AF-81AF-2717C7BBB688}.PlublishWithSymbolsNoTestsNoAddin|Any CPU.Build.0 = Release|Any CPU
		{E8458408-1810-46AF-81AF-2717C7BBB688}.PlublishWithSymbolsNoTestsNoAddin|iPhone.ActiveCfg = Release|Any CPU
		{E8458408-1810-46AF-81AF-2717C7BBB688}.PlublishWithSymbolsNoTestsNoAddin|iPhoneSimulator.ActiveCfg = Release|Any CPU
		{E8458408-1810-46AF-81AF-2717C7BBB688}.PlublishWithSymbolsNoTestsNoAddin|Mixed Platforms.ActiveCfg = Release|Any CPU
		{E8458408-1810-46AF-81AF-2717C7BBB688}.PlublishWithSymbolsNoTestsNoAddin|Mixed Platforms.Build.0 = Release|Any CPU
		{E8458408-1810-46AF-81AF-2717C7BBB688}.PlublishWithSymbolsNoTestsNoAddin|x86.ActiveCfg = Release|Any CPU
		{E8458408-1810-46AF-81AF-2717C7BBB688}.PublishWithSymbols|Any CPU.ActiveCfg = Release|Any CPU
		{E8458408-1810-46AF-81AF-2717C7BBB688}.PublishWithSymbols|Any CPU.Build.0 = Release|Any CPU
		{E8458408-1810-46AF-81AF-2717C7BBB688}.PublishWithSymbols|iPhone.ActiveCfg = Release|Any CPU
		{E8458408-1810-46AF-81AF-2717C7BBB688}.PublishWithSymbols|iPhoneSimulator.ActiveCfg = Release|Any CPU
		{E8458408-1810-46AF-81AF-2717C7BBB688}.PublishWithSymbols|Mixed Platforms.ActiveCfg = Release|Any CPU
		{E8458408-1810-46AF-81AF-2717C7BBB688}.PublishWithSymbols|Mixed Platforms.Build.0 = Release|Any CPU
		{E8458408-1810-46AF-81AF-2717C7BBB688}.PublishWithSymbols|x86.ActiveCfg = Release|Any CPU
		{E8458408-1810-46AF-81AF-2717C7BBB688}.PublishWithSymbolsNoTests|Any CPU.ActiveCfg = Release|Any CPU
		{E8458408-1810-46AF-81AF-2717C7BBB688}.PublishWithSymbolsNoTests|Any CPU.Build.0 = Release|Any CPU
		{E8458408-1810-46AF-81AF-2717C7BBB688}.PublishWithSymbolsNoTests|iPhone.ActiveCfg = Release|Any CPU
		{E8458408-1810-46AF-81AF-2717C7BBB688}.PublishWithSymbolsNoTests|iPhone.Build.0 = Release|Any CPU
		{E8458408-1810-46AF-81AF-2717C7BBB688}.PublishWithSymbolsNoTests|iPhoneSimulator.ActiveCfg = Release|Any CPU
		{E8458408-1810-46AF-81AF-2717C7BBB688}.PublishWithSymbolsNoTests|iPhoneSimulator.Build.0 = Release|Any CPU
		{E8458408-1810-46AF-81AF-2717C7BBB688}.PublishWithSymbolsNoTests|Mixed Platforms.ActiveCfg = Release|Any CPU
		{E8458408-1810-46AF-81AF-2717C7BBB688}.PublishWithSymbolsNoTests|Mixed Platforms.Build.0 = Release|Any CPU
		{E8458408-1810-46AF-81AF-2717C7BBB688}.PublishWithSymbolsNoTests|x86.ActiveCfg = Release|Any CPU
		{E8458408-1810-46AF-81AF-2717C7BBB688}.PublishWithSymbolsNoTests|x86.Build.0 = Release|Any CPU
		{E8458408-1810-46AF-81AF-2717C7BBB688}.PublishWithSymbolsWithoutTests|Any CPU.ActiveCfg = Release|Any CPU
		{E8458408-1810-46AF-81AF-2717C7BBB688}.PublishWithSymbolsWithoutTests|Any CPU.Build.0 = Release|Any CPU
		{E8458408-1810-46AF-81AF-2717C7BBB688}.PublishWithSymbolsWithoutTests|iPhone.ActiveCfg = Release|Any CPU
		{E8458408-1810-46AF-81AF-2717C7BBB688}.PublishWithSymbolsWithoutTests|iPhone.Build.0 = Release|Any CPU
		{E8458408-1810-46AF-81AF-2717C7BBB688}.PublishWithSymbolsWithoutTests|iPhoneSimulator.ActiveCfg = Release|Any CPU
		{E8458408-1810-46AF-81AF-2717C7BBB688}.PublishWithSymbolsWithoutTests|iPhoneSimulator.Build.0 = Release|Any CPU
		{E8458408-1810-46AF-81AF-2717C7BBB688}.PublishWithSymbolsWithoutTests|Mixed Platforms.ActiveCfg = Release|Any CPU
		{E8458408-1810-46AF-81AF-2717C7BBB688}.PublishWithSymbolsWithoutTests|Mixed Platforms.Build.0 = Release|Any CPU
		{E8458408-1810-46AF-81AF-2717C7BBB688}.PublishWithSymbolsWithoutTests|x86.ActiveCfg = Release|Any CPU
		{E8458408-1810-46AF-81AF-2717C7BBB688}.PublishWithSymbolsWithoutTests|x86.Build.0 = Release|Any CPU
		{E8458408-1810-46AF-81AF-2717C7BBB688}.Release|Any CPU.ActiveCfg = Release|Any CPU
		{E8458408-1810-46AF-81AF-2717C7BBB688}.Release|Any CPU.Build.0 = Release|Any CPU
		{E8458408-1810-46AF-81AF-2717C7BBB688}.Release|iPhone.ActiveCfg = Release|Any CPU
		{E8458408-1810-46AF-81AF-2717C7BBB688}.Release|iPhoneSimulator.ActiveCfg = Release|Any CPU
		{E8458408-1810-46AF-81AF-2717C7BBB688}.Release|Mixed Platforms.ActiveCfg = Release|Any CPU
		{E8458408-1810-46AF-81AF-2717C7BBB688}.Release|Mixed Platforms.Build.0 = Release|Any CPU
		{E8458408-1810-46AF-81AF-2717C7BBB688}.Release|x86.ActiveCfg = Release|Any CPU
		{57139405-3A84-4D2A-B540-89FDCC61EA9F}.Debug|Any CPU.ActiveCfg = Debug|Any CPU
		{57139405-3A84-4D2A-B540-89FDCC61EA9F}.Debug|Any CPU.Build.0 = Debug|Any CPU
		{57139405-3A84-4D2A-B540-89FDCC61EA9F}.Debug|iPhone.ActiveCfg = Debug|Any CPU
		{57139405-3A84-4D2A-B540-89FDCC61EA9F}.Debug|iPhoneSimulator.ActiveCfg = Debug|Any CPU
		{57139405-3A84-4D2A-B540-89FDCC61EA9F}.Debug|Mixed Platforms.ActiveCfg = Debug|Any CPU
		{57139405-3A84-4D2A-B540-89FDCC61EA9F}.Debug|Mixed Platforms.Build.0 = Debug|Any CPU
		{57139405-3A84-4D2A-B540-89FDCC61EA9F}.Debug|x86.ActiveCfg = Debug|Any CPU
		{57139405-3A84-4D2A-B540-89FDCC61EA9F}.MONO|Any CPU.ActiveCfg = Release|Any CPU
		{57139405-3A84-4D2A-B540-89FDCC61EA9F}.MONO|Any CPU.Build.0 = Release|Any CPU
		{57139405-3A84-4D2A-B540-89FDCC61EA9F}.MONO|iPhone.ActiveCfg = Release|Any CPU
		{57139405-3A84-4D2A-B540-89FDCC61EA9F}.MONO|iPhoneSimulator.ActiveCfg = Release|Any CPU
		{57139405-3A84-4D2A-B540-89FDCC61EA9F}.MONO|Mixed Platforms.ActiveCfg = Release|Any CPU
		{57139405-3A84-4D2A-B540-89FDCC61EA9F}.MONO|Mixed Platforms.Build.0 = Release|Any CPU
		{57139405-3A84-4D2A-B540-89FDCC61EA9F}.MONO|x86.ActiveCfg = Release|Any CPU
		{57139405-3A84-4D2A-B540-89FDCC61EA9F}.PlublishWithSymbolsNoTestsNoAddin|Any CPU.ActiveCfg = Release|Any CPU
		{57139405-3A84-4D2A-B540-89FDCC61EA9F}.PlublishWithSymbolsNoTestsNoAddin|Any CPU.Build.0 = Release|Any CPU
		{57139405-3A84-4D2A-B540-89FDCC61EA9F}.PlublishWithSymbolsNoTestsNoAddin|iPhone.ActiveCfg = Release|Any CPU
		{57139405-3A84-4D2A-B540-89FDCC61EA9F}.PlublishWithSymbolsNoTestsNoAddin|iPhoneSimulator.ActiveCfg = Release|Any CPU
		{57139405-3A84-4D2A-B540-89FDCC61EA9F}.PlublishWithSymbolsNoTestsNoAddin|Mixed Platforms.ActiveCfg = Release|Any CPU
		{57139405-3A84-4D2A-B540-89FDCC61EA9F}.PlublishWithSymbolsNoTestsNoAddin|Mixed Platforms.Build.0 = Release|Any CPU
		{57139405-3A84-4D2A-B540-89FDCC61EA9F}.PlublishWithSymbolsNoTestsNoAddin|x86.ActiveCfg = Release|Any CPU
		{57139405-3A84-4D2A-B540-89FDCC61EA9F}.PublishWithSymbols|Any CPU.ActiveCfg = Release|Any CPU
		{57139405-3A84-4D2A-B540-89FDCC61EA9F}.PublishWithSymbols|Any CPU.Build.0 = Release|Any CPU
		{57139405-3A84-4D2A-B540-89FDCC61EA9F}.PublishWithSymbols|iPhone.ActiveCfg = Release|Any CPU
		{57139405-3A84-4D2A-B540-89FDCC61EA9F}.PublishWithSymbols|iPhoneSimulator.ActiveCfg = Release|Any CPU
		{57139405-3A84-4D2A-B540-89FDCC61EA9F}.PublishWithSymbols|Mixed Platforms.ActiveCfg = Release|Any CPU
		{57139405-3A84-4D2A-B540-89FDCC61EA9F}.PublishWithSymbols|Mixed Platforms.Build.0 = Release|Any CPU
		{57139405-3A84-4D2A-B540-89FDCC61EA9F}.PublishWithSymbols|x86.ActiveCfg = Release|Any CPU
		{57139405-3A84-4D2A-B540-89FDCC61EA9F}.PublishWithSymbolsNoTests|Any CPU.ActiveCfg = Release|Any CPU
		{57139405-3A84-4D2A-B540-89FDCC61EA9F}.PublishWithSymbolsNoTests|Any CPU.Build.0 = Release|Any CPU
		{57139405-3A84-4D2A-B540-89FDCC61EA9F}.PublishWithSymbolsNoTests|iPhone.ActiveCfg = Release|Any CPU
		{57139405-3A84-4D2A-B540-89FDCC61EA9F}.PublishWithSymbolsNoTests|iPhone.Build.0 = Release|Any CPU
		{57139405-3A84-4D2A-B540-89FDCC61EA9F}.PublishWithSymbolsNoTests|iPhoneSimulator.ActiveCfg = Release|Any CPU
		{57139405-3A84-4D2A-B540-89FDCC61EA9F}.PublishWithSymbolsNoTests|iPhoneSimulator.Build.0 = Release|Any CPU
		{57139405-3A84-4D2A-B540-89FDCC61EA9F}.PublishWithSymbolsNoTests|Mixed Platforms.ActiveCfg = Release|Any CPU
		{57139405-3A84-4D2A-B540-89FDCC61EA9F}.PublishWithSymbolsNoTests|Mixed Platforms.Build.0 = Release|Any CPU
		{57139405-3A84-4D2A-B540-89FDCC61EA9F}.PublishWithSymbolsNoTests|x86.ActiveCfg = Release|Any CPU
		{57139405-3A84-4D2A-B540-89FDCC61EA9F}.PublishWithSymbolsNoTests|x86.Build.0 = Release|Any CPU
		{57139405-3A84-4D2A-B540-89FDCC61EA9F}.PublishWithSymbolsWithoutTests|Any CPU.ActiveCfg = Release|Any CPU
		{57139405-3A84-4D2A-B540-89FDCC61EA9F}.PublishWithSymbolsWithoutTests|Any CPU.Build.0 = Release|Any CPU
		{57139405-3A84-4D2A-B540-89FDCC61EA9F}.PublishWithSymbolsWithoutTests|iPhone.ActiveCfg = Release|Any CPU
		{57139405-3A84-4D2A-B540-89FDCC61EA9F}.PublishWithSymbolsWithoutTests|iPhone.Build.0 = Release|Any CPU
		{57139405-3A84-4D2A-B540-89FDCC61EA9F}.PublishWithSymbolsWithoutTests|iPhoneSimulator.ActiveCfg = Release|Any CPU
		{57139405-3A84-4D2A-B540-89FDCC61EA9F}.PublishWithSymbolsWithoutTests|iPhoneSimulator.Build.0 = Release|Any CPU
		{57139405-3A84-4D2A-B540-89FDCC61EA9F}.PublishWithSymbolsWithoutTests|Mixed Platforms.ActiveCfg = Release|Any CPU
		{57139405-3A84-4D2A-B540-89FDCC61EA9F}.PublishWithSymbolsWithoutTests|Mixed Platforms.Build.0 = Release|Any CPU
		{57139405-3A84-4D2A-B540-89FDCC61EA9F}.PublishWithSymbolsWithoutTests|x86.ActiveCfg = Release|Any CPU
		{57139405-3A84-4D2A-B540-89FDCC61EA9F}.PublishWithSymbolsWithoutTests|x86.Build.0 = Release|Any CPU
		{57139405-3A84-4D2A-B540-89FDCC61EA9F}.Release|Any CPU.ActiveCfg = Release|Any CPU
		{57139405-3A84-4D2A-B540-89FDCC61EA9F}.Release|Any CPU.Build.0 = Release|Any CPU
		{57139405-3A84-4D2A-B540-89FDCC61EA9F}.Release|iPhone.ActiveCfg = Release|Any CPU
		{57139405-3A84-4D2A-B540-89FDCC61EA9F}.Release|iPhoneSimulator.ActiveCfg = Release|Any CPU
		{57139405-3A84-4D2A-B540-89FDCC61EA9F}.Release|Mixed Platforms.ActiveCfg = Release|Any CPU
		{57139405-3A84-4D2A-B540-89FDCC61EA9F}.Release|Mixed Platforms.Build.0 = Release|Any CPU
		{57139405-3A84-4D2A-B540-89FDCC61EA9F}.Release|x86.ActiveCfg = Release|Any CPU
	EndGlobalSection
	GlobalSection(SolutionProperties) = preSolution
		HideSolutionNode = FALSE
	EndGlobalSection
	GlobalSection(NestedProjects) = preSolution
		{0AE48BF2-B10C-4535-9AAC-C400698CA662} = {5103E9CD-6A2A-4AD0-B4D1-B57504261FCF}
		{A31F417E-791C-4374-B6D3-785B6C24A133} = {FD531B3D-9779-4DAF-BCE8-FF3D45FEAF3C}
		{816B0F31-AC67-4646-A26B-C0D519D65ED6} = {FD531B3D-9779-4DAF-BCE8-FF3D45FEAF3C}
		{BC486641-E761-48CE-B9A4-F4DBB9E3C6CD} = {FD531B3D-9779-4DAF-BCE8-FF3D45FEAF3C}
		{B78C7FC2-857C-4049-9A08-E1FFC8E44E2F} = {FD531B3D-9779-4DAF-BCE8-FF3D45FEAF3C}
		{F39DD494-29EF-4F9C-BA62-8DBC5BF25A36} = {FD531B3D-9779-4DAF-BCE8-FF3D45FEAF3C}
		{82DFA36E-87D4-4FFB-955F-E3E82D0F3A60} = {23A2FAA9-E51F-4479-BF2A-77E930A6A5BD}
		{FEE1249B-7A44-4728-AF81-A27D82B480B3} = {FD531B3D-9779-4DAF-BCE8-FF3D45FEAF3C}
		{57139405-3A84-4D2A-B540-89FDCC61EA9F} = {FD531B3D-9779-4DAF-BCE8-FF3D45FEAF3C}
	EndGlobalSection
	GlobalSection(ExtensibilityGlobals) = postSolution
		SolutionGuid = {4CDB503A-375B-4607-83C1-E67BF2C4956D}
		EnterpriseLibraryConfigurationToolBinariesPathV6 = packages\EnterpriseLibrary.TransientFaultHandling.6.0.1304.0\lib\portable-net45+win+wp8;packages\EnterpriseLibrary.TransientFaultHandling.Data.6.0.1304.1\lib\NET45
		EnterpriseLibraryConfigurationToolBinariesPath = packages\TransientFaultHandling.Core.5.1.1209.1\lib\NET4
	EndGlobalSection
	GlobalSection(MonoDevelopProperties) = preSolution
		StartupItem = DataAccess.SqlServer\DataAccess.SqlServer.csproj
	EndGlobalSection
EndGlobal
