
Microsoft Visual Studio Solution File, Format Version 12.00
# Visual Studio 2012
Project("{2150E333-8FDC-42A3-9474-1A3956D46DE8}") = "Implementation", "Implementation", "{FD531B3D-9779-4DAF-BCE8-FF3D45FEAF3C}"
EndProject
Project("{FAE04EC0-301F-11D3-BF4B-00C04F79EFBC}") = "DataAccess.SqlServer", "DataAccess.SqlServer\DataAccess.SqlServer.csproj", "{A31F417E-791C-4374-B6D3-785B6C24A133}"
EndProject
Project("{FAE04EC0-301F-11D3-BF4B-00C04F79EFBC}") = "DataAccess.Core", "DataAccess.Core\DataAccess.Core.csproj", "{816B0F31-AC67-4646-A26B-C0D519D65ED6}"
EndProject
Project("{FAE04EC0-301F-11D3-BF4B-00C04F79EFBC}") = "DataAccess.MySql", "DataAccess.MySql\DataAccess.MySql.csproj", "{BC486641-E761-48CE-B9A4-F4DBB9E3C6CD}"
EndProject
Project("{FAE04EC0-301F-11D3-BF4B-00C04F79EFBC}") = "DataAccess.SQLite", "DataAccess.SQLite\DataAccess.SQLite.csproj", "{B78C7FC2-857C-4049-9A08-E1FFC8E44E2F}"
EndProject
Project("{FAE04EC0-301F-11D3-BF4B-00C04F79EFBC}") = "DataAccess.PostgreSQL", "DataAccess.PostgreSQL\DataAccess.PostgreSQL.csproj", "{F39DD494-29EF-4F9C-BA62-8DBC5BF25A36}"
EndProject
Project("{FAE04EC0-301F-11D3-BF4B-00C04F79EFBC}") = "DataAccess.Extensions", "DataAccess.Extensions\DataAccess.Extensions.csproj", "{560C7F80-EA72-4099-AF70-878E6AA9D76D}"
EndProject
Project("{2150E333-8FDC-42A3-9474-1A3956D46DE8}") = "Tests", "Tests", "{0AE48BF2-B10C-4535-9AAC-C400698CA662}"
EndProject
Project("{FAE04EC0-301F-11D3-BF4B-00C04F79EFBC}") = "DataAccess.DatabaseTests", "DataAccess.DatabaseTests\DataAccess.DatabaseTests.csproj", "{563BA308-B3A8-43C7-BEE7-1914A12ACB44}"
EndProject
Project("{2150E333-8FDC-42A3-9474-1A3956D46DE8}") = "Solution Items", "Solution Items", "{5103E9CD-6A2A-4AD0-B4D1-B57504261FCF}"
	ProjectSection(SolutionItems) = preProject
		License.txt = License.txt
		SharedAssemblyInfo.cs = SharedAssemblyInfo.cs
		TestSettings1.testsettings = TestSettings1.testsettings
	EndProjectSection
EndProject
Project("{FAE04EC0-301F-11D3-BF4B-00C04F79EFBC}") = "PerformanceHarness", "PerformanceHarness\PerformanceHarness.csproj", "{521672C1-D9CB-40C3-A773-353DF371C13B}"
EndProject
Project("{2150E333-8FDC-42A3-9474-1A3956D46DE8}") = "References", "References", "{34D6B17C-7F83-4BD1-AC31-6E04660C876E}"
EndProject
Project("{2150E333-8FDC-42A3-9474-1A3956D46DE8}") = "NuGet", "NuGet", "{23A2FAA9-E51F-4479-BF2A-77E930A6A5BD}"
EndProject
Project("{FAE04EC0-301F-11D3-BF4B-00C04F79EFBC}") = "NuGetPackages", "NuGetPackages\NuGetPackages.csproj", "{82DFA36E-87D4-4FFB-955F-E3E82D0F3A60}"
EndProject
Project("{FAE04EC0-301F-11D3-BF4B-00C04F79EFBC}") = "DataAccess.Samples", "DataAccess.Samples\DataAccess.Samples.csproj", "{E107BC63-DA29-404D-905D-5B32F835720E}"
EndProject
Project("{FAE04EC0-301F-11D3-BF4B-00C04F79EFBC}") = "SauceClassGeneration", "SauceClassGeneration\SauceClassGeneration.csproj", "{DED27937-EC78-4EA7-8A5A-41EF07A80507}"
EndProject
Project("{2150E333-8FDC-42A3-9474-1A3956D46DE8}") = "Visual Studio Extension", "Visual Studio Extension", "{0ADBFDE8-9053-4C2E-BD8A-E3650CE322E7}"
EndProject
Project("{2150E333-8FDC-42A3-9474-1A3956D46DE8}") = "Xamarin", "Xamarin", "{BCD86167-C818-4A0A-AF74-E5511C7647C5}"
EndProject
Project("{FAE04EC0-301F-11D3-BF4B-00C04F79EFBC}") = "DataAccess.Advantage", "DataAccess.Advantage\DataAccess.Advantage.csproj", "{FEE1249B-7A44-4728-AF81-A27D82B480B3}"
EndProject
Project("{FAE04EC0-301F-11D3-BF4B-00C04F79EFBC}") = "DataAccess.Migrations", "DataAccess.Migrations\DataAccess.Migrations.csproj", "{6E738CC6-5B6F-4D8A-988A-4A66A2D74BF2}"
EndProject
Project("{FAE04EC0-301F-11D3-BF4B-00C04F79EFBC}") = "Migrations", "Migrations\Migrations.csproj", "{E8458408-1810-46AF-81AF-2717C7BBB688}"
EndProject
Project("{FAE04EC0-301F-11D3-BF4B-00C04F79EFBC}") = "DataAccess.DataBind", "DataAccess.DataBind\DataAccess.DataBind.csproj", "{25DA4FBC-FEE3-4216-A42D-2C02C25A7942}"
EndProject
Project("{FAE04EC0-301F-11D3-BF4B-00C04F79EFBC}") = "DataAccess.SqlCompact", "DataAccess.SqlCompact\DataAccess.SqlCompact.csproj", "{33E33E37-E287-4ABA-8A1B-77E330FBB272}"
EndProject
Project("{FAE04EC0-301F-11D3-BF4B-00C04F79EFBC}") = "DataAccess.Async", "DataAccess.Async\DataAccess.Async.csproj", "{5D603DD5-907D-46FB-85CE-ECD05FFB76ED}"
EndProject
Project("{FAE04EC0-301F-11D3-BF4B-00C04F79EFBC}") = "DataAccess.SqlAzure", "DataAccess.SqlAzure\DataAccess.SqlAzure.csproj", "{57139405-3A84-4D2A-B540-89FDCC61EA9F}"
EndProject
Global
	GlobalSection(TeamFoundationVersionControl) = preSolution
		SccNumberOfProjects = 19
		SccEnterpriseProvider = {4CA58AB2-18FA-4F8D-95D4-32DDF27D184C}
		SccTeamFoundationServer = https://tfs.codeplex.com/tfs/tfs01
		SccLocalPath0 = .
		SccProjectUniqueName1 = DataAccess.Core\\DataAccess.Core.csproj
		SccProjectTopLevelParentUniqueName1 = DataAccessV2.sln
		SccProjectName1 = DataAccess.Core
		SccLocalPath1 = DataAccess.Core
		SccProjectUniqueName2 = DataAccess.SqlServer\\DataAccess.SqlServer.csproj
		SccProjectTopLevelParentUniqueName2 = DataAccessV2.sln
		SccProjectName2 = DataAccess.SqlServer
		SccLocalPath2 = DataAccess.SqlServer
		SccProjectUniqueName3 = DataAccess.MySql\\DataAccess.MySql.csproj
		SccProjectTopLevelParentUniqueName3 = DataAccessV2.sln
		SccProjectName3 = DataAccess.MySql
		SccLocalPath3 = DataAccess.MySql
		SccProjectUniqueName4 = DataAccess.SQLite\\DataAccess.SQLite.csproj
		SccProjectTopLevelParentUniqueName4 = DataAccessV2.sln
		SccProjectName4 = DataAccess.SQLite
		SccLocalPath4 = DataAccess.SQLite
		SccProjectUniqueName5 = DataAccess.DatabaseTests\\DataAccess.DatabaseTests.csproj
		SccProjectTopLevelParentUniqueName5 = DataAccessV2.sln
		SccProjectName5 = DataAccess.DatabaseTests
		SccLocalPath5 = DataAccess.DatabaseTests
		SccProjectUniqueName6 = DataAccess.PostgreSQL\\DataAccess.PostgreSQL.csproj
		SccProjectTopLevelParentUniqueName6 = DataAccessV2.sln
		SccProjectName6 = DataAccess.PostgreSQL
		SccLocalPath6 = DataAccess.PostgreSQL
		SccProjectUniqueName7 = DataAccess.Extensions\\DataAccess.Extensions.csproj
		SccProjectTopLevelParentUniqueName7 = DataAccessV2.sln
		SccProjectName7 = DataAccess.Extensions
		SccLocalPath7 = DataAccess.Extensions
		SccProjectUniqueName8 = PerformanceHarness\\PerformanceHarness.csproj
		SccProjectName8 = PerformanceHarness
		SccLocalPath8 = PerformanceHarness
		SccProjectUniqueName9 = NuGetPackages\\NuGetPackages.csproj
		SccProjectTopLevelParentUniqueName9 = DataAccessV2.sln
		SccProjectName9 = NuGetPackages
		SccLocalPath9 = NuGetPackages
		SccProjectUniqueName10 = DataAccess.Samples\\DataAccess.Samples.csproj
		SccProjectTopLevelParentUniqueName10 = DataAccessV2.sln
		SccProjectName10 = DataAccess.Samples
		SccLocalPath10 = DataAccess.Samples
		SccProjectUniqueName11 = SauceClassGeneration\\SauceClassGeneration.csproj
		SccProjectTopLevelParentUniqueName11 = DataAccessV2.sln
		SccProjectName11 = SauceClassGeneration
		SccLocalPath11 = SauceClassGeneration
		SccProjectUniqueName12 = DataAccess.Migrations\\DataAccess.Migrations.csproj
		SccProjectName12 = DataAccess.Migrations
		SccLocalPath12 = DataAccess.Migrations
		SccProjectUniqueName13 = Migrations\\Migrations.csproj
		SccProjectName13 = Migrations
		SccLocalPath13 = Migrations
		SccProjectUniqueName14 = DataAccess.Advantage\\DataAccess.Advantage.csproj
		SccProjectTopLevelParentUniqueName14 = DataAccessV2.sln
		SccProjectName14 = DataAccess.Advantage
		SccLocalPath14 = DataAccess.Advantage
		SccProjectUniqueName15 = DataAccess.DataBind\\DataAccess.DataBind.csproj
		SccProjectTopLevelParentUniqueName15 = DataAccessV2.sln
		SccProjectName15 = DataAccess.DataBind
		SccLocalPath15 = DataAccess.DataBind
		SccProjectUniqueName16 = DataAccess.SqlCompact\\DataAccess.SqlCompact.csproj
		SccProjectTopLevelParentUniqueName16 = DataAccessV2.sln
		SccProjectName16 = DataAccess.SqlCompact
		SccLocalPath16 = DataAccess.SqlCompact
		SccProjectUniqueName17 = DataAccess.Async\\DataAccess.Async.csproj
		SccProjectTopLevelParentUniqueName17 = DataAccessV2.sln
		SccProjectName17 = DataAccess.Async
		SccLocalPath17 = DataAccess.Async
		SccProjectUniqueName18 = DataAccess.SqlAzure\\DataAccess.SqlAzure.csproj
		SccProjectTopLevelParentUniqueName18 = DataAccessV2.sln
		SccProjectName18 = DataAccess.SqlAzure
		SccLocalPath18 = DataAccess.SqlAzure
	EndGlobalSection
	GlobalSection(SolutionConfigurationPlatforms) = preSolution
		Debug|Any CPU = Debug|Any CPU
		Debug|iPhone = Debug|iPhone
		Debug|iPhoneSimulator = Debug|iPhoneSimulator
		Debug|Mixed Platforms = Debug|Mixed Platforms
		Debug|x86 = Debug|x86
		MONO|Any CPU = MONO|Any CPU
		MONO|iPhone = MONO|iPhone
		MONO|iPhoneSimulator = MONO|iPhoneSimulator
		MONO|Mixed Platforms = MONO|Mixed Platforms
		MONO|x86 = MONO|x86
		PlublishWithSymbolsNoTestsNoAddin|Any CPU = PlublishWithSymbolsNoTestsNoAddin|Any CPU
		PlublishWithSymbolsNoTestsNoAddin|iPhone = PlublishWithSymbolsNoTestsNoAddin|iPhone
		PlublishWithSymbolsNoTestsNoAddin|iPhoneSimulator = PlublishWithSymbolsNoTestsNoAddin|iPhoneSimulator
		PlublishWithSymbolsNoTestsNoAddin|Mixed Platforms = PlublishWithSymbolsNoTestsNoAddin|Mixed Platforms
		PlublishWithSymbolsNoTestsNoAddin|x86 = PlublishWithSymbolsNoTestsNoAddin|x86
		PublishWithSymbols|Any CPU = PublishWithSymbols|Any CPU
		PublishWithSymbols|iPhone = PublishWithSymbols|iPhone
		PublishWithSymbols|iPhoneSimulator = PublishWithSymbols|iPhoneSimulator
		PublishWithSymbols|Mixed Platforms = PublishWithSymbols|Mixed Platforms
		PublishWithSymbols|x86 = PublishWithSymbols|x86
		Release|Any CPU = Release|Any CPU
		Release|iPhone = Release|iPhone
		Release|iPhoneSimulator = Release|iPhoneSimulator
		Release|Mixed Platforms = Release|Mixed Platforms
		Release|x86 = Release|x86
	EndGlobalSection
	GlobalSection(ProjectConfigurationPlatforms) = postSolution
		{A31F417E-791C-4374-B6D3-785B6C24A133}.Debug|Any CPU.ActiveCfg = Debug|Any CPU
		{A31F417E-791C-4374-B6D3-785B6C24A133}.Debug|Any CPU.Build.0 = Debug|Any CPU
		{A31F417E-791C-4374-B6D3-785B6C24A133}.Debug|iPhone.ActiveCfg = Debug|Any CPU
		{A31F417E-791C-4374-B6D3-785B6C24A133}.Debug|iPhoneSimulator.ActiveCfg = Debug|Any CPU
		{A31F417E-791C-4374-B6D3-785B6C24A133}.Debug|Mixed Platforms.ActiveCfg = Debug|Any CPU
		{A31F417E-791C-4374-B6D3-785B6C24A133}.Debug|Mixed Platforms.Build.0 = Debug|Any CPU
		{A31F417E-791C-4374-B6D3-785B6C24A133}.Debug|x86.ActiveCfg = Debug|Any CPU
		{A31F417E-791C-4374-B6D3-785B6C24A133}.MONO|Any CPU.ActiveCfg = MONO|Any CPU
		{A31F417E-791C-4374-B6D3-785B6C24A133}.MONO|iPhone.ActiveCfg = MONO|Any CPU
		{A31F417E-791C-4374-B6D3-785B6C24A133}.MONO|iPhoneSimulator.ActiveCfg = MONO|Any CPU
		{A31F417E-791C-4374-B6D3-785B6C24A133}.MONO|Mixed Platforms.ActiveCfg = MONO|Any CPU
		{A31F417E-791C-4374-B6D3-785B6C24A133}.MONO|Mixed Platforms.Build.0 = MONO|Any CPU
		{A31F417E-791C-4374-B6D3-785B6C24A133}.MONO|x86.ActiveCfg = MONO|Any CPU
		{A31F417E-791C-4374-B6D3-785B6C24A133}.PlublishWithSymbolsNoTestsNoAddin|Any CPU.ActiveCfg = PlublishWithSymbolsNoTestsNoAddin|Any CPU
		{A31F417E-791C-4374-B6D3-785B6C24A133}.PlublishWithSymbolsNoTestsNoAddin|Any CPU.Build.0 = PlublishWithSymbolsNoTestsNoAddin|Any CPU
		{A31F417E-791C-4374-B6D3-785B6C24A133}.PlublishWithSymbolsNoTestsNoAddin|iPhone.ActiveCfg = PlublishWithSymbolsNoTestsNoAddin|Any CPU
		{A31F417E-791C-4374-B6D3-785B6C24A133}.PlublishWithSymbolsNoTestsNoAddin|iPhoneSimulator.ActiveCfg = PlublishWithSymbolsNoTestsNoAddin|Any CPU
		{A31F417E-791C-4374-B6D3-785B6C24A133}.PlublishWithSymbolsNoTestsNoAddin|Mixed Platforms.ActiveCfg = PlublishWithSymbolsNoTestsNoAddin|Any CPU
		{A31F417E-791C-4374-B6D3-785B6C24A133}.PlublishWithSymbolsNoTestsNoAddin|Mixed Platforms.Build.0 = PlublishWithSymbolsNoTestsNoAddin|Any CPU
		{A31F417E-791C-4374-B6D3-785B6C24A133}.PlublishWithSymbolsNoTestsNoAddin|x86.ActiveCfg = PlublishWithSymbolsNoTestsNoAddin|Any CPU
		{A31F417E-791C-4374-B6D3-785B6C24A133}.PublishWithSymbols|Any CPU.ActiveCfg = PublishWithSymbols|Any CPU
		{A31F417E-791C-4374-B6D3-785B6C24A133}.PublishWithSymbols|Any CPU.Build.0 = PublishWithSymbols|Any CPU
		{A31F417E-791C-4374-B6D3-785B6C24A133}.PublishWithSymbols|iPhone.ActiveCfg = PublishWithSymbols|Any CPU
		{A31F417E-791C-4374-B6D3-785B6C24A133}.PublishWithSymbols|iPhoneSimulator.ActiveCfg = PublishWithSymbols|Any CPU
		{A31F417E-791C-4374-B6D3-785B6C24A133}.PublishWithSymbols|Mixed Platforms.ActiveCfg = PublishWithSymbols|Any CPU
		{A31F417E-791C-4374-B6D3-785B6C24A133}.PublishWithSymbols|Mixed Platforms.Build.0 = PublishWithSymbols|Any CPU
		{A31F417E-791C-4374-B6D3-785B6C24A133}.PublishWithSymbols|x86.ActiveCfg = PublishWithSymbols|Any CPU
		{A31F417E-791C-4374-B6D3-785B6C24A133}.Release|Any CPU.ActiveCfg = Release|Any CPU
		{A31F417E-791C-4374-B6D3-785B6C24A133}.Release|Any CPU.Build.0 = Release|Any CPU
		{A31F417E-791C-4374-B6D3-785B6C24A133}.Release|iPhone.ActiveCfg = Release|Any CPU
		{A31F417E-791C-4374-B6D3-785B6C24A133}.Release|iPhoneSimulator.ActiveCfg = Release|Any CPU
		{A31F417E-791C-4374-B6D3-785B6C24A133}.Release|Mixed Platforms.ActiveCfg = Release|Any CPU
		{A31F417E-791C-4374-B6D3-785B6C24A133}.Release|Mixed Platforms.Build.0 = Release|Any CPU
		{A31F417E-791C-4374-B6D3-785B6C24A133}.Release|x86.ActiveCfg = Release|Any CPU
		{816B0F31-AC67-4646-A26B-C0D519D65ED6}.Debug|Any CPU.ActiveCfg = Debug|Any CPU
		{816B0F31-AC67-4646-A26B-C0D519D65ED6}.Debug|Any CPU.Build.0 = Debug|Any CPU
		{816B0F31-AC67-4646-A26B-C0D519D65ED6}.Debug|iPhone.ActiveCfg = Debug|Any CPU
		{816B0F31-AC67-4646-A26B-C0D519D65ED6}.Debug|iPhoneSimulator.ActiveCfg = Debug|Any CPU
		{816B0F31-AC67-4646-A26B-C0D519D65ED6}.Debug|Mixed Platforms.ActiveCfg = Debug|Any CPU
		{816B0F31-AC67-4646-A26B-C0D519D65ED6}.Debug|Mixed Platforms.Build.0 = Debug|Any CPU
		{816B0F31-AC67-4646-A26B-C0D519D65ED6}.Debug|x86.ActiveCfg = Debug|Any CPU
		{816B0F31-AC67-4646-A26B-C0D519D65ED6}.MONO|Any CPU.ActiveCfg = MONO|Any CPU
		{816B0F31-AC67-4646-A26B-C0D519D65ED6}.MONO|Any CPU.Build.0 = MONO|Any CPU
		{816B0F31-AC67-4646-A26B-C0D519D65ED6}.MONO|iPhone.ActiveCfg = MONO|Any CPU
		{816B0F31-AC67-4646-A26B-C0D519D65ED6}.MONO|iPhoneSimulator.ActiveCfg = MONO|Any CPU
		{816B0F31-AC67-4646-A26B-C0D519D65ED6}.MONO|Mixed Platforms.ActiveCfg = MONO|Any CPU
		{816B0F31-AC67-4646-A26B-C0D519D65ED6}.MONO|Mixed Platforms.Build.0 = MONO|Any CPU
		{816B0F31-AC67-4646-A26B-C0D519D65ED6}.MONO|x86.ActiveCfg = MONO|Any CPU
		{816B0F31-AC67-4646-A26B-C0D519D65ED6}.PlublishWithSymbolsNoTestsNoAddin|Any CPU.ActiveCfg = PlublishWithSymbolsNoTestsNoAddin|Any CPU
		{816B0F31-AC67-4646-A26B-C0D519D65ED6}.PlublishWithSymbolsNoTestsNoAddin|Any CPU.Build.0 = PlublishWithSymbolsNoTestsNoAddin|Any CPU
		{816B0F31-AC67-4646-A26B-C0D519D65ED6}.PlublishWithSymbolsNoTestsNoAddin|iPhone.ActiveCfg = PlublishWithSymbolsNoTestsNoAddin|Any CPU
		{816B0F31-AC67-4646-A26B-C0D519D65ED6}.PlublishWithSymbolsNoTestsNoAddin|iPhoneSimulator.ActiveCfg = PlublishWithSymbolsNoTestsNoAddin|Any CPU
		{816B0F31-AC67-4646-A26B-C0D519D65ED6}.PlublishWithSymbolsNoTestsNoAddin|Mixed Platforms.ActiveCfg = PlublishWithSymbolsNoTestsNoAddin|Any CPU
		{816B0F31-AC67-4646-A26B-C0D519D65ED6}.PlublishWithSymbolsNoTestsNoAddin|Mixed Platforms.Build.0 = PlublishWithSymbolsNoTestsNoAddin|Any CPU
		{816B0F31-AC67-4646-A26B-C0D519D65ED6}.PlublishWithSymbolsNoTestsNoAddin|x86.ActiveCfg = PlublishWithSymbolsNoTestsNoAddin|Any CPU
		{816B0F31-AC67-4646-A26B-C0D519D65ED6}.PublishWithSymbols|Any CPU.ActiveCfg = PublishWithSymbols|Any CPU
		{816B0F31-AC67-4646-A26B-C0D519D65ED6}.PublishWithSymbols|Any CPU.Build.0 = PublishWithSymbols|Any CPU
		{816B0F31-AC67-4646-A26B-C0D519D65ED6}.PublishWithSymbols|iPhone.ActiveCfg = PublishWithSymbols|Any CPU
		{816B0F31-AC67-4646-A26B-C0D519D65ED6}.PublishWithSymbols|iPhoneSimulator.ActiveCfg = PublishWithSymbols|Any CPU
		{816B0F31-AC67-4646-A26B-C0D519D65ED6}.PublishWithSymbols|Mixed Platforms.ActiveCfg = PublishWithSymbols|Any CPU
		{816B0F31-AC67-4646-A26B-C0D519D65ED6}.PublishWithSymbols|Mixed Platforms.Build.0 = PublishWithSymbols|Any CPU
		{816B0F31-AC67-4646-A26B-C0D519D65ED6}.PublishWithSymbols|x86.ActiveCfg = PublishWithSymbols|Any CPU
		{816B0F31-AC67-4646-A26B-C0D519D65ED6}.Release|Any CPU.ActiveCfg = Release|Any CPU
		{816B0F31-AC67-4646-A26B-C0D519D65ED6}.Release|Any CPU.Build.0 = Release|Any CPU
		{816B0F31-AC67-4646-A26B-C0D519D65ED6}.Release|iPhone.ActiveCfg = Release|Any CPU
		{816B0F31-AC67-4646-A26B-C0D519D65ED6}.Release|iPhoneSimulator.ActiveCfg = Release|Any CPU
		{816B0F31-AC67-4646-A26B-C0D519D65ED6}.Release|Mixed Platforms.ActiveCfg = Release|Any CPU
		{816B0F31-AC67-4646-A26B-C0D519D65ED6}.Release|Mixed Platforms.Build.0 = Release|Any CPU
		{816B0F31-AC67-4646-A26B-C0D519D65ED6}.Release|x86.ActiveCfg = Release|Any CPU
		{BC486641-E761-48CE-B9A4-F4DBB9E3C6CD}.Debug|Any CPU.ActiveCfg = Debug|Any CPU
		{BC486641-E761-48CE-B9A4-F4DBB9E3C6CD}.Debug|Any CPU.Build.0 = Debug|Any CPU
		{BC486641-E761-48CE-B9A4-F4DBB9E3C6CD}.Debug|iPhone.ActiveCfg = Debug|Any CPU
		{BC486641-E761-48CE-B9A4-F4DBB9E3C6CD}.Debug|iPhoneSimulator.ActiveCfg = Debug|Any CPU
		{BC486641-E761-48CE-B9A4-F4DBB9E3C6CD}.Debug|Mixed Platforms.ActiveCfg = Debug|Any CPU
		{BC486641-E761-48CE-B9A4-F4DBB9E3C6CD}.Debug|Mixed Platforms.Build.0 = Debug|Any CPU
		{BC486641-E761-48CE-B9A4-F4DBB9E3C6CD}.Debug|x86.ActiveCfg = Debug|Any CPU
		{BC486641-E761-48CE-B9A4-F4DBB9E3C6CD}.MONO|Any CPU.ActiveCfg = PublishWithSymbols|Any CPU
		{BC486641-E761-48CE-B9A4-F4DBB9E3C6CD}.MONO|iPhone.ActiveCfg = Release|Any CPU
		{BC486641-E761-48CE-B9A4-F4DBB9E3C6CD}.MONO|iPhoneSimulator.ActiveCfg = Release|Any CPU
		{BC486641-E761-48CE-B9A4-F4DBB9E3C6CD}.MONO|Mixed Platforms.ActiveCfg = PublishWithSymbolsNoTests|Any CPU
		{BC486641-E761-48CE-B9A4-F4DBB9E3C6CD}.MONO|Mixed Platforms.Build.0 = PublishWithSymbolsNoTests|Any CPU
		{BC486641-E761-48CE-B9A4-F4DBB9E3C6CD}.MONO|x86.ActiveCfg = PublishWithSymbolsNoTests|Any CPU
		{BC486641-E761-48CE-B9A4-F4DBB9E3C6CD}.PlublishWithSymbolsNoTestsNoAddin|Any CPU.ActiveCfg = PlublishWithSymbolsNoTestsNoAddin|Any CPU
		{BC486641-E761-48CE-B9A4-F4DBB9E3C6CD}.PlublishWithSymbolsNoTestsNoAddin|Any CPU.Build.0 = PlublishWithSymbolsNoTestsNoAddin|Any CPU
		{BC486641-E761-48CE-B9A4-F4DBB9E3C6CD}.PlublishWithSymbolsNoTestsNoAddin|iPhone.ActiveCfg = PlublishWithSymbolsNoTestsNoAddin|Any CPU
		{BC486641-E761-48CE-B9A4-F4DBB9E3C6CD}.PlublishWithSymbolsNoTestsNoAddin|iPhoneSimulator.ActiveCfg = PlublishWithSymbolsNoTestsNoAddin|Any CPU
		{BC486641-E761-48CE-B9A4-F4DBB9E3C6CD}.PlublishWithSymbolsNoTestsNoAddin|Mixed Platforms.ActiveCfg = PlublishWithSymbolsNoTestsNoAddin|Any CPU
		{BC486641-E761-48CE-B9A4-F4DBB9E3C6CD}.PlublishWithSymbolsNoTestsNoAddin|Mixed Platforms.Build.0 = PlublishWithSymbolsNoTestsNoAddin|Any CPU
		{BC486641-E761-48CE-B9A4-F4DBB9E3C6CD}.PlublishWithSymbolsNoTestsNoAddin|x86.ActiveCfg = PlublishWithSymbolsNoTestsNoAddin|Any CPU
		{BC486641-E761-48CE-B9A4-F4DBB9E3C6CD}.PublishWithSymbols|Any CPU.ActiveCfg = PublishWithSymbols|Any CPU
		{BC486641-E761-48CE-B9A4-F4DBB9E3C6CD}.PublishWithSymbols|Any CPU.Build.0 = PublishWithSymbols|Any CPU
		{BC486641-E761-48CE-B9A4-F4DBB9E3C6CD}.PublishWithSymbols|iPhone.ActiveCfg = PublishWithSymbols|Any CPU
		{BC486641-E761-48CE-B9A4-F4DBB9E3C6CD}.PublishWithSymbols|iPhoneSimulator.ActiveCfg = PublishWithSymbols|Any CPU
		{BC486641-E761-48CE-B9A4-F4DBB9E3C6CD}.PublishWithSymbols|Mixed Platforms.ActiveCfg = PublishWithSymbols|Any CPU
		{BC486641-E761-48CE-B9A4-F4DBB9E3C6CD}.PublishWithSymbols|Mixed Platforms.Build.0 = PublishWithSymbols|Any CPU
		{BC486641-E761-48CE-B9A4-F4DBB9E3C6CD}.PublishWithSymbols|x86.ActiveCfg = PublishWithSymbols|Any CPU
		{BC486641-E761-48CE-B9A4-F4DBB9E3C6CD}.Release|Any CPU.ActiveCfg = Release|Any CPU
		{BC486641-E761-48CE-B9A4-F4DBB9E3C6CD}.Release|Any CPU.Build.0 = Release|Any CPU
		{BC486641-E761-48CE-B9A4-F4DBB9E3C6CD}.Release|iPhone.ActiveCfg = Release|Any CPU
		{BC486641-E761-48CE-B9A4-F4DBB9E3C6CD}.Release|iPhoneSimulator.ActiveCfg = Release|Any CPU
		{BC486641-E761-48CE-B9A4-F4DBB9E3C6CD}.Release|Mixed Platforms.ActiveCfg = Release|Any CPU
		{BC486641-E761-48CE-B9A4-F4DBB9E3C6CD}.Release|Mixed Platforms.Build.0 = Release|Any CPU
		{BC486641-E761-48CE-B9A4-F4DBB9E3C6CD}.Release|x86.ActiveCfg = Release|Any CPU
		{B78C7FC2-857C-4049-9A08-E1FFC8E44E2F}.Debug|Any CPU.ActiveCfg = Debug|Any CPU
		{B78C7FC2-857C-4049-9A08-E1FFC8E44E2F}.Debug|Any CPU.Build.0 = Debug|Any CPU
		{B78C7FC2-857C-4049-9A08-E1FFC8E44E2F}.Debug|iPhone.ActiveCfg = Debug|Any CPU
		{B78C7FC2-857C-4049-9A08-E1FFC8E44E2F}.Debug|iPhoneSimulator.ActiveCfg = Debug|Any CPU
		{B78C7FC2-857C-4049-9A08-E1FFC8E44E2F}.Debug|Mixed Platforms.ActiveCfg = Debug|Any CPU
		{B78C7FC2-857C-4049-9A08-E1FFC8E44E2F}.Debug|Mixed Platforms.Build.0 = Debug|Any CPU
		{B78C7FC2-857C-4049-9A08-E1FFC8E44E2F}.Debug|x86.ActiveCfg = Debug|Any CPU
		{B78C7FC2-857C-4049-9A08-E1FFC8E44E2F}.MONO|Any CPU.ActiveCfg = MONO|Any CPU
		{B78C7FC2-857C-4049-9A08-E1FFC8E44E2F}.MONO|iPhone.ActiveCfg = MONO|Any CPU
		{B78C7FC2-857C-4049-9A08-E1FFC8E44E2F}.MONO|iPhoneSimulator.ActiveCfg = MONO|Any CPU
		{B78C7FC2-857C-4049-9A08-E1FFC8E44E2F}.MONO|Mixed Platforms.ActiveCfg = MONO|Any CPU
		{B78C7FC2-857C-4049-9A08-E1FFC8E44E2F}.MONO|Mixed Platforms.Build.0 = MONO|Any CPU
		{B78C7FC2-857C-4049-9A08-E1FFC8E44E2F}.MONO|x86.ActiveCfg = MONO|Any CPU
		{B78C7FC2-857C-4049-9A08-E1FFC8E44E2F}.PlublishWithSymbolsNoTestsNoAddin|Any CPU.ActiveCfg = PlublishWithSymbolsNoTestsNoAddin|Any CPU
		{B78C7FC2-857C-4049-9A08-E1FFC8E44E2F}.PlublishWithSymbolsNoTestsNoAddin|Any CPU.Build.0 = PlublishWithSymbolsNoTestsNoAddin|Any CPU
		{B78C7FC2-857C-4049-9A08-E1FFC8E44E2F}.PlublishWithSymbolsNoTestsNoAddin|iPhone.ActiveCfg = PlublishWithSymbolsNoTestsNoAddin|Any CPU
		{B78C7FC2-857C-4049-9A08-E1FFC8E44E2F}.PlublishWithSymbolsNoTestsNoAddin|iPhoneSimulator.ActiveCfg = PlublishWithSymbolsNoTestsNoAddin|Any CPU
		{B78C7FC2-857C-4049-9A08-E1FFC8E44E2F}.PlublishWithSymbolsNoTestsNoAddin|Mixed Platforms.ActiveCfg = PlublishWithSymbolsNoTestsNoAddin|Any CPU
		{B78C7FC2-857C-4049-9A08-E1FFC8E44E2F}.PlublishWithSymbolsNoTestsNoAddin|Mixed Platforms.Build.0 = PlublishWithSymbolsNoTestsNoAddin|Any CPU
		{B78C7FC2-857C-4049-9A08-E1FFC8E44E2F}.PlublishWithSymbolsNoTestsNoAddin|x86.ActiveCfg = PlublishWithSymbolsNoTestsNoAddin|Any CPU
		{B78C7FC2-857C-4049-9A08-E1FFC8E44E2F}.PublishWithSymbols|Any CPU.ActiveCfg = PublishWithSymbols|Any CPU
		{B78C7FC2-857C-4049-9A08-E1FFC8E44E2F}.PublishWithSymbols|Any CPU.Build.0 = PublishWithSymbols|Any CPU
		{B78C7FC2-857C-4049-9A08-E1FFC8E44E2F}.PublishWithSymbols|iPhone.ActiveCfg = PublishWithSymbols|Any CPU
		{B78C7FC2-857C-4049-9A08-E1FFC8E44E2F}.PublishWithSymbols|iPhoneSimulator.ActiveCfg = PublishWithSymbols|Any CPU
		{B78C7FC2-857C-4049-9A08-E1FFC8E44E2F}.PublishWithSymbols|Mixed Platforms.ActiveCfg = PublishWithSymbols|Any CPU
		{B78C7FC2-857C-4049-9A08-E1FFC8E44E2F}.PublishWithSymbols|Mixed Platforms.Build.0 = PublishWithSymbols|Any CPU
		{B78C7FC2-857C-4049-9A08-E1FFC8E44E2F}.PublishWithSymbols|x86.ActiveCfg = PublishWithSymbols|Any CPU
		{B78C7FC2-857C-4049-9A08-E1FFC8E44E2F}.Release|Any CPU.ActiveCfg = Release|Any CPU
		{B78C7FC2-857C-4049-9A08-E1FFC8E44E2F}.Release|Any CPU.Build.0 = Release|Any CPU
		{B78C7FC2-857C-4049-9A08-E1FFC8E44E2F}.Release|iPhone.ActiveCfg = Release|Any CPU
		{B78C7FC2-857C-4049-9A08-E1FFC8E44E2F}.Release|iPhoneSimulator.ActiveCfg = Release|Any CPU
		{B78C7FC2-857C-4049-9A08-E1FFC8E44E2F}.Release|Mixed Platforms.ActiveCfg = Release|Any CPU
		{B78C7FC2-857C-4049-9A08-E1FFC8E44E2F}.Release|Mixed Platforms.Build.0 = Release|Any CPU
		{B78C7FC2-857C-4049-9A08-E1FFC8E44E2F}.Release|x86.ActiveCfg = Release|Any CPU
		{F39DD494-29EF-4F9C-BA62-8DBC5BF25A36}.Debug|Any CPU.ActiveCfg = Debug|Any CPU
		{F39DD494-29EF-4F9C-BA62-8DBC5BF25A36}.Debug|Any CPU.Build.0 = Debug|Any CPU
		{F39DD494-29EF-4F9C-BA62-8DBC5BF25A36}.Debug|iPhone.ActiveCfg = Debug|Any CPU
		{F39DD494-29EF-4F9C-BA62-8DBC5BF25A36}.Debug|iPhoneSimulator.ActiveCfg = Debug|Any CPU
		{F39DD494-29EF-4F9C-BA62-8DBC5BF25A36}.Debug|Mixed Platforms.ActiveCfg = Debug|Any CPU
		{F39DD494-29EF-4F9C-BA62-8DBC5BF25A36}.Debug|Mixed Platforms.Build.0 = Debug|Any CPU
		{F39DD494-29EF-4F9C-BA62-8DBC5BF25A36}.Debug|x86.ActiveCfg = Debug|Any CPU
		{F39DD494-29EF-4F9C-BA62-8DBC5BF25A36}.MONO|Any CPU.ActiveCfg = Release|Any CPU
		{F39DD494-29EF-4F9C-BA62-8DBC5BF25A36}.MONO|iPhone.ActiveCfg = PublishWithSymbols|Any CPU
		{F39DD494-29EF-4F9C-BA62-8DBC5BF25A36}.MONO|iPhoneSimulator.ActiveCfg = PublishWithSymbols|Any CPU
		{F39DD494-29EF-4F9C-BA62-8DBC5BF25A36}.MONO|Mixed Platforms.ActiveCfg = PublishWithSymbolsNoTests|Any CPU
		{F39DD494-29EF-4F9C-BA62-8DBC5BF25A36}.MONO|Mixed Platforms.Build.0 = PublishWithSymbolsNoTests|Any CPU
		{F39DD494-29EF-4F9C-BA62-8DBC5BF25A36}.MONO|x86.ActiveCfg = PublishWithSymbolsNoTests|Any CPU
		{F39DD494-29EF-4F9C-BA62-8DBC5BF25A36}.PlublishWithSymbolsNoTestsNoAddin|Any CPU.ActiveCfg = PlublishWithSymbolsNoTestsNoAddin|Any CPU
		{F39DD494-29EF-4F9C-BA62-8DBC5BF25A36}.PlublishWithSymbolsNoTestsNoAddin|Any CPU.Build.0 = PlublishWithSymbolsNoTestsNoAddin|Any CPU
		{F39DD494-29EF-4F9C-BA62-8DBC5BF25A36}.PlublishWithSymbolsNoTestsNoAddin|iPhone.ActiveCfg = PlublishWithSymbolsNoTestsNoAddin|Any CPU
		{F39DD494-29EF-4F9C-BA62-8DBC5BF25A36}.PlublishWithSymbolsNoTestsNoAddin|iPhoneSimulator.ActiveCfg = PlublishWithSymbolsNoTestsNoAddin|Any CPU
		{F39DD494-29EF-4F9C-BA62-8DBC5BF25A36}.PlublishWithSymbolsNoTestsNoAddin|Mixed Platforms.ActiveCfg = PlublishWithSymbolsNoTestsNoAddin|Any CPU
		{F39DD494-29EF-4F9C-BA62-8DBC5BF25A36}.PlublishWithSymbolsNoTestsNoAddin|Mixed Platforms.Build.0 = PlublishWithSymbolsNoTestsNoAddin|Any CPU
		{F39DD494-29EF-4F9C-BA62-8DBC5BF25A36}.PlublishWithSymbolsNoTestsNoAddin|x86.ActiveCfg = PlublishWithSymbolsNoTestsNoAddin|Any CPU
		{F39DD494-29EF-4F9C-BA62-8DBC5BF25A36}.PublishWithSymbols|Any CPU.ActiveCfg = PublishWithSymbols|Any CPU
		{F39DD494-29EF-4F9C-BA62-8DBC5BF25A36}.PublishWithSymbols|Any CPU.Build.0 = PublishWithSymbols|Any CPU
		{F39DD494-29EF-4F9C-BA62-8DBC5BF25A36}.PublishWithSymbols|iPhone.ActiveCfg = PublishWithSymbols|Any CPU
		{F39DD494-29EF-4F9C-BA62-8DBC5BF25A36}.PublishWithSymbols|iPhoneSimulator.ActiveCfg = PublishWithSymbols|Any CPU
		{F39DD494-29EF-4F9C-BA62-8DBC5BF25A36}.PublishWithSymbols|Mixed Platforms.ActiveCfg = PublishWithSymbols|Any CPU
		{F39DD494-29EF-4F9C-BA62-8DBC5BF25A36}.PublishWithSymbols|Mixed Platforms.Build.0 = PublishWithSymbols|Any CPU
		{F39DD494-29EF-4F9C-BA62-8DBC5BF25A36}.PublishWithSymbols|x86.ActiveCfg = PublishWithSymbols|Any CPU
		{F39DD494-29EF-4F9C-BA62-8DBC5BF25A36}.Release|Any CPU.ActiveCfg = Release|Any CPU
		{F39DD494-29EF-4F9C-BA62-8DBC5BF25A36}.Release|Any CPU.Build.0 = Release|Any CPU
		{F39DD494-29EF-4F9C-BA62-8DBC5BF25A36}.Release|iPhone.ActiveCfg = Release|Any CPU
		{F39DD494-29EF-4F9C-BA62-8DBC5BF25A36}.Release|iPhoneSimulator.ActiveCfg = Release|Any CPU
		{F39DD494-29EF-4F9C-BA62-8DBC5BF25A36}.Release|Mixed Platforms.ActiveCfg = Release|Any CPU
		{F39DD494-29EF-4F9C-BA62-8DBC5BF25A36}.Release|Mixed Platforms.Build.0 = Release|Any CPU
		{F39DD494-29EF-4F9C-BA62-8DBC5BF25A36}.Release|x86.ActiveCfg = Release|Any CPU
		{560C7F80-EA72-4099-AF70-878E6AA9D76D}.Debug|Any CPU.ActiveCfg = Debug|Any CPU
		{560C7F80-EA72-4099-AF70-878E6AA9D76D}.Debug|Any CPU.Build.0 = Debug|Any CPU
		{560C7F80-EA72-4099-AF70-878E6AA9D76D}.Debug|iPhone.ActiveCfg = Debug|Any CPU
		{560C7F80-EA72-4099-AF70-878E6AA9D76D}.Debug|iPhoneSimulator.ActiveCfg = Debug|Any CPU
		{560C7F80-EA72-4099-AF70-878E6AA9D76D}.Debug|Mixed Platforms.ActiveCfg = Debug|Any CPU
		{560C7F80-EA72-4099-AF70-878E6AA9D76D}.Debug|Mixed Platforms.Build.0 = Debug|Any CPU
		{560C7F80-EA72-4099-AF70-878E6AA9D76D}.Debug|x86.ActiveCfg = Debug|Any CPU
		{560C7F80-EA72-4099-AF70-878E6AA9D76D}.MONO|Any CPU.ActiveCfg = Release|Any CPU
		{560C7F80-EA72-4099-AF70-878E6AA9D76D}.MONO|Any CPU.Build.0 = Release|Any CPU
		{560C7F80-EA72-4099-AF70-878E6AA9D76D}.MONO|iPhone.ActiveCfg = PublishWithSymbols|Any CPU
		{560C7F80-EA72-4099-AF70-878E6AA9D76D}.MONO|iPhoneSimulator.ActiveCfg = PublishWithSymbols|Any CPU
		{560C7F80-EA72-4099-AF70-878E6AA9D76D}.MONO|Mixed Platforms.ActiveCfg = PublishWithSymbolsNoTests|Any CPU
		{560C7F80-EA72-4099-AF70-878E6AA9D76D}.MONO|Mixed Platforms.Build.0 = PublishWithSymbolsNoTests|Any CPU
		{560C7F80-EA72-4099-AF70-878E6AA9D76D}.MONO|x86.ActiveCfg = PublishWithSymbolsNoTests|Any CPU
		{560C7F80-EA72-4099-AF70-878E6AA9D76D}.PlublishWithSymbolsNoTestsNoAddin|Any CPU.ActiveCfg = PlublishWithSymbolsNoTestsNoAddin|Any CPU
		{560C7F80-EA72-4099-AF70-878E6AA9D76D}.PlublishWithSymbolsNoTestsNoAddin|Any CPU.Build.0 = PlublishWithSymbolsNoTestsNoAddin|Any CPU
		{560C7F80-EA72-4099-AF70-878E6AA9D76D}.PlublishWithSymbolsNoTestsNoAddin|iPhone.ActiveCfg = PlublishWithSymbolsNoTestsNoAddin|Any CPU
		{560C7F80-EA72-4099-AF70-878E6AA9D76D}.PlublishWithSymbolsNoTestsNoAddin|iPhoneSimulator.ActiveCfg = PlublishWithSymbolsNoTestsNoAddin|Any CPU
		{560C7F80-EA72-4099-AF70-878E6AA9D76D}.PlublishWithSymbolsNoTestsNoAddin|Mixed Platforms.ActiveCfg = PlublishWithSymbolsNoTestsNoAddin|Any CPU
		{560C7F80-EA72-4099-AF70-878E6AA9D76D}.PlublishWithSymbolsNoTestsNoAddin|Mixed Platforms.Build.0 = PlublishWithSymbolsNoTestsNoAddin|Any CPU
		{560C7F80-EA72-4099-AF70-878E6AA9D76D}.PlublishWithSymbolsNoTestsNoAddin|x86.ActiveCfg = PlublishWithSymbolsNoTestsNoAddin|Any CPU
		{560C7F80-EA72-4099-AF70-878E6AA9D76D}.PublishWithSymbols|Any CPU.ActiveCfg = PublishWithSymbols|Any CPU
		{560C7F80-EA72-4099-AF70-878E6AA9D76D}.PublishWithSymbols|Any CPU.Build.0 = PublishWithSymbols|Any CPU
		{560C7F80-EA72-4099-AF70-878E6AA9D76D}.PublishWithSymbols|iPhone.ActiveCfg = PublishWithSymbols|Any CPU
		{560C7F80-EA72-4099-AF70-878E6AA9D76D}.PublishWithSymbols|iPhoneSimulator.ActiveCfg = PublishWithSymbols|Any CPU
		{560C7F80-EA72-4099-AF70-878E6AA9D76D}.PublishWithSymbols|Mixed Platforms.ActiveCfg = PublishWithSymbols|Any CPU
		{560C7F80-EA72-4099-AF70-878E6AA9D76D}.PublishWithSymbols|Mixed Platforms.Build.0 = PublishWithSymbols|Any CPU
		{560C7F80-EA72-4099-AF70-878E6AA9D76D}.PublishWithSymbols|x86.ActiveCfg = PublishWithSymbols|Any CPU
		{560C7F80-EA72-4099-AF70-878E6AA9D76D}.Release|Any CPU.ActiveCfg = Release|Any CPU
		{560C7F80-EA72-4099-AF70-878E6AA9D76D}.Release|Any CPU.Build.0 = Release|Any CPU
		{560C7F80-EA72-4099-AF70-878E6AA9D76D}.Release|iPhone.ActiveCfg = Release|Any CPU
		{560C7F80-EA72-4099-AF70-878E6AA9D76D}.Release|iPhoneSimulator.ActiveCfg = Release|Any CPU
		{560C7F80-EA72-4099-AF70-878E6AA9D76D}.Release|Mixed Platforms.ActiveCfg = Release|Any CPU
		{560C7F80-EA72-4099-AF70-878E6AA9D76D}.Release|Mixed Platforms.Build.0 = Release|Any CPU
		{560C7F80-EA72-4099-AF70-878E6AA9D76D}.Release|x86.ActiveCfg = Release|Any CPU
		{563BA308-B3A8-43C7-BEE7-1914A12ACB44}.Debug|Any CPU.ActiveCfg = Debug|Any CPU
		{563BA308-B3A8-43C7-BEE7-1914A12ACB44}.Debug|Any CPU.Build.0 = Debug|Any CPU
		{563BA308-B3A8-43C7-BEE7-1914A12ACB44}.Debug|iPhone.ActiveCfg = Debug|Any CPU
		{563BA308-B3A8-43C7-BEE7-1914A12ACB44}.Debug|iPhoneSimulator.ActiveCfg = Debug|Any CPU
		{563BA308-B3A8-43C7-BEE7-1914A12ACB44}.Debug|Mixed Platforms.ActiveCfg = Debug|Any CPU
		{563BA308-B3A8-43C7-BEE7-1914A12ACB44}.Debug|Mixed Platforms.Build.0 = Debug|Any CPU
		{563BA308-B3A8-43C7-BEE7-1914A12ACB44}.Debug|x86.ActiveCfg = Debug|Any CPU
		{563BA308-B3A8-43C7-BEE7-1914A12ACB44}.MONO|Any CPU.ActiveCfg = Release|Any CPU
		{563BA308-B3A8-43C7-BEE7-1914A12ACB44}.MONO|Any CPU.Build.0 = Release|Any CPU
		{563BA308-B3A8-43C7-BEE7-1914A12ACB44}.MONO|iPhone.ActiveCfg = PublishWithSymbols|Any CPU
		{563BA308-B3A8-43C7-BEE7-1914A12ACB44}.MONO|iPhoneSimulator.ActiveCfg = PublishWithSymbols|Any CPU
		{563BA308-B3A8-43C7-BEE7-1914A12ACB44}.MONO|Mixed Platforms.ActiveCfg = PublishWithSymbolsNoTests|Any CPU
		{563BA308-B3A8-43C7-BEE7-1914A12ACB44}.MONO|Mixed Platforms.Build.0 = PublishWithSymbolsNoTests|Any CPU
		{563BA308-B3A8-43C7-BEE7-1914A12ACB44}.MONO|x86.ActiveCfg = PublishWithSymbolsNoTests|Any CPU
		{563BA308-B3A8-43C7-BEE7-1914A12ACB44}.PlublishWithSymbolsNoTestsNoAddin|Any CPU.ActiveCfg = PlublishWithSymbolsNoTestsNoAddin|Any CPU
		{563BA308-B3A8-43C7-BEE7-1914A12ACB44}.PlublishWithSymbolsNoTestsNoAddin|Any CPU.Build.0 = PlublishWithSymbolsNoTestsNoAddin|Any CPU
		{563BA308-B3A8-43C7-BEE7-1914A12ACB44}.PlublishWithSymbolsNoTestsNoAddin|iPhone.ActiveCfg = PlublishWithSymbolsNoTestsNoAddin|Any CPU
		{563BA308-B3A8-43C7-BEE7-1914A12ACB44}.PlublishWithSymbolsNoTestsNoAddin|iPhoneSimulator.ActiveCfg = PlublishWithSymbolsNoTestsNoAddin|Any CPU
		{563BA308-B3A8-43C7-BEE7-1914A12ACB44}.PlublishWithSymbolsNoTestsNoAddin|Mixed Platforms.ActiveCfg = PlublishWithSymbolsNoTestsNoAddin|Any CPU
		{563BA308-B3A8-43C7-BEE7-1914A12ACB44}.PlublishWithSymbolsNoTestsNoAddin|Mixed Platforms.Build.0 = PlublishWithSymbolsNoTestsNoAddin|Any CPU
		{563BA308-B3A8-43C7-BEE7-1914A12ACB44}.PlublishWithSymbolsNoTestsNoAddin|x86.ActiveCfg = PlublishWithSymbolsNoTestsNoAddin|Any CPU
		{563BA308-B3A8-43C7-BEE7-1914A12ACB44}.PublishWithSymbols|Any CPU.ActiveCfg = PublishWithSymbols|Any CPU
		{563BA308-B3A8-43C7-BEE7-1914A12ACB44}.PublishWithSymbols|Any CPU.Build.0 = PublishWithSymbols|Any CPU
		{563BA308-B3A8-43C7-BEE7-1914A12ACB44}.PublishWithSymbols|iPhone.ActiveCfg = PublishWithSymbols|Any CPU
		{563BA308-B3A8-43C7-BEE7-1914A12ACB44}.PublishWithSymbols|iPhoneSimulator.ActiveCfg = PublishWithSymbols|Any CPU
		{563BA308-B3A8-43C7-BEE7-1914A12ACB44}.PublishWithSymbols|Mixed Platforms.ActiveCfg = PublishWithSymbols|Any CPU
		{563BA308-B3A8-43C7-BEE7-1914A12ACB44}.PublishWithSymbols|Mixed Platforms.Build.0 = PublishWithSymbols|Any CPU
		{563BA308-B3A8-43C7-BEE7-1914A12ACB44}.PublishWithSymbols|x86.ActiveCfg = PublishWithSymbols|Any CPU
		{563BA308-B3A8-43C7-BEE7-1914A12ACB44}.Release|Any CPU.ActiveCfg = Release|Any CPU
		{563BA308-B3A8-43C7-BEE7-1914A12ACB44}.Release|Any CPU.Build.0 = Release|Any CPU
		{563BA308-B3A8-43C7-BEE7-1914A12ACB44}.Release|iPhone.ActiveCfg = Release|Any CPU
		{563BA308-B3A8-43C7-BEE7-1914A12ACB44}.Release|iPhoneSimulator.ActiveCfg = Release|Any CPU
		{563BA308-B3A8-43C7-BEE7-1914A12ACB44}.Release|Mixed Platforms.ActiveCfg = Release|Any CPU
		{563BA308-B3A8-43C7-BEE7-1914A12ACB44}.Release|Mixed Platforms.Build.0 = Release|Any CPU
		{563BA308-B3A8-43C7-BEE7-1914A12ACB44}.Release|x86.ActiveCfg = Release|Any CPU
		{521672C1-D9CB-40C3-A773-353DF371C13B}.Debug|Any CPU.ActiveCfg = Debug|x86
		{521672C1-D9CB-40C3-A773-353DF371C13B}.Debug|iPhone.ActiveCfg = Debug|x86
		{521672C1-D9CB-40C3-A773-353DF371C13B}.Debug|iPhoneSimulator.ActiveCfg = Debug|x86
		{521672C1-D9CB-40C3-A773-353DF371C13B}.Debug|Mixed Platforms.ActiveCfg = Debug|x86
		{521672C1-D9CB-40C3-A773-353DF371C13B}.Debug|Mixed Platforms.Build.0 = Debug|x86
		{521672C1-D9CB-40C3-A773-353DF371C13B}.Debug|x86.ActiveCfg = Debug|x86
		{521672C1-D9CB-40C3-A773-353DF371C13B}.Debug|x86.Build.0 = Debug|x86
		{521672C1-D9CB-40C3-A773-353DF371C13B}.MONO|Any CPU.ActiveCfg = Release|x86
		{521672C1-D9CB-40C3-A773-353DF371C13B}.MONO|iPhone.ActiveCfg = PlublishWithSymbolsNoTestsNoAddin|Any CPU
		{521672C1-D9CB-40C3-A773-353DF371C13B}.MONO|iPhoneSimulator.ActiveCfg = PlublishWithSymbolsNoTestsNoAddin|Any CPU
		{521672C1-D9CB-40C3-A773-353DF371C13B}.MONO|Mixed Platforms.ActiveCfg = Release|x86
		{521672C1-D9CB-40C3-A773-353DF371C13B}.MONO|Mixed Platforms.Build.0 = Release|x86
		{521672C1-D9CB-40C3-A773-353DF371C13B}.MONO|x86.ActiveCfg = Release|x86
		{521672C1-D9CB-40C3-A773-353DF371C13B}.MONO|x86.Build.0 = Release|x86
		{521672C1-D9CB-40C3-A773-353DF371C13B}.PlublishWithSymbolsNoTestsNoAddin|Any CPU.ActiveCfg = PlublishWithSymbolsNoTestsNoAddin|Any CPU
		{521672C1-D9CB-40C3-A773-353DF371C13B}.PlublishWithSymbolsNoTestsNoAddin|Any CPU.Build.0 = PlublishWithSymbolsNoTestsNoAddin|Any CPU
		{521672C1-D9CB-40C3-A773-353DF371C13B}.PlublishWithSymbolsNoTestsNoAddin|iPhone.ActiveCfg = PlublishWithSymbolsNoTestsNoAddin|Any CPU
		{521672C1-D9CB-40C3-A773-353DF371C13B}.PlublishWithSymbolsNoTestsNoAddin|iPhoneSimulator.ActiveCfg = PlublishWithSymbolsNoTestsNoAddin|Any CPU
		{521672C1-D9CB-40C3-A773-353DF371C13B}.PlublishWithSymbolsNoTestsNoAddin|Mixed Platforms.ActiveCfg = PlublishWithSymbolsNoTestsNoAddin|x86
		{521672C1-D9CB-40C3-A773-353DF371C13B}.PlublishWithSymbolsNoTestsNoAddin|Mixed Platforms.Build.0 = PlublishWithSymbolsNoTestsNoAddin|x86
		{521672C1-D9CB-40C3-A773-353DF371C13B}.PlublishWithSymbolsNoTestsNoAddin|x86.ActiveCfg = PlublishWithSymbolsNoTestsNoAddin|x86
		{521672C1-D9CB-40C3-A773-353DF371C13B}.PlublishWithSymbolsNoTestsNoAddin|x86.Build.0 = PlublishWithSymbolsNoTestsNoAddin|x86
		{521672C1-D9CB-40C3-A773-353DF371C13B}.PublishWithSymbols|Any CPU.ActiveCfg = Release|x86
		{521672C1-D9CB-40C3-A773-353DF371C13B}.PublishWithSymbols|iPhone.ActiveCfg = PlublishWithSymbolsNoTestsNoAddin|Any CPU
		{521672C1-D9CB-40C3-A773-353DF371C13B}.PublishWithSymbols|iPhoneSimulator.ActiveCfg = PlublishWithSymbolsNoTestsNoAddin|Any CPU
		{521672C1-D9CB-40C3-A773-353DF371C13B}.PublishWithSymbols|Mixed Platforms.ActiveCfg = Release|x86
		{521672C1-D9CB-40C3-A773-353DF371C13B}.PublishWithSymbols|x86.ActiveCfg = Release|x86
		{521672C1-D9CB-40C3-A773-353DF371C13B}.PublishWithSymbols|x86.Build.0 = Release|x86
		{521672C1-D9CB-40C3-A773-353DF371C13B}.Release|Any CPU.ActiveCfg = Release|Any CPU
		{521672C1-D9CB-40C3-A773-353DF371C13B}.Release|Any CPU.Build.0 = Release|Any CPU
		{521672C1-D9CB-40C3-A773-353DF371C13B}.Release|iPhone.ActiveCfg = Release|Any CPU
		{521672C1-D9CB-40C3-A773-353DF371C13B}.Release|iPhoneSimulator.ActiveCfg = Release|Any CPU
		{521672C1-D9CB-40C3-A773-353DF371C13B}.Release|Mixed Platforms.ActiveCfg = Release|x86
		{521672C1-D9CB-40C3-A773-353DF371C13B}.Release|Mixed Platforms.Build.0 = Release|x86
		{521672C1-D9CB-40C3-A773-353DF371C13B}.Release|x86.ActiveCfg = Release|x86
		{521672C1-D9CB-40C3-A773-353DF371C13B}.Release|x86.Build.0 = Release|x86
		{82DFA36E-87D4-4FFB-955F-E3E82D0F3A60}.Debug|Any CPU.ActiveCfg = Debug|x86
		{82DFA36E-87D4-4FFB-955F-E3E82D0F3A60}.Debug|iPhone.ActiveCfg = Debug|x86
		{82DFA36E-87D4-4FFB-955F-E3E82D0F3A60}.Debug|iPhoneSimulator.ActiveCfg = Debug|x86
		{82DFA36E-87D4-4FFB-955F-E3E82D0F3A60}.Debug|Mixed Platforms.ActiveCfg = Debug|x86
		{82DFA36E-87D4-4FFB-955F-E3E82D0F3A60}.Debug|Mixed Platforms.Build.0 = Debug|x86
		{82DFA36E-87D4-4FFB-955F-E3E82D0F3A60}.Debug|x86.ActiveCfg = Debug|x86
		{82DFA36E-87D4-4FFB-955F-E3E82D0F3A60}.Debug|x86.Build.0 = Debug|x86
		{82DFA36E-87D4-4FFB-955F-E3E82D0F3A60}.MONO|Any CPU.ActiveCfg = Release|x86
		{82DFA36E-87D4-4FFB-955F-E3E82D0F3A60}.MONO|iPhone.ActiveCfg = Release|x86
		{82DFA36E-87D4-4FFB-955F-E3E82D0F3A60}.MONO|iPhoneSimulator.ActiveCfg = Release|x86
		{82DFA36E-87D4-4FFB-955F-E3E82D0F3A60}.MONO|Mixed Platforms.ActiveCfg = Release|x86
		{82DFA36E-87D4-4FFB-955F-E3E82D0F3A60}.MONO|Mixed Platforms.Build.0 = Release|x86
		{82DFA36E-87D4-4FFB-955F-E3E82D0F3A60}.MONO|x86.ActiveCfg = Release|x86
		{82DFA36E-87D4-4FFB-955F-E3E82D0F3A60}.MONO|x86.Build.0 = Release|x86
		{82DFA36E-87D4-4FFB-955F-E3E82D0F3A60}.PlublishWithSymbolsNoTestsNoAddin|Any CPU.ActiveCfg = Release|x86
		{82DFA36E-87D4-4FFB-955F-E3E82D0F3A60}.PlublishWithSymbolsNoTestsNoAddin|iPhone.ActiveCfg = Release|x86
		{82DFA36E-87D4-4FFB-955F-E3E82D0F3A60}.PlublishWithSymbolsNoTestsNoAddin|iPhoneSimulator.ActiveCfg = Release|x86
		{82DFA36E-87D4-4FFB-955F-E3E82D0F3A60}.PlublishWithSymbolsNoTestsNoAddin|Mixed Platforms.ActiveCfg = Release|x86
		{82DFA36E-87D4-4FFB-955F-E3E82D0F3A60}.PlublishWithSymbolsNoTestsNoAddin|Mixed Platforms.Build.0 = Release|x86
		{82DFA36E-87D4-4FFB-955F-E3E82D0F3A60}.PlublishWithSymbolsNoTestsNoAddin|x86.ActiveCfg = Release|x86
		{82DFA36E-87D4-4FFB-955F-E3E82D0F3A60}.PlublishWithSymbolsNoTestsNoAddin|x86.Build.0 = Release|x86
		{82DFA36E-87D4-4FFB-955F-E3E82D0F3A60}.PublishWithSymbols|Any CPU.ActiveCfg = Release|x86
		{82DFA36E-87D4-4FFB-955F-E3E82D0F3A60}.PublishWithSymbols|iPhone.ActiveCfg = Release|x86
		{82DFA36E-87D4-4FFB-955F-E3E82D0F3A60}.PublishWithSymbols|iPhoneSimulator.ActiveCfg = Release|x86
		{82DFA36E-87D4-4FFB-955F-E3E82D0F3A60}.PublishWithSymbols|Mixed Platforms.ActiveCfg = Release|x86
		{82DFA36E-87D4-4FFB-955F-E3E82D0F3A60}.PublishWithSymbols|x86.ActiveCfg = Release|x86
		{82DFA36E-87D4-4FFB-955F-E3E82D0F3A60}.PublishWithSymbols|x86.Build.0 = Release|x86
		{82DFA36E-87D4-4FFB-955F-E3E82D0F3A60}.Release|Any CPU.ActiveCfg = Release|x86
		{82DFA36E-87D4-4FFB-955F-E3E82D0F3A60}.Release|iPhone.ActiveCfg = Release|x86
		{82DFA36E-87D4-4FFB-955F-E3E82D0F3A60}.Release|iPhoneSimulator.ActiveCfg = Release|x86
		{82DFA36E-87D4-4FFB-955F-E3E82D0F3A60}.Release|Mixed Platforms.ActiveCfg = Release|x86
		{82DFA36E-87D4-4FFB-955F-E3E82D0F3A60}.Release|Mixed Platforms.Build.0 = Release|x86
		{82DFA36E-87D4-4FFB-955F-E3E82D0F3A60}.Release|x86.ActiveCfg = Release|x86
		{82DFA36E-87D4-4FFB-955F-E3E82D0F3A60}.Release|x86.Build.0 = Release|x86
		{E107BC63-DA29-404D-905D-5B32F835720E}.Debug|Any CPU.ActiveCfg = Debug|x86
		{E107BC63-DA29-404D-905D-5B32F835720E}.Debug|iPhone.ActiveCfg = Debug|x86
		{E107BC63-DA29-404D-905D-5B32F835720E}.Debug|iPhoneSimulator.ActiveCfg = Debug|x86
		{E107BC63-DA29-404D-905D-5B32F835720E}.Debug|Mixed Platforms.ActiveCfg = Debug|x86
		{E107BC63-DA29-404D-905D-5B32F835720E}.Debug|Mixed Platforms.Build.0 = Debug|x86
		{E107BC63-DA29-404D-905D-5B32F835720E}.Debug|x86.ActiveCfg = Debug|x86
		{E107BC63-DA29-404D-905D-5B32F835720E}.Debug|x86.Build.0 = Debug|x86
		{E107BC63-DA29-404D-905D-5B32F835720E}.MONO|Any CPU.ActiveCfg = Release|x86
		{E107BC63-DA29-404D-905D-5B32F835720E}.MONO|iPhone.ActiveCfg = Release|x86
		{E107BC63-DA29-404D-905D-5B32F835720E}.MONO|iPhoneSimulator.ActiveCfg = Release|x86
		{E107BC63-DA29-404D-905D-5B32F835720E}.MONO|Mixed Platforms.ActiveCfg = Release|x86
		{E107BC63-DA29-404D-905D-5B32F835720E}.MONO|Mixed Platforms.Build.0 = Release|x86
		{E107BC63-DA29-404D-905D-5B32F835720E}.MONO|x86.ActiveCfg = Release|x86
		{E107BC63-DA29-404D-905D-5B32F835720E}.MONO|x86.Build.0 = Release|x86
		{E107BC63-DA29-404D-905D-5B32F835720E}.PlublishWithSymbolsNoTestsNoAddin|Any CPU.ActiveCfg = Release|x86
		{E107BC63-DA29-404D-905D-5B32F835720E}.PlublishWithSymbolsNoTestsNoAddin|iPhone.ActiveCfg = Release|x86
		{E107BC63-DA29-404D-905D-5B32F835720E}.PlublishWithSymbolsNoTestsNoAddin|iPhoneSimulator.ActiveCfg = Release|x86
		{E107BC63-DA29-404D-905D-5B32F835720E}.PlublishWithSymbolsNoTestsNoAddin|Mixed Platforms.ActiveCfg = Release|x86
		{E107BC63-DA29-404D-905D-5B32F835720E}.PlublishWithSymbolsNoTestsNoAddin|Mixed Platforms.Build.0 = Release|x86
		{E107BC63-DA29-404D-905D-5B32F835720E}.PlublishWithSymbolsNoTestsNoAddin|x86.ActiveCfg = Release|x86
		{E107BC63-DA29-404D-905D-5B32F835720E}.PlublishWithSymbolsNoTestsNoAddin|x86.Build.0 = Release|x86
		{E107BC63-DA29-404D-905D-5B32F835720E}.PublishWithSymbols|Any CPU.ActiveCfg = Release|x86
		{E107BC63-DA29-404D-905D-5B32F835720E}.PublishWithSymbols|iPhone.ActiveCfg = Release|x86
		{E107BC63-DA29-404D-905D-5B32F835720E}.PublishWithSymbols|iPhoneSimulator.ActiveCfg = Release|x86
		{E107BC63-DA29-404D-905D-5B32F835720E}.PublishWithSymbols|Mixed Platforms.ActiveCfg = Release|x86
		{E107BC63-DA29-404D-905D-5B32F835720E}.PublishWithSymbols|x86.ActiveCfg = Release|x86
		{E107BC63-DA29-404D-905D-5B32F835720E}.PublishWithSymbols|x86.Build.0 = Release|x86
		{E107BC63-DA29-404D-905D-5B32F835720E}.Release|Any CPU.ActiveCfg = Release|x86
		{E107BC63-DA29-404D-905D-5B32F835720E}.Release|iPhone.ActiveCfg = Release|x86
		{E107BC63-DA29-404D-905D-5B32F835720E}.Release|iPhoneSimulator.ActiveCfg = Release|x86
		{E107BC63-DA29-404D-905D-5B32F835720E}.Release|Mixed Platforms.ActiveCfg = Release|x86
		{E107BC63-DA29-404D-905D-5B32F835720E}.Release|Mixed Platforms.Build.0 = Release|x86
		{E107BC63-DA29-404D-905D-5B32F835720E}.Release|x86.ActiveCfg = Release|x86
		{E107BC63-DA29-404D-905D-5B32F835720E}.Release|x86.Build.0 = Release|x86
		{DED27937-EC78-4EA7-8A5A-41EF07A80507}.Debug|Any CPU.ActiveCfg = Debug|Any CPU
		{DED27937-EC78-4EA7-8A5A-41EF07A80507}.Debug|Any CPU.Build.0 = Debug|Any CPU
		{DED27937-EC78-4EA7-8A5A-41EF07A80507}.Debug|iPhone.ActiveCfg = Debug|Any CPU
		{DED27937-EC78-4EA7-8A5A-41EF07A80507}.Debug|iPhoneSimulator.ActiveCfg = Debug|Any CPU
		{DED27937-EC78-4EA7-8A5A-41EF07A80507}.Debug|Mixed Platforms.ActiveCfg = Debug|Any CPU
		{DED27937-EC78-4EA7-8A5A-41EF07A80507}.Debug|Mixed Platforms.Build.0 = Debug|Any CPU
		{DED27937-EC78-4EA7-8A5A-41EF07A80507}.Debug|x86.ActiveCfg = Debug|Any CPU
		{DED27937-EC78-4EA7-8A5A-41EF07A80507}.MONO|Any CPU.ActiveCfg = Release|Any CPU
		{DED27937-EC78-4EA7-8A5A-41EF07A80507}.MONO|Any CPU.Build.0 = Release|Any CPU
		{DED27937-EC78-4EA7-8A5A-41EF07A80507}.MONO|iPhone.ActiveCfg = Release|Any CPU
		{DED27937-EC78-4EA7-8A5A-41EF07A80507}.MONO|iPhoneSimulator.ActiveCfg = Release|Any CPU
		{DED27937-EC78-4EA7-8A5A-41EF07A80507}.MONO|Mixed Platforms.ActiveCfg = Release|Any CPU
		{DED27937-EC78-4EA7-8A5A-41EF07A80507}.MONO|Mixed Platforms.Build.0 = Release|Any CPU
		{DED27937-EC78-4EA7-8A5A-41EF07A80507}.MONO|x86.ActiveCfg = Release|Any CPU
		{DED27937-EC78-4EA7-8A5A-41EF07A80507}.PlublishWithSymbolsNoTestsNoAddin|Any CPU.ActiveCfg = Release|Any CPU
		{DED27937-EC78-4EA7-8A5A-41EF07A80507}.PlublishWithSymbolsNoTestsNoAddin|Any CPU.Build.0 = Release|Any CPU
		{DED27937-EC78-4EA7-8A5A-41EF07A80507}.PlublishWithSymbolsNoTestsNoAddin|iPhone.ActiveCfg = Release|Any CPU
		{DED27937-EC78-4EA7-8A5A-41EF07A80507}.PlublishWithSymbolsNoTestsNoAddin|iPhoneSimulator.ActiveCfg = Release|Any CPU
		{DED27937-EC78-4EA7-8A5A-41EF07A80507}.PlublishWithSymbolsNoTestsNoAddin|Mixed Platforms.ActiveCfg = Release|Any CPU
		{DED27937-EC78-4EA7-8A5A-41EF07A80507}.PlublishWithSymbolsNoTestsNoAddin|Mixed Platforms.Build.0 = Release|Any CPU
		{DED27937-EC78-4EA7-8A5A-41EF07A80507}.PlublishWithSymbolsNoTestsNoAddin|x86.ActiveCfg = Release|Any CPU
		{DED27937-EC78-4EA7-8A5A-41EF07A80507}.PublishWithSymbols|Any CPU.ActiveCfg = Release|Any CPU
		{DED27937-EC78-4EA7-8A5A-41EF07A80507}.PublishWithSymbols|Any CPU.Build.0 = Release|Any CPU
		{DED27937-EC78-4EA7-8A5A-41EF07A80507}.PublishWithSymbols|iPhone.ActiveCfg = Release|Any CPU
		{DED27937-EC78-4EA7-8A5A-41EF07A80507}.PublishWithSymbols|iPhoneSimulator.ActiveCfg = Release|Any CPU
		{DED27937-EC78-4EA7-8A5A-41EF07A80507}.PublishWithSymbols|Mixed Platforms.ActiveCfg = Release|Any CPU
		{DED27937-EC78-4EA7-8A5A-41EF07A80507}.PublishWithSymbols|x86.ActiveCfg = Release|Any CPU
		{DED27937-EC78-4EA7-8A5A-41EF07A80507}.Release|Any CPU.ActiveCfg = Release|Any CPU
		{DED27937-EC78-4EA7-8A5A-41EF07A80507}.Release|Any CPU.Build.0 = Release|Any CPU
		{DED27937-EC78-4EA7-8A5A-41EF07A80507}.Release|iPhone.ActiveCfg = Release|Any CPU
		{DED27937-EC78-4EA7-8A5A-41EF07A80507}.Release|iPhoneSimulator.ActiveCfg = Release|Any CPU
		{DED27937-EC78-4EA7-8A5A-41EF07A80507}.Release|Mixed Platforms.ActiveCfg = Release|Any CPU
		{DED27937-EC78-4EA7-8A5A-41EF07A80507}.Release|Mixed Platforms.Build.0 = Release|Any CPU
		{DED27937-EC78-4EA7-8A5A-41EF07A80507}.Release|x86.ActiveCfg = Release|Any CPU
		{FEE1249B-7A44-4728-AF81-A27D82B480B3}.Debug|Any CPU.ActiveCfg = Debug|Any CPU
		{FEE1249B-7A44-4728-AF81-A27D82B480B3}.Debug|Any CPU.Build.0 = Debug|Any CPU
		{FEE1249B-7A44-4728-AF81-A27D82B480B3}.Debug|iPhone.ActiveCfg = Debug|Any CPU
		{FEE1249B-7A44-4728-AF81-A27D82B480B3}.Debug|iPhoneSimulator.ActiveCfg = Debug|Any CPU
		{FEE1249B-7A44-4728-AF81-A27D82B480B3}.Debug|Mixed Platforms.ActiveCfg = Debug|Any CPU
		{FEE1249B-7A44-4728-AF81-A27D82B480B3}.Debug|Mixed Platforms.Build.0 = Debug|Any CPU
		{FEE1249B-7A44-4728-AF81-A27D82B480B3}.Debug|x86.ActiveCfg = Debug|Any CPU
		{FEE1249B-7A44-4728-AF81-A27D82B480B3}.MONO|Any CPU.ActiveCfg = Release|Any CPU
		{FEE1249B-7A44-4728-AF81-A27D82B480B3}.MONO|Any CPU.Build.0 = Release|Any CPU
		{FEE1249B-7A44-4728-AF81-A27D82B480B3}.MONO|iPhone.ActiveCfg = Release|Any CPU
		{FEE1249B-7A44-4728-AF81-A27D82B480B3}.MONO|iPhoneSimulator.ActiveCfg = Release|Any CPU
		{FEE1249B-7A44-4728-AF81-A27D82B480B3}.MONO|Mixed Platforms.ActiveCfg = Release|Any CPU
		{FEE1249B-7A44-4728-AF81-A27D82B480B3}.MONO|Mixed Platforms.Build.0 = Release|Any CPU
		{FEE1249B-7A44-4728-AF81-A27D82B480B3}.MONO|x86.ActiveCfg = Release|Any CPU
		{FEE1249B-7A44-4728-AF81-A27D82B480B3}.PlublishWithSymbolsNoTestsNoAddin|Any CPU.ActiveCfg = Release|Any CPU
		{FEE1249B-7A44-4728-AF81-A27D82B480B3}.PlublishWithSymbolsNoTestsNoAddin|Any CPU.Build.0 = Release|Any CPU
		{FEE1249B-7A44-4728-AF81-A27D82B480B3}.PlublishWithSymbolsNoTestsNoAddin|iPhone.ActiveCfg = Release|Any CPU
		{FEE1249B-7A44-4728-AF81-A27D82B480B3}.PlublishWithSymbolsNoTestsNoAddin|iPhoneSimulator.ActiveCfg = Release|Any CPU
		{FEE1249B-7A44-4728-AF81-A27D82B480B3}.PlublishWithSymbolsNoTestsNoAddin|Mixed Platforms.ActiveCfg = Release|Any CPU
		{FEE1249B-7A44-4728-AF81-A27D82B480B3}.PlublishWithSymbolsNoTestsNoAddin|Mixed Platforms.Build.0 = Release|Any CPU
		{FEE1249B-7A44-4728-AF81-A27D82B480B3}.PlublishWithSymbolsNoTestsNoAddin|x86.ActiveCfg = Release|Any CPU
		{FEE1249B-7A44-4728-AF81-A27D82B480B3}.PublishWithSymbols|Any CPU.ActiveCfg = Release|Any CPU
		{FEE1249B-7A44-4728-AF81-A27D82B480B3}.PublishWithSymbols|Any CPU.Build.0 = Release|Any CPU
		{FEE1249B-7A44-4728-AF81-A27D82B480B3}.PublishWithSymbols|iPhone.ActiveCfg = Release|Any CPU
		{FEE1249B-7A44-4728-AF81-A27D82B480B3}.PublishWithSymbols|iPhoneSimulator.ActiveCfg = Release|Any CPU
		{FEE1249B-7A44-4728-AF81-A27D82B480B3}.PublishWithSymbols|Mixed Platforms.ActiveCfg = Release|Any CPU
		{FEE1249B-7A44-4728-AF81-A27D82B480B3}.PublishWithSymbols|Mixed Platforms.Build.0 = Release|Any CPU
		{FEE1249B-7A44-4728-AF81-A27D82B480B3}.PublishWithSymbols|x86.ActiveCfg = Release|Any CPU
		{FEE1249B-7A44-4728-AF81-A27D82B480B3}.Release|Any CPU.ActiveCfg = Release|Any CPU
		{FEE1249B-7A44-4728-AF81-A27D82B480B3}.Release|Any CPU.Build.0 = Release|Any CPU
		{FEE1249B-7A44-4728-AF81-A27D82B480B3}.Release|iPhone.ActiveCfg = Release|Any CPU
		{FEE1249B-7A44-4728-AF81-A27D82B480B3}.Release|iPhoneSimulator.ActiveCfg = Release|Any CPU
		{FEE1249B-7A44-4728-AF81-A27D82B480B3}.Release|Mixed Platforms.ActiveCfg = Release|Any CPU
		{FEE1249B-7A44-4728-AF81-A27D82B480B3}.Release|Mixed Platforms.Build.0 = Release|Any CPU
		{FEE1249B-7A44-4728-AF81-A27D82B480B3}.Release|x86.ActiveCfg = Release|Any CPU
		{6E738CC6-5B6F-4D8A-988A-4A66A2D74BF2}.Debug|Any CPU.ActiveCfg = Debug|Any CPU
		{6E738CC6-5B6F-4D8A-988A-4A66A2D74BF2}.Debug|Any CPU.Build.0 = Debug|Any CPU
		{6E738CC6-5B6F-4D8A-988A-4A66A2D74BF2}.Debug|iPhone.ActiveCfg = Debug|Any CPU
		{6E738CC6-5B6F-4D8A-988A-4A66A2D74BF2}.Debug|iPhoneSimulator.ActiveCfg = Debug|Any CPU
		{6E738CC6-5B6F-4D8A-988A-4A66A2D74BF2}.Debug|Mixed Platforms.ActiveCfg = Debug|Any CPU
		{6E738CC6-5B6F-4D8A-988A-4A66A2D74BF2}.Debug|Mixed Platforms.Build.0 = Debug|Any CPU
		{6E738CC6-5B6F-4D8A-988A-4A66A2D74BF2}.Debug|x86.ActiveCfg = Debug|Any CPU
		{6E738CC6-5B6F-4D8A-988A-4A66A2D74BF2}.MONO|Any CPU.ActiveCfg = Release|Any CPU
		{6E738CC6-5B6F-4D8A-988A-4A66A2D74BF2}.MONO|Any CPU.Build.0 = Release|Any CPU
		{6E738CC6-5B6F-4D8A-988A-4A66A2D74BF2}.MONO|iPhone.ActiveCfg = Release|Any CPU
		{6E738CC6-5B6F-4D8A-988A-4A66A2D74BF2}.MONO|iPhoneSimulator.ActiveCfg = Release|Any CPU
		{6E738CC6-5B6F-4D8A-988A-4A66A2D74BF2}.MONO|Mixed Platforms.ActiveCfg = Release|Any CPU
		{6E738CC6-5B6F-4D8A-988A-4A66A2D74BF2}.MONO|Mixed Platforms.Build.0 = Release|Any CPU
		{6E738CC6-5B6F-4D8A-988A-4A66A2D74BF2}.MONO|x86.ActiveCfg = Release|Any CPU
		{6E738CC6-5B6F-4D8A-988A-4A66A2D74BF2}.PlublishWithSymbolsNoTestsNoAddin|Any CPU.ActiveCfg = Release|Any CPU
		{6E738CC6-5B6F-4D8A-988A-4A66A2D74BF2}.PlublishWithSymbolsNoTestsNoAddin|Any CPU.Build.0 = Release|Any CPU
		{6E738CC6-5B6F-4D8A-988A-4A66A2D74BF2}.PlublishWithSymbolsNoTestsNoAddin|iPhone.ActiveCfg = Release|Any CPU
		{6E738CC6-5B6F-4D8A-988A-4A66A2D74BF2}.PlublishWithSymbolsNoTestsNoAddin|iPhoneSimulator.ActiveCfg = Release|Any CPU
		{6E738CC6-5B6F-4D8A-988A-4A66A2D74BF2}.PlublishWithSymbolsNoTestsNoAddin|Mixed Platforms.ActiveCfg = Release|Any CPU
		{6E738CC6-5B6F-4D8A-988A-4A66A2D74BF2}.PlublishWithSymbolsNoTestsNoAddin|Mixed Platforms.Build.0 = Release|Any CPU
		{6E738CC6-5B6F-4D8A-988A-4A66A2D74BF2}.PlublishWithSymbolsNoTestsNoAddin|x86.ActiveCfg = Release|Any CPU
		{6E738CC6-5B6F-4D8A-988A-4A66A2D74BF2}.PublishWithSymbols|Any CPU.ActiveCfg = Release|Any CPU
		{6E738CC6-5B6F-4D8A-988A-4A66A2D74BF2}.PublishWithSymbols|Any CPU.Build.0 = Release|Any CPU
		{6E738CC6-5B6F-4D8A-988A-4A66A2D74BF2}.PublishWithSymbols|iPhone.ActiveCfg = Release|Any CPU
		{6E738CC6-5B6F-4D8A-988A-4A66A2D74BF2}.PublishWithSymbols|iPhoneSimulator.ActiveCfg = Release|Any CPU
		{6E738CC6-5B6F-4D8A-988A-4A66A2D74BF2}.PublishWithSymbols|Mixed Platforms.ActiveCfg = Release|Any CPU
		{6E738CC6-5B6F-4D8A-988A-4A66A2D74BF2}.PublishWithSymbols|Mixed Platforms.Build.0 = Release|Any CPU
		{6E738CC6-5B6F-4D8A-988A-4A66A2D74BF2}.PublishWithSymbols|x86.ActiveCfg = Release|Any CPU
		{6E738CC6-5B6F-4D8A-988A-4A66A2D74BF2}.Release|Any CPU.ActiveCfg = Release|Any CPU
		{6E738CC6-5B6F-4D8A-988A-4A66A2D74BF2}.Release|Any CPU.Build.0 = Release|Any CPU
		{6E738CC6-5B6F-4D8A-988A-4A66A2D74BF2}.Release|iPhone.ActiveCfg = Release|Any CPU
		{6E738CC6-5B6F-4D8A-988A-4A66A2D74BF2}.Release|iPhoneSimulator.ActiveCfg = Release|Any CPU
		{6E738CC6-5B6F-4D8A-988A-4A66A2D74BF2}.Release|Mixed Platforms.ActiveCfg = Release|Any CPU
		{6E738CC6-5B6F-4D8A-988A-4A66A2D74BF2}.Release|Mixed Platforms.Build.0 = Release|Any CPU
		{6E738CC6-5B6F-4D8A-988A-4A66A2D74BF2}.Release|x86.ActiveCfg = Release|Any CPU
		{E8458408-1810-46AF-81AF-2717C7BBB688}.Debug|Any CPU.ActiveCfg = Debug|Any CPU
		{E8458408-1810-46AF-81AF-2717C7BBB688}.Debug|Any CPU.Build.0 = Debug|Any CPU
		{E8458408-1810-46AF-81AF-2717C7BBB688}.Debug|iPhone.ActiveCfg = Debug|Any CPU
		{E8458408-1810-46AF-81AF-2717C7BBB688}.Debug|iPhoneSimulator.ActiveCfg = Debug|Any CPU
		{E8458408-1810-46AF-81AF-2717C7BBB688}.Debug|Mixed Platforms.ActiveCfg = Debug|Any CPU
		{E8458408-1810-46AF-81AF-2717C7BBB688}.Debug|Mixed Platforms.Build.0 = Debug|Any CPU
		{E8458408-1810-46AF-81AF-2717C7BBB688}.Debug|x86.ActiveCfg = Debug|Any CPU
		{E8458408-1810-46AF-81AF-2717C7BBB688}.MONO|Any CPU.ActiveCfg = Release|Any CPU
		{E8458408-1810-46AF-81AF-2717C7BBB688}.MONO|Any CPU.Build.0 = Release|Any CPU
		{E8458408-1810-46AF-81AF-2717C7BBB688}.MONO|iPhone.ActiveCfg = Release|Any CPU
		{E8458408-1810-46AF-81AF-2717C7BBB688}.MONO|iPhoneSimulator.ActiveCfg = Release|Any CPU
		{E8458408-1810-46AF-81AF-2717C7BBB688}.MONO|Mixed Platforms.ActiveCfg = Release|Any CPU
		{E8458408-1810-46AF-81AF-2717C7BBB688}.MONO|Mixed Platforms.Build.0 = Release|Any CPU
		{E8458408-1810-46AF-81AF-2717C7BBB688}.MONO|x86.ActiveCfg = Release|Any CPU
		{E8458408-1810-46AF-81AF-2717C7BBB688}.PlublishWithSymbolsNoTestsNoAddin|Any CPU.ActiveCfg = Release|Any CPU
		{E8458408-1810-46AF-81AF-2717C7BBB688}.PlublishWithSymbolsNoTestsNoAddin|Any CPU.Build.0 = Release|Any CPU
		{E8458408-1810-46AF-81AF-2717C7BBB688}.PlublishWithSymbolsNoTestsNoAddin|iPhone.ActiveCfg = Release|Any CPU
		{E8458408-1810-46AF-81AF-2717C7BBB688}.PlublishWithSymbolsNoTestsNoAddin|iPhoneSimulator.ActiveCfg = Release|Any CPU
		{E8458408-1810-46AF-81AF-2717C7BBB688}.PlublishWithSymbolsNoTestsNoAddin|Mixed Platforms.ActiveCfg = Release|Any CPU
		{E8458408-1810-46AF-81AF-2717C7BBB688}.PlublishWithSymbolsNoTestsNoAddin|Mixed Platforms.Build.0 = Release|Any CPU
		{E8458408-1810-46AF-81AF-2717C7BBB688}.PlublishWithSymbolsNoTestsNoAddin|x86.ActiveCfg = Release|Any CPU
		{E8458408-1810-46AF-81AF-2717C7BBB688}.PublishWithSymbols|Any CPU.ActiveCfg = Release|Any CPU
		{E8458408-1810-46AF-81AF-2717C7BBB688}.PublishWithSymbols|Any CPU.Build.0 = Release|Any CPU
		{E8458408-1810-46AF-81AF-2717C7BBB688}.PublishWithSymbols|iPhone.ActiveCfg = Release|Any CPU
		{E8458408-1810-46AF-81AF-2717C7BBB688}.PublishWithSymbols|iPhoneSimulator.ActiveCfg = Release|Any CPU
		{E8458408-1810-46AF-81AF-2717C7BBB688}.PublishWithSymbols|Mixed Platforms.ActiveCfg = Release|Any CPU
		{E8458408-1810-46AF-81AF-2717C7BBB688}.PublishWithSymbols|Mixed Platforms.Build.0 = Release|Any CPU
		{E8458408-1810-46AF-81AF-2717C7BBB688}.PublishWithSymbols|x86.ActiveCfg = Release|Any CPU
		{E8458408-1810-46AF-81AF-2717C7BBB688}.Release|Any CPU.ActiveCfg = Release|Any CPU
		{E8458408-1810-46AF-81AF-2717C7BBB688}.Release|Any CPU.Build.0 = Release|Any CPU
		{E8458408-1810-46AF-81AF-2717C7BBB688}.Release|iPhone.ActiveCfg = Release|Any CPU
		{E8458408-1810-46AF-81AF-2717C7BBB688}.Release|iPhoneSimulator.ActiveCfg = Release|Any CPU
		{E8458408-1810-46AF-81AF-2717C7BBB688}.Release|Mixed Platforms.ActiveCfg = Release|Any CPU
		{E8458408-1810-46AF-81AF-2717C7BBB688}.Release|Mixed Platforms.Build.0 = Release|Any CPU
		{E8458408-1810-46AF-81AF-2717C7BBB688}.Release|x86.ActiveCfg = Release|Any CPU
		{25DA4FBC-FEE3-4216-A42D-2C02C25A7942}.Debug|Any CPU.ActiveCfg = Debug|Any CPU
		{25DA4FBC-FEE3-4216-A42D-2C02C25A7942}.Debug|Any CPU.Build.0 = Debug|Any CPU
		{25DA4FBC-FEE3-4216-A42D-2C02C25A7942}.Debug|iPhone.ActiveCfg = Debug|Any CPU
		{25DA4FBC-FEE3-4216-A42D-2C02C25A7942}.Debug|iPhoneSimulator.ActiveCfg = Debug|Any CPU
		{25DA4FBC-FEE3-4216-A42D-2C02C25A7942}.Debug|Mixed Platforms.ActiveCfg = Debug|Any CPU
		{25DA4FBC-FEE3-4216-A42D-2C02C25A7942}.Debug|Mixed Platforms.Build.0 = Debug|Any CPU
		{25DA4FBC-FEE3-4216-A42D-2C02C25A7942}.Debug|x86.ActiveCfg = Debug|Any CPU
		{25DA4FBC-FEE3-4216-A42D-2C02C25A7942}.MONO|Any CPU.ActiveCfg = Release|Any CPU
		{25DA4FBC-FEE3-4216-A42D-2C02C25A7942}.MONO|Any CPU.Build.0 = Release|Any CPU
		{25DA4FBC-FEE3-4216-A42D-2C02C25A7942}.MONO|iPhone.ActiveCfg = Release|Any CPU
		{25DA4FBC-FEE3-4216-A42D-2C02C25A7942}.MONO|iPhoneSimulator.ActiveCfg = Release|Any CPU
		{25DA4FBC-FEE3-4216-A42D-2C02C25A7942}.MONO|Mixed Platforms.ActiveCfg = Release|Any CPU
		{25DA4FBC-FEE3-4216-A42D-2C02C25A7942}.MONO|Mixed Platforms.Build.0 = Release|Any CPU
		{25DA4FBC-FEE3-4216-A42D-2C02C25A7942}.MONO|x86.ActiveCfg = Release|Any CPU
		{25DA4FBC-FEE3-4216-A42D-2C02C25A7942}.PlublishWithSymbolsNoTestsNoAddin|Any CPU.ActiveCfg = Release|Any CPU
		{25DA4FBC-FEE3-4216-A42D-2C02C25A7942}.PlublishWithSymbolsNoTestsNoAddin|Any CPU.Build.0 = Release|Any CPU
		{25DA4FBC-FEE3-4216-A42D-2C02C25A7942}.PlublishWithSymbolsNoTestsNoAddin|iPhone.ActiveCfg = Release|Any CPU
		{25DA4FBC-FEE3-4216-A42D-2C02C25A7942}.PlublishWithSymbolsNoTestsNoAddin|iPhoneSimulator.ActiveCfg = Release|Any CPU
		{25DA4FBC-FEE3-4216-A42D-2C02C25A7942}.PlublishWithSymbolsNoTestsNoAddin|Mixed Platforms.ActiveCfg = Release|Any CPU
		{25DA4FBC-FEE3-4216-A42D-2C02C25A7942}.PlublishWithSymbolsNoTestsNoAddin|Mixed Platforms.Build.0 = Release|Any CPU
		{25DA4FBC-FEE3-4216-A42D-2C02C25A7942}.PlublishWithSymbolsNoTestsNoAddin|x86.ActiveCfg = Release|Any CPU
		{25DA4FBC-FEE3-4216-A42D-2C02C25A7942}.PublishWithSymbols|Any CPU.ActiveCfg = Release|Any CPU
		{25DA4FBC-FEE3-4216-A42D-2C02C25A7942}.PublishWithSymbols|Any CPU.Build.0 = Release|Any CPU
		{25DA4FBC-FEE3-4216-A42D-2C02C25A7942}.PublishWithSymbols|iPhone.ActiveCfg = Release|Any CPU
		{25DA4FBC-FEE3-4216-A42D-2C02C25A7942}.PublishWithSymbols|iPhoneSimulator.ActiveCfg = Release|Any CPU
		{25DA4FBC-FEE3-4216-A42D-2C02C25A7942}.PublishWithSymbols|Mixed Platforms.ActiveCfg = Release|Any CPU
		{25DA4FBC-FEE3-4216-A42D-2C02C25A7942}.PublishWithSymbols|Mixed Platforms.Build.0 = Release|Any CPU
		{25DA4FBC-FEE3-4216-A42D-2C02C25A7942}.PublishWithSymbols|x86.ActiveCfg = Release|Any CPU
		{25DA4FBC-FEE3-4216-A42D-2C02C25A7942}.Release|Any CPU.ActiveCfg = Release|Any CPU
		{25DA4FBC-FEE3-4216-A42D-2C02C25A7942}.Release|Any CPU.Build.0 = Release|Any CPU
		{25DA4FBC-FEE3-4216-A42D-2C02C25A7942}.Release|iPhone.ActiveCfg = Release|Any CPU
		{25DA4FBC-FEE3-4216-A42D-2C02C25A7942}.Release|iPhoneSimulator.ActiveCfg = Release|Any CPU
		{25DA4FBC-FEE3-4216-A42D-2C02C25A7942}.Release|Mixed Platforms.ActiveCfg = Release|Any CPU
		{25DA4FBC-FEE3-4216-A42D-2C02C25A7942}.Release|Mixed Platforms.Build.0 = Release|Any CPU
		{25DA4FBC-FEE3-4216-A42D-2C02C25A7942}.Release|x86.ActiveCfg = Release|Any CPU
		{33E33E37-E287-4ABA-8A1B-77E330FBB272}.Debug|Any CPU.ActiveCfg = Debug|Any CPU
		{33E33E37-E287-4ABA-8A1B-77E330FBB272}.Debug|Any CPU.Build.0 = Debug|Any CPU
		{33E33E37-E287-4ABA-8A1B-77E330FBB272}.Debug|iPhone.ActiveCfg = Debug|Any CPU
		{33E33E37-E287-4ABA-8A1B-77E330FBB272}.Debug|iPhoneSimulator.ActiveCfg = Debug|Any CPU
		{33E33E37-E287-4ABA-8A1B-77E330FBB272}.Debug|Mixed Platforms.ActiveCfg = Debug|Any CPU
		{33E33E37-E287-4ABA-8A1B-77E330FBB272}.Debug|Mixed Platforms.Build.0 = Debug|Any CPU
		{33E33E37-E287-4ABA-8A1B-77E330FBB272}.Debug|x86.ActiveCfg = Debug|Any CPU
		{33E33E37-E287-4ABA-8A1B-77E330FBB272}.MONO|Any CPU.ActiveCfg = Release|Any CPU
		{33E33E37-E287-4ABA-8A1B-77E330FBB272}.MONO|Any CPU.Build.0 = Release|Any CPU
		{33E33E37-E287-4ABA-8A1B-77E330FBB272}.MONO|iPhone.ActiveCfg = Release|Any CPU
		{33E33E37-E287-4ABA-8A1B-77E330FBB272}.MONO|iPhoneSimulator.ActiveCfg = Release|Any CPU
		{33E33E37-E287-4ABA-8A1B-77E330FBB272}.MONO|Mixed Platforms.ActiveCfg = Release|Any CPU
		{33E33E37-E287-4ABA-8A1B-77E330FBB272}.MONO|Mixed Platforms.Build.0 = Release|Any CPU
		{33E33E37-E287-4ABA-8A1B-77E330FBB272}.MONO|x86.ActiveCfg = Release|Any CPU
		{33E33E37-E287-4ABA-8A1B-77E330FBB272}.PlublishWithSymbolsNoTestsNoAddin|Any CPU.ActiveCfg = Release|Any CPU
		{33E33E37-E287-4ABA-8A1B-77E330FBB272}.PlublishWithSymbolsNoTestsNoAddin|Any CPU.Build.0 = Release|Any CPU
		{33E33E37-E287-4ABA-8A1B-77E330FBB272}.PlublishWithSymbolsNoTestsNoAddin|iPhone.ActiveCfg = Release|Any CPU
		{33E33E37-E287-4ABA-8A1B-77E330FBB272}.PlublishWithSymbolsNoTestsNoAddin|iPhoneSimulator.ActiveCfg = Release|Any CPU
		{33E33E37-E287-4ABA-8A1B-77E330FBB272}.PlublishWithSymbolsNoTestsNoAddin|Mixed Platforms.ActiveCfg = Release|Any CPU
		{33E33E37-E287-4ABA-8A1B-77E330FBB272}.PlublishWithSymbolsNoTestsNoAddin|Mixed Platforms.Build.0 = Release|Any CPU
		{33E33E37-E287-4ABA-8A1B-77E330FBB272}.PlublishWithSymbolsNoTestsNoAddin|x86.ActiveCfg = Release|Any CPU
		{33E33E37-E287-4ABA-8A1B-77E330FBB272}.PublishWithSymbols|Any CPU.ActiveCfg = Release|Any CPU
		{33E33E37-E287-4ABA-8A1B-77E330FBB272}.PublishWithSymbols|Any CPU.Build.0 = Release|Any CPU
		{33E33E37-E287-4ABA-8A1B-77E330FBB272}.PublishWithSymbols|iPhone.ActiveCfg = Release|Any CPU
		{33E33E37-E287-4ABA-8A1B-77E330FBB272}.PublishWithSymbols|iPhoneSimulator.ActiveCfg = Release|Any CPU
		{33E33E37-E287-4ABA-8A1B-77E330FBB272}.PublishWithSymbols|Mixed Platforms.ActiveCfg = Release|Any CPU
		{33E33E37-E287-4ABA-8A1B-77E330FBB272}.PublishWithSymbols|Mixed Platforms.Build.0 = Release|Any CPU
		{33E33E37-E287-4ABA-8A1B-77E330FBB272}.PublishWithSymbols|x86.ActiveCfg = Release|Any CPU
		{33E33E37-E287-4ABA-8A1B-77E330FBB272}.Release|Any CPU.ActiveCfg = Release|Any CPU
		{33E33E37-E287-4ABA-8A1B-77E330FBB272}.Release|Any CPU.Build.0 = Release|Any CPU
		{33E33E37-E287-4ABA-8A1B-77E330FBB272}.Release|iPhone.ActiveCfg = Release|Any CPU
		{33E33E37-E287-4ABA-8A1B-77E330FBB272}.Release|iPhoneSimulator.ActiveCfg = Release|Any CPU
		{33E33E37-E287-4ABA-8A1B-77E330FBB272}.Release|Mixed Platforms.ActiveCfg = Release|Any CPU
		{33E33E37-E287-4ABA-8A1B-77E330FBB272}.Release|Mixed Platforms.Build.0 = Release|Any CPU
		{33E33E37-E287-4ABA-8A1B-77E330FBB272}.Release|x86.ActiveCfg = Release|Any CPU
		{5D603DD5-907D-46FB-85CE-ECD05FFB76ED}.Debug|Any CPU.ActiveCfg = Debug|Any CPU
		{5D603DD5-907D-46FB-85CE-ECD05FFB76ED}.Debug|Any CPU.Build.0 = Debug|Any CPU
		{5D603DD5-907D-46FB-85CE-ECD05FFB76ED}.Debug|iPhone.ActiveCfg = Debug|Any CPU
		{5D603DD5-907D-46FB-85CE-ECD05FFB76ED}.Debug|iPhoneSimulator.ActiveCfg = Debug|Any CPU
		{5D603DD5-907D-46FB-85CE-ECD05FFB76ED}.Debug|Mixed Platforms.ActiveCfg = Debug|Any CPU
		{5D603DD5-907D-46FB-85CE-ECD05FFB76ED}.Debug|Mixed Platforms.Build.0 = Debug|Any CPU
		{5D603DD5-907D-46FB-85CE-ECD05FFB76ED}.Debug|x86.ActiveCfg = Debug|Any CPU
		{5D603DD5-907D-46FB-85CE-ECD05FFB76ED}.MONO|Any CPU.ActiveCfg = Release|Any CPU
		{5D603DD5-907D-46FB-85CE-ECD05FFB76ED}.MONO|Any CPU.Build.0 = Release|Any CPU
		{5D603DD5-907D-46FB-85CE-ECD05FFB76ED}.MONO|iPhone.ActiveCfg = Release|Any CPU
		{5D603DD5-907D-46FB-85CE-ECD05FFB76ED}.MONO|iPhoneSimulator.ActiveCfg = Release|Any CPU
		{5D603DD5-907D-46FB-85CE-ECD05FFB76ED}.MONO|Mixed Platforms.ActiveCfg = Release|Any CPU
		{5D603DD5-907D-46FB-85CE-ECD05FFB76ED}.MONO|Mixed Platforms.Build.0 = Release|Any CPU
		{5D603DD5-907D-46FB-85CE-ECD05FFB76ED}.MONO|x86.ActiveCfg = Release|Any CPU
		{5D603DD5-907D-46FB-85CE-ECD05FFB76ED}.PlublishWithSymbolsNoTestsNoAddin|Any CPU.ActiveCfg = Release|Any CPU
		{5D603DD5-907D-46FB-85CE-ECD05FFB76ED}.PlublishWithSymbolsNoTestsNoAddin|Any CPU.Build.0 = Release|Any CPU
		{5D603DD5-907D-46FB-85CE-ECD05FFB76ED}.PlublishWithSymbolsNoTestsNoAddin|iPhone.ActiveCfg = Release|Any CPU
		{5D603DD5-907D-46FB-85CE-ECD05FFB76ED}.PlublishWithSymbolsNoTestsNoAddin|iPhoneSimulator.ActiveCfg = Release|Any CPU
		{5D603DD5-907D-46FB-85CE-ECD05FFB76ED}.PlublishWithSymbolsNoTestsNoAddin|Mixed Platforms.ActiveCfg = Release|Any CPU
		{5D603DD5-907D-46FB-85CE-ECD05FFB76ED}.PlublishWithSymbolsNoTestsNoAddin|Mixed Platforms.Build.0 = Release|Any CPU
		{5D603DD5-907D-46FB-85CE-ECD05FFB76ED}.PlublishWithSymbolsNoTestsNoAddin|x86.ActiveCfg = Release|Any CPU
		{5D603DD5-907D-46FB-85CE-ECD05FFB76ED}.PublishWithSymbols|Any CPU.ActiveCfg = Release|Any CPU
		{5D603DD5-907D-46FB-85CE-ECD05FFB76ED}.PublishWithSymbols|Any CPU.Build.0 = Release|Any CPU
		{5D603DD5-907D-46FB-85CE-ECD05FFB76ED}.PublishWithSymbols|iPhone.ActiveCfg = Release|Any CPU
		{5D603DD5-907D-46FB-85CE-ECD05FFB76ED}.PublishWithSymbols|iPhoneSimulator.ActiveCfg = Release|Any CPU
		{5D603DD5-907D-46FB-85CE-ECD05FFB76ED}.PublishWithSymbols|Mixed Platforms.ActiveCfg = Release|Any CPU
		{5D603DD5-907D-46FB-85CE-ECD05FFB76ED}.PublishWithSymbols|Mixed Platforms.Build.0 = Release|Any CPU
		{5D603DD5-907D-46FB-85CE-ECD05FFB76ED}.PublishWithSymbols|x86.ActiveCfg = Release|Any CPU
		{5D603DD5-907D-46FB-85CE-ECD05FFB76ED}.Release|Any CPU.ActiveCfg = Release|Any CPU
		{5D603DD5-907D-46FB-85CE-ECD05FFB76ED}.Release|Any CPU.Build.0 = Release|Any CPU
		{5D603DD5-907D-46FB-85CE-ECD05FFB76ED}.Release|iPhone.ActiveCfg = Release|Any CPU
		{5D603DD5-907D-46FB-85CE-ECD05FFB76ED}.Release|iPhoneSimulator.ActiveCfg = Release|Any CPU
		{5D603DD5-907D-46FB-85CE-ECD05FFB76ED}.Release|Mixed Platforms.ActiveCfg = Release|Any CPU
		{5D603DD5-907D-46FB-85CE-ECD05FFB76ED}.Release|Mixed Platforms.Build.0 = Release|Any CPU
		{5D603DD5-907D-46FB-85CE-ECD05FFB76ED}.Release|x86.ActiveCfg = Release|Any CPU
		{57139405-3A84-4D2A-B540-89FDCC61EA9F}.Debug|Any CPU.ActiveCfg = Debug|Any CPU
		{57139405-3A84-4D2A-B540-89FDCC61EA9F}.Debug|Any CPU.Build.0 = Debug|Any CPU
		{57139405-3A84-4D2A-B540-89FDCC61EA9F}.Debug|iPhone.ActiveCfg = Debug|Any CPU
		{57139405-3A84-4D2A-B540-89FDCC61EA9F}.Debug|iPhoneSimulator.ActiveCfg = Debug|Any CPU
		{57139405-3A84-4D2A-B540-89FDCC61EA9F}.Debug|Mixed Platforms.ActiveCfg = Debug|Any CPU
		{57139405-3A84-4D2A-B540-89FDCC61EA9F}.Debug|Mixed Platforms.Build.0 = Debug|Any CPU
		{57139405-3A84-4D2A-B540-89FDCC61EA9F}.Debug|x86.ActiveCfg = Debug|Any CPU
		{57139405-3A84-4D2A-B540-89FDCC61EA9F}.MONO|Any CPU.ActiveCfg = Release|Any CPU
		{57139405-3A84-4D2A-B540-89FDCC61EA9F}.MONO|Any CPU.Build.0 = Release|Any CPU
		{57139405-3A84-4D2A-B540-89FDCC61EA9F}.MONO|iPhone.ActiveCfg = Release|Any CPU
		{57139405-3A84-4D2A-B540-89FDCC61EA9F}.MONO|iPhoneSimulator.ActiveCfg = Release|Any CPU
		{57139405-3A84-4D2A-B540-89FDCC61EA9F}.MONO|Mixed Platforms.ActiveCfg = Release|Any CPU
		{57139405-3A84-4D2A-B540-89FDCC61EA9F}.MONO|Mixed Platforms.Build.0 = Release|Any CPU
		{57139405-3A84-4D2A-B540-89FDCC61EA9F}.MONO|x86.ActiveCfg = Release|Any CPU
		{57139405-3A84-4D2A-B540-89FDCC61EA9F}.PlublishWithSymbolsNoTestsNoAddin|Any CPU.ActiveCfg = Release|Any CPU
		{57139405-3A84-4D2A-B540-89FDCC61EA9F}.PlublishWithSymbolsNoTestsNoAddin|Any CPU.Build.0 = Release|Any CPU
		{57139405-3A84-4D2A-B540-89FDCC61EA9F}.PlublishWithSymbolsNoTestsNoAddin|iPhone.ActiveCfg = Release|Any CPU
		{57139405-3A84-4D2A-B540-89FDCC61EA9F}.PlublishWithSymbolsNoTestsNoAddin|iPhoneSimulator.ActiveCfg = Release|Any CPU
		{57139405-3A84-4D2A-B540-89FDCC61EA9F}.PlublishWithSymbolsNoTestsNoAddin|Mixed Platforms.ActiveCfg = Release|Any CPU
		{57139405-3A84-4D2A-B540-89FDCC61EA9F}.PlublishWithSymbolsNoTestsNoAddin|Mixed Platforms.Build.0 = Release|Any CPU
		{57139405-3A84-4D2A-B540-89FDCC61EA9F}.PlublishWithSymbolsNoTestsNoAddin|x86.ActiveCfg = Release|Any CPU
		{57139405-3A84-4D2A-B540-89FDCC61EA9F}.PublishWithSymbols|Any CPU.ActiveCfg = Release|Any CPU
		{57139405-3A84-4D2A-B540-89FDCC61EA9F}.PublishWithSymbols|Any CPU.Build.0 = Release|Any CPU
		{57139405-3A84-4D2A-B540-89FDCC61EA9F}.PublishWithSymbols|iPhone.ActiveCfg = Release|Any CPU
		{57139405-3A84-4D2A-B540-89FDCC61EA9F}.PublishWithSymbols|iPhoneSimulator.ActiveCfg = Release|Any CPU
		{57139405-3A84-4D2A-B540-89FDCC61EA9F}.PublishWithSymbols|Mixed Platforms.ActiveCfg = Release|Any CPU
		{57139405-3A84-4D2A-B540-89FDCC61EA9F}.PublishWithSymbols|Mixed Platforms.Build.0 = Release|Any CPU
		{57139405-3A84-4D2A-B540-89FDCC61EA9F}.PublishWithSymbols|x86.ActiveCfg = Release|Any CPU
		{57139405-3A84-4D2A-B540-89FDCC61EA9F}.Release|Any CPU.ActiveCfg = Release|Any CPU
		{57139405-3A84-4D2A-B540-89FDCC61EA9F}.Release|Any CPU.Build.0 = Release|Any CPU
		{57139405-3A84-4D2A-B540-89FDCC61EA9F}.Release|iPhone.ActiveCfg = Release|Any CPU
		{57139405-3A84-4D2A-B540-89FDCC61EA9F}.Release|iPhoneSimulator.ActiveCfg = Release|Any CPU
		{57139405-3A84-4D2A-B540-89FDCC61EA9F}.Release|Mixed Platforms.ActiveCfg = Release|Any CPU
		{57139405-3A84-4D2A-B540-89FDCC61EA9F}.Release|Mixed Platforms.Build.0 = Release|Any CPU
		{57139405-3A84-4D2A-B540-89FDCC61EA9F}.Release|x86.ActiveCfg = Release|Any CPU
	EndGlobalSection
	GlobalSection(SolutionProperties) = preSolution
		HideSolutionNode = FALSE
	EndGlobalSection
	GlobalSection(NestedProjects) = preSolution
		{A31F417E-791C-4374-B6D3-785B6C24A133} = {FD531B3D-9779-4DAF-BCE8-FF3D45FEAF3C}
		{816B0F31-AC67-4646-A26B-C0D519D65ED6} = {FD531B3D-9779-4DAF-BCE8-FF3D45FEAF3C}
		{BC486641-E761-48CE-B9A4-F4DBB9E3C6CD} = {FD531B3D-9779-4DAF-BCE8-FF3D45FEAF3C}
		{B78C7FC2-857C-4049-9A08-E1FFC8E44E2F} = {FD531B3D-9779-4DAF-BCE8-FF3D45FEAF3C}
		{F39DD494-29EF-4F9C-BA62-8DBC5BF25A36} = {FD531B3D-9779-4DAF-BCE8-FF3D45FEAF3C}
		{560C7F80-EA72-4099-AF70-878E6AA9D76D} = {FD531B3D-9779-4DAF-BCE8-FF3D45FEAF3C}
		{FEE1249B-7A44-4728-AF81-A27D82B480B3} = {FD531B3D-9779-4DAF-BCE8-FF3D45FEAF3C}
		{25DA4FBC-FEE3-4216-A42D-2C02C25A7942} = {FD531B3D-9779-4DAF-BCE8-FF3D45FEAF3C}
		{33E33E37-E287-4ABA-8A1B-77E330FBB272} = {FD531B3D-9779-4DAF-BCE8-FF3D45FEAF3C}
		{5D603DD5-907D-46FB-85CE-ECD05FFB76ED} = {FD531B3D-9779-4DAF-BCE8-FF3D45FEAF3C}
		{57139405-3A84-4D2A-B540-89FDCC61EA9F} = {FD531B3D-9779-4DAF-BCE8-FF3D45FEAF3C}
		{563BA308-B3A8-43C7-BEE7-1914A12ACB44} = {0AE48BF2-B10C-4535-9AAC-C400698CA662}
		{82DFA36E-87D4-4FFB-955F-E3E82D0F3A60} = {23A2FAA9-E51F-4479-BF2A-77E930A6A5BD}
		{E107BC63-DA29-404D-905D-5B32F835720E} = {23A2FAA9-E51F-4479-BF2A-77E930A6A5BD}
		{DED27937-EC78-4EA7-8A5A-41EF07A80507} = {0ADBFDE8-9053-4C2E-BD8A-E3650CE322E7}
	EndGlobalSection
	GlobalSection(ExtensibilityGlobals) = postSolution
		EnterpriseLibraryConfigurationToolBinariesPathV6 = packages\EnterpriseLibrary.TransientFaultHandling.6.0.1304.0\lib\portable-net45+win+wp8;packages\EnterpriseLibrary.TransientFaultHandling.Data.6.0.1304.1\lib\NET45
		EnterpriseLibraryConfigurationToolBinariesPath = packages\TransientFaultHandling.Core.5.1.1209.1\lib\NET4
	EndGlobalSection
	GlobalSection(MonoDevelopProperties) = preSolution
		StartupItem = DataAccess.SqlServer\DataAccess.SqlServer.csproj
	EndGlobalSection
EndGlobal
